<?xml version="1.0" encoding="utf-8"?>
<Project ToolsVersion="4.0" xmlns="http://schemas.microsoft.com/developer/msbuild/2003">
  <ItemGroup>
    <Filter Include="Source Files">
      <UniqueIdentifier>{d2a97047-4937-4f7a-ab2f-4485e03fd328}</UniqueIdentifier>
    </Filter>
    <Filter Include="Header Files">
      <UniqueIdentifier>{42f0fc98-34f6-4567-b3cf-de13e74a89ab}</UniqueIdentifier>
    </Filter>
    <Filter Include="Misc Files">
      <UniqueIdentifier>{b1798409-2031-413d-9df7-70b0202ddd98}</UniqueIdentifier>
    </Filter>
  </ItemGroup>
  <ItemGroup>
    <ClCompile Include="../../scripts/boost/libboost-qvm-dummy.cpp">
      <Filter>Source Files</Filter>
    </ClCompile>
  </ItemGroup>
  <ItemGroup>
    <Filter Include="Header Files\include">
      <UniqueIdentifier>{d2a97047-4937-4f7a-ab2f-4485e03f0002}</UniqueIdentifier>
    </Filter>
    <Filter Include="Header Files\include\boost">
      <UniqueIdentifier>{d2a97047-4937-4f7a-ab2f-4485e03f0001}</UniqueIdentifier>
    </Filter>
    <Filter Include="Header Files\include\boost\qvm">
      <UniqueIdentifier>{d2a97047-4937-4f7a-ab2f-4485e03f0003}</UniqueIdentifier>
    </Filter>
    <Filter Include="Header Files\include\boost\qvm\detail">
      <UniqueIdentifier>{d2a97047-4937-4f7a-ab2f-4485e03f0004}</UniqueIdentifier>
    </Filter>
    <Filter Include="Misc Files\doc">
      <UniqueIdentifier>{d2a97047-4937-4f7a-ab2f-4485e03f0005}</UniqueIdentifier>
    </Filter>
    <Filter Include="Misc Files\meta">
      <UniqueIdentifier>{d2a97047-4937-4f7a-ab2f-4485e03f0006}</UniqueIdentifier>
    </Filter>
    <Filter Include="Resource Files">
      <UniqueIdentifier>{d2a97047-4937-4f7a-ab2f-4485e03f0007}</UniqueIdentifier>
    </Filter>
    <Filter Include="Resource Files\doc">
      <UniqueIdentifier>{d2a97047-4937-4f7a-ab2f-4485e03f0008}</UniqueIdentifier>
    </Filter>
  </ItemGroup>
  <ItemGroup>
    <ClInclude Include="../../thirdparty/owemdjee/boost/libs/qvm/include/boost/qvm.hpp">
      <Filter>Header Files\include\boost</Filter>
    </ClInclude>
    <ClInclude Include="../../thirdparty/owemdjee/boost/libs/qvm/include/boost/qvm/all.hpp">
      <Filter>Header Files\include\boost\qvm</Filter>
    </ClInclude>
    <ClInclude Include="../../thirdparty/owemdjee/boost/libs/qvm/include/boost/qvm/assert.hpp">
      <Filter>Header Files\include\boost\qvm</Filter>
    </ClInclude>
    <ClInclude Include="../../thirdparty/owemdjee/boost/libs/qvm/include/boost/qvm/config.hpp">
      <Filter>Header Files\include\boost\qvm</Filter>
    </ClInclude>
    <ClInclude Include="../../thirdparty/owemdjee/boost/libs/qvm/include/boost/qvm/deduce_mat.hpp">
      <Filter>Header Files\include\boost\qvm</Filter>
    </ClInclude>
    <ClInclude Include="../../thirdparty/owemdjee/boost/libs/qvm/include/boost/qvm/deduce_quat.hpp">
      <Filter>Header Files\include\boost\qvm</Filter>
    </ClInclude>
    <ClInclude Include="../../thirdparty/owemdjee/boost/libs/qvm/include/boost/qvm/deduce_scalar.hpp">
      <Filter>Header Files\include\boost\qvm</Filter>
    </ClInclude>
    <ClInclude Include="../../thirdparty/owemdjee/boost/libs/qvm/include/boost/qvm/deduce_vec.hpp">
      <Filter>Header Files\include\boost\qvm</Filter>
    </ClInclude>
    <ClInclude Include="../../thirdparty/owemdjee/boost/libs/qvm/include/boost/qvm/detail/cofactor_impl.hpp">
      <Filter>Header Files\include\boost\qvm\detail</Filter>
    </ClInclude>
    <ClInclude Include="../../thirdparty/owemdjee/boost/libs/qvm/include/boost/qvm/detail/determinant_impl.hpp">
      <Filter>Header Files\include\boost\qvm\detail</Filter>
    </ClInclude>
    <ClInclude Include="../../thirdparty/owemdjee/boost/libs/qvm/include/boost/qvm/detail/mat_assign.hpp">
      <Filter>Header Files\include\boost\qvm\detail</Filter>
    </ClInclude>
    <ClInclude Include="../../thirdparty/owemdjee/boost/libs/qvm/include/boost/qvm/detail/quat_assign.hpp">
      <Filter>Header Files\include\boost\qvm\detail</Filter>
    </ClInclude>
    <ClInclude Include="../../thirdparty/owemdjee/boost/libs/qvm/include/boost/qvm/detail/remove_const.hpp">
      <Filter>Header Files\include\boost\qvm\detail</Filter>
    </ClInclude>
    <ClInclude Include="../../thirdparty/owemdjee/boost/libs/qvm/include/boost/qvm/detail/swizzle_traits.hpp">
      <Filter>Header Files\include\boost\qvm\detail</Filter>
    </ClInclude>
    <ClInclude Include="../../thirdparty/owemdjee/boost/libs/qvm/include/boost/qvm/detail/transp_impl.hpp">
      <Filter>Header Files\include\boost\qvm\detail</Filter>
    </ClInclude>
    <ClInclude Include="../../thirdparty/owemdjee/boost/libs/qvm/include/boost/qvm/detail/vec_assign.hpp">
      <Filter>Header Files\include\boost\qvm\detail</Filter>
    </ClInclude>
    <ClInclude Include="../../thirdparty/owemdjee/boost/libs/qvm/include/boost/qvm/detail/vec_register_impl.hpp">
      <Filter>Header Files\include\boost\qvm\detail</Filter>
    </ClInclude>
    <ClInclude Include="../../thirdparty/owemdjee/boost/libs/qvm/include/boost/qvm/enable_if.hpp">
      <Filter>Header Files\include\boost\qvm</Filter>
    </ClInclude>
    <ClInclude Include="../../thirdparty/owemdjee/boost/libs/qvm/include/boost/qvm/error.hpp">
      <Filter>Header Files\include\boost\qvm</Filter>
    </ClInclude>
    <ClInclude Include="../../thirdparty/owemdjee/boost/libs/qvm/include/boost/qvm/is_scalar.hpp">
      <Filter>Header Files\include\boost\qvm</Filter>
    </ClInclude>
    <ClInclude Include="../../thirdparty/owemdjee/boost/libs/qvm/include/boost/qvm/lite.hpp">
      <Filter>Header Files\include\boost\qvm</Filter>
    </ClInclude>
    <ClInclude Include="../../thirdparty/owemdjee/boost/libs/qvm/include/boost/qvm/map.hpp">
      <Filter>Header Files\include\boost\qvm</Filter>
    </ClInclude>
    <ClInclude Include="../../thirdparty/owemdjee/boost/libs/qvm/include/boost/qvm/map_mat_mat.hpp">
      <Filter>Header Files\include\boost\qvm</Filter>
    </ClInclude>
    <ClInclude Include="../../thirdparty/owemdjee/boost/libs/qvm/include/boost/qvm/map_mat_vec.hpp">
      <Filter>Header Files\include\boost\qvm</Filter>
    </ClInclude>
    <ClInclude Include="../../thirdparty/owemdjee/boost/libs/qvm/include/boost/qvm/map_vec_mat.hpp">
      <Filter>Header Files\include\boost\qvm</Filter>
    </ClInclude>
    <ClInclude Include="../../thirdparty/owemdjee/boost/libs/qvm/include/boost/qvm/mat.hpp">
      <Filter>Header Files\include\boost\qvm</Filter>
    </ClInclude>
    <ClInclude Include="../../thirdparty/owemdjee/boost/libs/qvm/include/boost/qvm/mat_access.hpp">
      <Filter>Header Files\include\boost\qvm</Filter>
    </ClInclude>
    <ClInclude Include="../../thirdparty/owemdjee/boost/libs/qvm/include/boost/qvm/mat_operations.hpp">
      <Filter>Header Files\include\boost\qvm</Filter>
    </ClInclude>
    <ClInclude Include="../../thirdparty/owemdjee/boost/libs/qvm/include/boost/qvm/mat_operations2.hpp">
      <Filter>Header Files\include\boost\qvm</Filter>
    </ClInclude>
    <ClInclude Include="../../thirdparty/owemdjee/boost/libs/qvm/include/boost/qvm/mat_operations3.hpp">
      <Filter>Header Files\include\boost\qvm</Filter>
    </ClInclude>
    <ClInclude Include="../../thirdparty/owemdjee/boost/libs/qvm/include/boost/qvm/mat_operations4.hpp">
      <Filter>Header Files\include\boost\qvm</Filter>
    </ClInclude>
    <ClInclude Include="../../thirdparty/owemdjee/boost/libs/qvm/include/boost/qvm/mat_traits.hpp">
      <Filter>Header Files\include\boost\qvm</Filter>
    </ClInclude>
    <ClInclude Include="../../thirdparty/owemdjee/boost/libs/qvm/include/boost/qvm/mat_traits_array.hpp">
      <Filter>Header Files\include\boost\qvm</Filter>
    </ClInclude>
    <ClInclude Include="../../thirdparty/owemdjee/boost/libs/qvm/include/boost/qvm/mat_traits_defaults.hpp">
      <Filter>Header Files\include\boost\qvm</Filter>
    </ClInclude>
    <ClInclude Include="../../thirdparty/owemdjee/boost/libs/qvm/include/boost/qvm/math.hpp">
      <Filter>Header Files\include\boost\qvm</Filter>
    </ClInclude>
    <ClInclude Include="../../thirdparty/owemdjee/boost/libs/qvm/include/boost/qvm/operations.hpp">
      <Filter>Header Files\include\boost\qvm</Filter>
    </ClInclude>
    <ClInclude Include="../../thirdparty/owemdjee/boost/libs/qvm/include/boost/qvm/quat.hpp">
      <Filter>Header Files\include\boost\qvm</Filter>
    </ClInclude>
    <ClInclude Include="../../thirdparty/owemdjee/boost/libs/qvm/include/boost/qvm/quat_access.hpp">
      <Filter>Header Files\include\boost\qvm</Filter>
    </ClInclude>
    <ClInclude Include="../../thirdparty/owemdjee/boost/libs/qvm/include/boost/qvm/quat_operations.hpp">
      <Filter>Header Files\include\boost\qvm</Filter>
    </ClInclude>
    <ClInclude Include="../../thirdparty/owemdjee/boost/libs/qvm/include/boost/qvm/quat_traits.hpp">
      <Filter>Header Files\include\boost\qvm</Filter>
    </ClInclude>
    <ClInclude Include="../../thirdparty/owemdjee/boost/libs/qvm/include/boost/qvm/quat_traits_array.hpp">
      <Filter>Header Files\include\boost\qvm</Filter>
    </ClInclude>
    <ClInclude Include="../../thirdparty/owemdjee/boost/libs/qvm/include/boost/qvm/quat_traits_defaults.hpp">
      <Filter>Header Files\include\boost\qvm</Filter>
    </ClInclude>
    <ClInclude Include="../../thirdparty/owemdjee/boost/libs/qvm/include/boost/qvm/quat_vec_operations.hpp">
      <Filter>Header Files\include\boost\qvm</Filter>
    </ClInclude>
    <ClInclude Include="../../thirdparty/owemdjee/boost/libs/qvm/include/boost/qvm/scalar_traits.hpp">
      <Filter>Header Files\include\boost\qvm</Filter>
    </ClInclude>
    <ClInclude Include="../../thirdparty/owemdjee/boost/libs/qvm/include/boost/qvm/static_assert.hpp">
      <Filter>Header Files\include\boost\qvm</Filter>
    </ClInclude>
    <ClInclude Include="../../thirdparty/owemdjee/boost/libs/qvm/include/boost/qvm/swizzle.hpp">
      <Filter>Header Files\include\boost\qvm</Filter>
    </ClInclude>
    <ClInclude Include="../../thirdparty/owemdjee/boost/libs/qvm/include/boost/qvm/swizzle2.hpp">
      <Filter>Header Files\include\boost\qvm</Filter>
    </ClInclude>
    <ClInclude Include="../../thirdparty/owemdjee/boost/libs/qvm/include/boost/qvm/swizzle3.hpp">
      <Filter>Header Files\include\boost\qvm</Filter>
    </ClInclude>
    <ClInclude Include="../../thirdparty/owemdjee/boost/libs/qvm/include/boost/qvm/swizzle4.hpp">
      <Filter>Header Files\include\boost\qvm</Filter>
    </ClInclude>
    <ClInclude Include="../../thirdparty/owemdjee/boost/libs/qvm/include/boost/qvm/throw_exception.hpp">
      <Filter>Header Files\include\boost\qvm</Filter>
    </ClInclude>
    <ClInclude Include="../../thirdparty/owemdjee/boost/libs/qvm/include/boost/qvm/to_string.hpp">
      <Filter>Header Files\include\boost\qvm</Filter>
    </ClInclude>
    <ClInclude Include="../../thirdparty/owemdjee/boost/libs/qvm/include/boost/qvm/vec.hpp">
      <Filter>Header Files\include\boost\qvm</Filter>
    </ClInclude>
    <ClInclude Include="../../thirdparty/owemdjee/boost/libs/qvm/include/boost/qvm/vec_access.hpp">
      <Filter>Header Files\include\boost\qvm</Filter>
    </ClInclude>
    <ClInclude Include="../../thirdparty/owemdjee/boost/libs/qvm/include/boost/qvm/vec_mat_operations.hpp">
      <Filter>Header Files\include\boost\qvm</Filter>
    </ClInclude>
    <ClInclude Include="../../thirdparty/owemdjee/boost/libs/qvm/include/boost/qvm/vec_mat_operations2.hpp">
      <Filter>Header Files\include\boost\qvm</Filter>
    </ClInclude>
    <ClInclude Include="../../thirdparty/owemdjee/boost/libs/qvm/include/boost/qvm/vec_mat_operations3.hpp">
      <Filter>Header Files\include\boost\qvm</Filter>
    </ClInclude>
    <ClInclude Include="../../thirdparty/owemdjee/boost/libs/qvm/include/boost/qvm/vec_mat_operations4.hpp">
      <Filter>Header Files\include\boost\qvm</Filter>
    </ClInclude>
    <ClInclude Include="../../thirdparty/owemdjee/boost/libs/qvm/include/boost/qvm/vec_operations.hpp">
      <Filter>Header Files\include\boost\qvm</Filter>
    </ClInclude>
    <ClInclude Include="../../thirdparty/owemdjee/boost/libs/qvm/include/boost/qvm/vec_operations2.hpp">
      <Filter>Header Files\include\boost\qvm</Filter>
    </ClInclude>
    <ClInclude Include="../../thirdparty/owemdjee/boost/libs/qvm/include/boost/qvm/vec_operations3.hpp">
      <Filter>Header Files\include\boost\qvm</Filter>
    </ClInclude>
    <ClInclude Include="../../thirdparty/owemdjee/boost/libs/qvm/include/boost/qvm/vec_operations4.hpp">
      <Filter>Header Files\include\boost\qvm</Filter>
    </ClInclude>
    <ClInclude Include="../../thirdparty/owemdjee/boost/libs/qvm/include/boost/qvm/vec_register.hpp">
      <Filter>Header Files\include\boost\qvm</Filter>
    </ClInclude>
    <ClInclude Include="../../thirdparty/owemdjee/boost/libs/qvm/include/boost/qvm/vec_register2.hpp">
      <Filter>Header Files\include\boost\qvm</Filter>
    </ClInclude>
    <ClInclude Include="../../thirdparty/owemdjee/boost/libs/qvm/include/boost/qvm/vec_register3.hpp">
      <Filter>Header Files\include\boost\qvm</Filter>
    </ClInclude>
    <ClInclude Include="../../thirdparty/owemdjee/boost/libs/qvm/include/boost/qvm/vec_register4.hpp">
      <Filter>Header Files\include\boost\qvm</Filter>
    </ClInclude>
    <ClInclude Include="../../thirdparty/owemdjee/boost/libs/qvm/include/boost/qvm/vec_traits.hpp">
      <Filter>Header Files\include\boost\qvm</Filter>
    </ClInclude>
    <ClInclude Include="../../thirdparty/owemdjee/boost/libs/qvm/include/boost/qvm/vec_traits_array.hpp">
      <Filter>Header Files\include\boost\qvm</Filter>
    </ClInclude>
    <ClInclude Include="../../thirdparty/owemdjee/boost/libs/qvm/include/boost/qvm/vec_traits_defaults.hpp">
      <Filter>Header Files\include\boost\qvm</Filter>
    </ClInclude>
    <ClInclude Include="../../thirdparty/owemdjee/boost/libs/qvm/include/boost/qvm/vec_traits_gnuc.hpp">
      <Filter>Header Files\include\boost\qvm</Filter>
    </ClInclude>
    <ClInclude Include="../../thirdparty/owemdjee/boost/libs/qvm/include/boost/qvm_lite.hpp">
      <Filter>Header Files\include\boost</Filter>
    </ClInclude>
    <Image Include="../../thirdparty/owemdjee/boost/libs/qvm/doc/skin.png">
      <Filter>Resource Files\doc</Filter>
    </Image>
    <Text Include="../../thirdparty/owemdjee/boost/libs/qvm/CMakeLists.txt">
      <Filter>Misc Files</Filter>
    </Text>
    <Text Include="../../thirdparty/owemdjee/boost/libs/qvm/LICENSE_1_0.txt">
      <Filter>Misc Files</Filter>
    </Text>
    <Text Include="../../thirdparty/owemdjee/boost/libs/qvm/README.md">
      <Filter>Misc Files</Filter>
    </Text>
    <Text Include="../../thirdparty/owemdjee/boost/libs/qvm/doc/Jamfile">
      <Filter>Misc Files\doc</Filter>
    </Text>
    <Text Include="../../thirdparty/owemdjee/boost/libs/qvm/doc/docinfo.html">
      <Filter>Misc Files\doc</Filter>
    </Text>
    <Text Include="../../thirdparty/owemdjee/boost/libs/qvm/doc/qvm-theme.yml">
      <Filter>Misc Files\doc</Filter>
    </Text>
    <Text Include="../../thirdparty/owemdjee/boost/libs/qvm/doc/qvm.adoc">
      <Filter>Misc Files\doc</Filter>
    </Text>
    <Text Include="../../thirdparty/owemdjee/boost/libs/qvm/doc/rouge-github.css">
      <Filter>Misc Files\doc</Filter>
    </Text>
    <Text Include="../../thirdparty/owemdjee/boost/libs/qvm/doc/zajo-dark.css">
      <Filter>Misc Files\doc</Filter>
    </Text>
    <Text Include="../../thirdparty/owemdjee/boost/libs/qvm/doc/zajo-light.css">
      <Filter>Misc Files\doc</Filter>
    </Text>
    <Text Include="../../thirdparty/owemdjee/boost/libs/qvm/index.html">
      <Filter>Misc Files</Filter>
    </Text>
    <Text Include="../../thirdparty/owemdjee/boost/libs/qvm/meson_options.txt">
      <Filter>Misc Files</Filter>
    </Text>
    <Text Include="../../thirdparty/owemdjee/boost/libs/qvm/meta/libraries.json">
      <Filter>Misc Files\meta</Filter>
    </Text>
  </ItemGroup>
</Project>
