<?xml version="1.0" encoding="utf-8"?>
<Project ToolsVersion="4.0" xmlns="http://schemas.microsoft.com/developer/msbuild/2003">
  <ItemGroup>
    <Filter Include="Source Files">
      <UniqueIdentifier>{d2a97047-4937-4f7a-ab2f-4485e03fd328}</UniqueIdentifier>
    </Filter>
    <Filter Include="Header Files">
      <UniqueIdentifier>{42f0fc98-34f6-4567-b3cf-de13e74a89ab}</UniqueIdentifier>
    </Filter>
    <Filter Include="Misc Files">
      <UniqueIdentifier>{b1798409-2031-413d-9df7-70b0202ddd98}</UniqueIdentifier>
    </Filter>
  </ItemGroup>
  <ItemGroup>
    <ClCompile Include="../../scripts/boost/libboost-container-dummy.cpp">
      <Filter>Source Files</Filter>
    </ClCompile>
  </ItemGroup>
  <ItemGroup>
    <Filter Include="Header Files\include">
      <UniqueIdentifier>{d2a97047-4937-4f7a-ab2f-4485e03f0003}</UniqueIdentifier>
    </Filter>
    <Filter Include="Header Files\include\boost">
      <UniqueIdentifier>{d2a97047-4937-4f7a-ab2f-4485e03f0002}</UniqueIdentifier>
    </Filter>
    <Filter Include="Header Files\include\boost\container">
      <UniqueIdentifier>{d2a97047-4937-4f7a-ab2f-4485e03f0001}</UniqueIdentifier>
    </Filter>
    <Filter Include="Header Files\include\boost\container\detail">
      <UniqueIdentifier>{d2a97047-4937-4f7a-ab2f-4485e03f0004}</UniqueIdentifier>
    </Filter>
    <Filter Include="Header Files\include\boost\container\pmr">
      <UniqueIdentifier>{d2a97047-4937-4f7a-ab2f-4485e03f0005}</UniqueIdentifier>
    </Filter>
    <Filter Include="Misc Files\build">
      <UniqueIdentifier>{d2a97047-4937-4f7a-ab2f-4485e03f0006}</UniqueIdentifier>
    </Filter>
    <Filter Include="Misc Files\doc">
      <UniqueIdentifier>{d2a97047-4937-4f7a-ab2f-4485e03f0007}</UniqueIdentifier>
    </Filter>
    <Filter Include="Misc Files\doc\allocplus">
      <UniqueIdentifier>{d2a97047-4937-4f7a-ab2f-4485e03f0008}</UniqueIdentifier>
    </Filter>
    <Filter Include="Misc Files\meta">
      <UniqueIdentifier>{d2a97047-4937-4f7a-ab2f-4485e03f0009}</UniqueIdentifier>
    </Filter>
    <Filter Include="Resource Files">
      <UniqueIdentifier>{d2a97047-4937-4f7a-ab2f-4485e03f0010}</UniqueIdentifier>
    </Filter>
    <Filter Include="Resource Files\doc">
      <UniqueIdentifier>{d2a97047-4937-4f7a-ab2f-4485e03f0012}</UniqueIdentifier>
    </Filter>
    <Filter Include="Resource Files\doc\allocplus">
      <UniqueIdentifier>{d2a97047-4937-4f7a-ab2f-4485e03f0011}</UniqueIdentifier>
    </Filter>
    <Filter Include="Resource Files\doc\images">
      <UniqueIdentifier>{d2a97047-4937-4f7a-ab2f-4485e03f0013}</UniqueIdentifier>
    </Filter>
    <Filter Include="Source Files\src">
      <UniqueIdentifier>{d2a97047-4937-4f7a-ab2f-4485e03f0014}</UniqueIdentifier>
    </Filter>
  </ItemGroup>
  <ItemGroup>
    <ClCompile Include="../../thirdparty/owemdjee/boost/libs/container/src/alloc_lib.c">
      <Filter>Source Files\src</Filter>
    </ClCompile>
    <ClCompile Include="../../thirdparty/owemdjee/boost/libs/container/src/dlmalloc.cpp">
      <Filter>Source Files\src</Filter>
    </ClCompile>
    <ClCompile Include="../../thirdparty/owemdjee/boost/libs/container/src/dlmalloc_2_8_6.c">
      <Filter>Source Files\src</Filter>
    </ClCompile>
    <ClCompile Include="../../thirdparty/owemdjee/boost/libs/container/src/dlmalloc_ext_2_8_6.c">
      <Filter>Source Files\src</Filter>
    </ClCompile>
    <ClCompile Include="../../thirdparty/owemdjee/boost/libs/container/src/global_resource.cpp">
      <Filter>Source Files\src</Filter>
    </ClCompile>
    <ClCompile Include="../../thirdparty/owemdjee/boost/libs/container/src/monotonic_buffer_resource.cpp">
      <Filter>Source Files\src</Filter>
    </ClCompile>
    <ClCompile Include="../../thirdparty/owemdjee/boost/libs/container/src/pool_resource.cpp">
      <Filter>Source Files\src</Filter>
    </ClCompile>
    <ClCompile Include="../../thirdparty/owemdjee/boost/libs/container/src/synchronized_pool_resource.cpp">
      <Filter>Source Files\src</Filter>
    </ClCompile>
    <ClCompile Include="../../thirdparty/owemdjee/boost/libs/container/src/unsynchronized_pool_resource.cpp">
      <Filter>Source Files\src</Filter>
    </ClCompile>
    <ClInclude Include="../../thirdparty/owemdjee/boost/libs/container/include/boost/container/adaptive_pool.hpp">
      <Filter>Header Files\include\boost\container</Filter>
    </ClInclude>
    <ClInclude Include="../../thirdparty/owemdjee/boost/libs/container/include/boost/container/allocator.hpp">
      <Filter>Header Files\include\boost\container</Filter>
    </ClInclude>
    <ClInclude Include="../../thirdparty/owemdjee/boost/libs/container/include/boost/container/allocator_traits.hpp">
      <Filter>Header Files\include\boost\container</Filter>
    </ClInclude>
    <ClInclude Include="../../thirdparty/owemdjee/boost/libs/container/include/boost/container/container_fwd.hpp">
      <Filter>Header Files\include\boost\container</Filter>
    </ClInclude>
    <ClInclude Include="../../thirdparty/owemdjee/boost/libs/container/include/boost/container/deque.hpp">
      <Filter>Header Files\include\boost\container</Filter>
    </ClInclude>
    <ClInclude Include="../../thirdparty/owemdjee/boost/libs/container/include/boost/container/detail/adaptive_node_pool.hpp">
      <Filter>Header Files\include\boost\container\detail</Filter>
    </ClInclude>
    <ClInclude Include="../../thirdparty/owemdjee/boost/libs/container/include/boost/container/detail/adaptive_node_pool_impl.hpp">
      <Filter>Header Files\include\boost\container\detail</Filter>
    </ClInclude>
    <ClInclude Include="../../thirdparty/owemdjee/boost/libs/container/include/boost/container/detail/addressof.hpp">
      <Filter>Header Files\include\boost\container\detail</Filter>
    </ClInclude>
    <ClInclude Include="../../thirdparty/owemdjee/boost/libs/container/include/boost/container/detail/advanced_insert_int.hpp">
      <Filter>Header Files\include\boost\container\detail</Filter>
    </ClInclude>
    <ClInclude Include="../../thirdparty/owemdjee/boost/libs/container/include/boost/container/detail/algorithm.hpp">
      <Filter>Header Files\include\boost\container\detail</Filter>
    </ClInclude>
    <ClInclude Include="../../thirdparty/owemdjee/boost/libs/container/include/boost/container/detail/alloc_helpers.hpp">
      <Filter>Header Files\include\boost\container\detail</Filter>
    </ClInclude>
    <ClInclude Include="../../thirdparty/owemdjee/boost/libs/container/include/boost/container/detail/alloc_lib.h">
      <Filter>Header Files\include\boost\container\detail</Filter>
    </ClInclude>
    <ClInclude Include="../../thirdparty/owemdjee/boost/libs/container/include/boost/container/detail/allocation_type.hpp">
      <Filter>Header Files\include\boost\container\detail</Filter>
    </ClInclude>
    <ClInclude Include="../../thirdparty/owemdjee/boost/libs/container/include/boost/container/detail/allocator_version_traits.hpp">
      <Filter>Header Files\include\boost\container\detail</Filter>
    </ClInclude>
    <ClInclude Include="../../thirdparty/owemdjee/boost/libs/container/include/boost/container/detail/auto_link.hpp">
      <Filter>Header Files\include\boost\container\detail</Filter>
    </ClInclude>
    <ClInclude Include="../../thirdparty/owemdjee/boost/libs/container/include/boost/container/detail/block_list.hpp">
      <Filter>Header Files\include\boost\container\detail</Filter>
    </ClInclude>
    <ClInclude Include="../../thirdparty/owemdjee/boost/libs/container/include/boost/container/detail/block_slist.hpp">
      <Filter>Header Files\include\boost\container\detail</Filter>
    </ClInclude>
    <ClInclude Include="../../thirdparty/owemdjee/boost/libs/container/include/boost/container/detail/compare_functors.hpp">
      <Filter>Header Files\include\boost\container\detail</Filter>
    </ClInclude>
    <ClInclude Include="../../thirdparty/owemdjee/boost/libs/container/include/boost/container/detail/config_begin.hpp">
      <Filter>Header Files\include\boost\container\detail</Filter>
    </ClInclude>
    <ClInclude Include="../../thirdparty/owemdjee/boost/libs/container/include/boost/container/detail/config_end.hpp">
      <Filter>Header Files\include\boost\container\detail</Filter>
    </ClInclude>
    <ClInclude Include="../../thirdparty/owemdjee/boost/libs/container/include/boost/container/detail/construct_in_place.hpp">
      <Filter>Header Files\include\boost\container\detail</Filter>
    </ClInclude>
    <ClInclude Include="../../thirdparty/owemdjee/boost/libs/container/include/boost/container/detail/container_or_allocator_rebind.hpp">
      <Filter>Header Files\include\boost\container\detail</Filter>
    </ClInclude>
    <ClInclude Include="../../thirdparty/owemdjee/boost/libs/container/include/boost/container/detail/container_rebind.hpp">
      <Filter>Header Files\include\boost\container\detail</Filter>
    </ClInclude>
    <ClInclude Include="../../thirdparty/owemdjee/boost/libs/container/include/boost/container/detail/copy_move_algo.hpp">
      <Filter>Header Files\include\boost\container\detail</Filter>
    </ClInclude>
    <ClInclude Include="../../thirdparty/owemdjee/boost/libs/container/include/boost/container/detail/destroyers.hpp">
      <Filter>Header Files\include\boost\container\detail</Filter>
    </ClInclude>
    <ClInclude Include="../../thirdparty/owemdjee/boost/libs/container/include/boost/container/detail/dispatch_uses_allocator.hpp">
      <Filter>Header Files\include\boost\container\detail</Filter>
    </ClInclude>
    <ClInclude Include="../../thirdparty/owemdjee/boost/libs/container/include/boost/container/detail/dlmalloc.hpp">
      <Filter>Header Files\include\boost\container\detail</Filter>
    </ClInclude>
    <ClInclude Include="../../thirdparty/owemdjee/boost/libs/container/include/boost/container/detail/flat_tree.hpp">
      <Filter>Header Files\include\boost\container\detail</Filter>
    </ClInclude>
    <ClInclude Include="../../thirdparty/owemdjee/boost/libs/container/include/boost/container/detail/function_detector.hpp">
      <Filter>Header Files\include\boost\container\detail</Filter>
    </ClInclude>
    <ClInclude Include="../../thirdparty/owemdjee/boost/libs/container/include/boost/container/detail/guards_dended.hpp">
      <Filter>Header Files\include\boost\container\detail</Filter>
    </ClInclude>
    <ClInclude Include="../../thirdparty/owemdjee/boost/libs/container/include/boost/container/detail/is_container.hpp">
      <Filter>Header Files\include\boost\container\detail</Filter>
    </ClInclude>
    <ClInclude Include="../../thirdparty/owemdjee/boost/libs/container/include/boost/container/detail/is_contiguous_container.hpp">
      <Filter>Header Files\include\boost\container\detail</Filter>
    </ClInclude>
    <ClInclude Include="../../thirdparty/owemdjee/boost/libs/container/include/boost/container/detail/is_pair.hpp">
      <Filter>Header Files\include\boost\container\detail</Filter>
    </ClInclude>
    <ClInclude Include="../../thirdparty/owemdjee/boost/libs/container/include/boost/container/detail/is_sorted.hpp">
      <Filter>Header Files\include\boost\container\detail</Filter>
    </ClInclude>
    <ClInclude Include="../../thirdparty/owemdjee/boost/libs/container/include/boost/container/detail/iterator.hpp">
      <Filter>Header Files\include\boost\container\detail</Filter>
    </ClInclude>
    <ClInclude Include="../../thirdparty/owemdjee/boost/libs/container/include/boost/container/detail/iterator_to_raw_pointer.hpp">
      <Filter>Header Files\include\boost\container\detail</Filter>
    </ClInclude>
    <ClInclude Include="../../thirdparty/owemdjee/boost/libs/container/include/boost/container/detail/iterators.hpp">
      <Filter>Header Files\include\boost\container\detail</Filter>
    </ClInclude>
    <ClInclude Include="../../thirdparty/owemdjee/boost/libs/container/include/boost/container/detail/math_functions.hpp">
      <Filter>Header Files\include\boost\container\detail</Filter>
    </ClInclude>
    <ClInclude Include="../../thirdparty/owemdjee/boost/libs/container/include/boost/container/detail/min_max.hpp">
      <Filter>Header Files\include\boost\container\detail</Filter>
    </ClInclude>
    <ClInclude Include="../../thirdparty/owemdjee/boost/libs/container/include/boost/container/detail/minimal_char_traits_header.hpp">
      <Filter>Header Files\include\boost\container\detail</Filter>
    </ClInclude>
    <ClInclude Include="../../thirdparty/owemdjee/boost/libs/container/include/boost/container/detail/mpl.hpp">
      <Filter>Header Files\include\boost\container\detail</Filter>
    </ClInclude>
    <ClInclude Include="../../thirdparty/owemdjee/boost/libs/container/include/boost/container/detail/multiallocation_chain.hpp">
      <Filter>Header Files\include\boost\container\detail</Filter>
    </ClInclude>
    <ClInclude Include="../../thirdparty/owemdjee/boost/libs/container/include/boost/container/detail/mutex.hpp">
      <Filter>Header Files\include\boost\container\detail</Filter>
    </ClInclude>
    <ClInclude Include="../../thirdparty/owemdjee/boost/libs/container/include/boost/container/detail/next_capacity.hpp">
      <Filter>Header Files\include\boost\container\detail</Filter>
    </ClInclude>
    <ClInclude Include="../../thirdparty/owemdjee/boost/libs/container/include/boost/container/detail/node_alloc_holder.hpp">
      <Filter>Header Files\include\boost\container\detail</Filter>
    </ClInclude>
    <ClInclude Include="../../thirdparty/owemdjee/boost/libs/container/include/boost/container/detail/node_pool.hpp">
      <Filter>Header Files\include\boost\container\detail</Filter>
    </ClInclude>
    <ClInclude Include="../../thirdparty/owemdjee/boost/libs/container/include/boost/container/detail/node_pool_impl.hpp">
      <Filter>Header Files\include\boost\container\detail</Filter>
    </ClInclude>
    <ClInclude Include="../../thirdparty/owemdjee/boost/libs/container/include/boost/container/detail/pair.hpp">
      <Filter>Header Files\include\boost\container\detail</Filter>
    </ClInclude>
    <ClInclude Include="../../thirdparty/owemdjee/boost/libs/container/include/boost/container/detail/pair_key_mapped_of_value.hpp">
      <Filter>Header Files\include\boost\container\detail</Filter>
    </ClInclude>
    <ClInclude Include="../../thirdparty/owemdjee/boost/libs/container/include/boost/container/detail/placement_new.hpp">
      <Filter>Header Files\include\boost\container\detail</Filter>
    </ClInclude>
    <ClInclude Include="../../thirdparty/owemdjee/boost/libs/container/include/boost/container/detail/pool_common.hpp">
      <Filter>Header Files\include\boost\container\detail</Filter>
    </ClInclude>
    <ClInclude Include="../../thirdparty/owemdjee/boost/libs/container/include/boost/container/detail/pool_common_alloc.hpp">
      <Filter>Header Files\include\boost\container\detail</Filter>
    </ClInclude>
    <ClInclude Include="../../thirdparty/owemdjee/boost/libs/container/include/boost/container/detail/pool_resource.hpp">
      <Filter>Header Files\include\boost\container\detail</Filter>
    </ClInclude>
    <ClInclude Include="../../thirdparty/owemdjee/boost/libs/container/include/boost/container/detail/singleton.hpp">
      <Filter>Header Files\include\boost\container\detail</Filter>
    </ClInclude>
    <ClInclude Include="../../thirdparty/owemdjee/boost/libs/container/include/boost/container/detail/std_fwd.hpp">
      <Filter>Header Files\include\boost\container\detail</Filter>
    </ClInclude>
    <ClInclude Include="../../thirdparty/owemdjee/boost/libs/container/include/boost/container/detail/thread_mutex.hpp">
      <Filter>Header Files\include\boost\container\detail</Filter>
    </ClInclude>
    <ClInclude Include="../../thirdparty/owemdjee/boost/libs/container/include/boost/container/detail/transform_iterator.hpp">
      <Filter>Header Files\include\boost\container\detail</Filter>
    </ClInclude>
    <ClInclude Include="../../thirdparty/owemdjee/boost/libs/container/include/boost/container/detail/tree.hpp">
      <Filter>Header Files\include\boost\container\detail</Filter>
    </ClInclude>
    <ClInclude Include="../../thirdparty/owemdjee/boost/libs/container/include/boost/container/detail/type_traits.hpp">
      <Filter>Header Files\include\boost\container\detail</Filter>
    </ClInclude>
    <ClInclude Include="../../thirdparty/owemdjee/boost/libs/container/include/boost/container/detail/value_functors.hpp">
      <Filter>Header Files\include\boost\container\detail</Filter>
    </ClInclude>
    <ClInclude Include="../../thirdparty/owemdjee/boost/libs/container/include/boost/container/detail/value_init.hpp">
      <Filter>Header Files\include\boost\container\detail</Filter>
    </ClInclude>
    <ClInclude Include="../../thirdparty/owemdjee/boost/libs/container/include/boost/container/detail/variadic_templates_tools.hpp">
      <Filter>Header Files\include\boost\container\detail</Filter>
    </ClInclude>
    <ClInclude Include="../../thirdparty/owemdjee/boost/libs/container/include/boost/container/detail/version_type.hpp">
      <Filter>Header Files\include\boost\container\detail</Filter>
    </ClInclude>
    <ClInclude Include="../../thirdparty/owemdjee/boost/libs/container/include/boost/container/detail/workaround.hpp">
      <Filter>Header Files\include\boost\container\detail</Filter>
    </ClInclude>
    <ClInclude Include="../../thirdparty/owemdjee/boost/libs/container/include/boost/container/devector.hpp">
      <Filter>Header Files\include\boost\container</Filter>
    </ClInclude>
    <ClInclude Include="../../thirdparty/owemdjee/boost/libs/container/include/boost/container/flat_map.hpp">
      <Filter>Header Files\include\boost\container</Filter>
    </ClInclude>
    <ClInclude Include="../../thirdparty/owemdjee/boost/libs/container/include/boost/container/flat_set.hpp">
      <Filter>Header Files\include\boost\container</Filter>
    </ClInclude>
    <ClInclude Include="../../thirdparty/owemdjee/boost/libs/container/include/boost/container/list.hpp">
      <Filter>Header Files\include\boost\container</Filter>
    </ClInclude>
    <ClInclude Include="../../thirdparty/owemdjee/boost/libs/container/include/boost/container/map.hpp">
      <Filter>Header Files\include\boost\container</Filter>
    </ClInclude>
    <ClInclude Include="../../thirdparty/owemdjee/boost/libs/container/include/boost/container/new_allocator.hpp">
      <Filter>Header Files\include\boost\container</Filter>
    </ClInclude>
    <ClInclude Include="../../thirdparty/owemdjee/boost/libs/container/include/boost/container/node_allocator.hpp">
      <Filter>Header Files\include\boost\container</Filter>
    </ClInclude>
    <ClInclude Include="../../thirdparty/owemdjee/boost/libs/container/include/boost/container/node_handle.hpp">
      <Filter>Header Files\include\boost\container</Filter>
    </ClInclude>
    <ClInclude Include="../../thirdparty/owemdjee/boost/libs/container/include/boost/container/options.hpp">
      <Filter>Header Files\include\boost\container</Filter>
    </ClInclude>
    <ClInclude Include="../../thirdparty/owemdjee/boost/libs/container/include/boost/container/pmr/deque.hpp">
      <Filter>Header Files\include\boost\container\pmr</Filter>
    </ClInclude>
    <ClInclude Include="../../thirdparty/owemdjee/boost/libs/container/include/boost/container/pmr/devector.hpp">
      <Filter>Header Files\include\boost\container\pmr</Filter>
    </ClInclude>
    <ClInclude Include="../../thirdparty/owemdjee/boost/libs/container/include/boost/container/pmr/flat_map.hpp">
      <Filter>Header Files\include\boost\container\pmr</Filter>
    </ClInclude>
    <ClInclude Include="../../thirdparty/owemdjee/boost/libs/container/include/boost/container/pmr/flat_set.hpp">
      <Filter>Header Files\include\boost\container\pmr</Filter>
    </ClInclude>
    <ClInclude Include="../../thirdparty/owemdjee/boost/libs/container/include/boost/container/pmr/global_resource.hpp">
      <Filter>Header Files\include\boost\container\pmr</Filter>
    </ClInclude>
    <ClInclude Include="../../thirdparty/owemdjee/boost/libs/container/include/boost/container/pmr/list.hpp">
      <Filter>Header Files\include\boost\container\pmr</Filter>
    </ClInclude>
    <ClInclude Include="../../thirdparty/owemdjee/boost/libs/container/include/boost/container/pmr/map.hpp">
      <Filter>Header Files\include\boost\container\pmr</Filter>
    </ClInclude>
    <ClInclude Include="../../thirdparty/owemdjee/boost/libs/container/include/boost/container/pmr/memory_resource.hpp">
      <Filter>Header Files\include\boost\container\pmr</Filter>
    </ClInclude>
    <ClInclude Include="../../thirdparty/owemdjee/boost/libs/container/include/boost/container/pmr/monotonic_buffer_resource.hpp">
      <Filter>Header Files\include\boost\container\pmr</Filter>
    </ClInclude>
    <ClInclude Include="../../thirdparty/owemdjee/boost/libs/container/include/boost/container/pmr/polymorphic_allocator.hpp">
      <Filter>Header Files\include\boost\container\pmr</Filter>
    </ClInclude>
    <ClInclude Include="../../thirdparty/owemdjee/boost/libs/container/include/boost/container/pmr/pool_options.hpp">
      <Filter>Header Files\include\boost\container\pmr</Filter>
    </ClInclude>
    <ClInclude Include="../../thirdparty/owemdjee/boost/libs/container/include/boost/container/pmr/resource_adaptor.hpp">
      <Filter>Header Files\include\boost\container\pmr</Filter>
    </ClInclude>
    <ClInclude Include="../../thirdparty/owemdjee/boost/libs/container/include/boost/container/pmr/set.hpp">
      <Filter>Header Files\include\boost\container\pmr</Filter>
    </ClInclude>
    <ClInclude Include="../../thirdparty/owemdjee/boost/libs/container/include/boost/container/pmr/slist.hpp">
      <Filter>Header Files\include\boost\container\pmr</Filter>
    </ClInclude>
    <ClInclude Include="../../thirdparty/owemdjee/boost/libs/container/include/boost/container/pmr/small_vector.hpp">
      <Filter>Header Files\include\boost\container\pmr</Filter>
    </ClInclude>
    <ClInclude Include="../../thirdparty/owemdjee/boost/libs/container/include/boost/container/pmr/stable_vector.hpp">
      <Filter>Header Files\include\boost\container\pmr</Filter>
    </ClInclude>
    <ClInclude Include="../../thirdparty/owemdjee/boost/libs/container/include/boost/container/pmr/string.hpp">
      <Filter>Header Files\include\boost\container\pmr</Filter>
    </ClInclude>
    <ClInclude Include="../../thirdparty/owemdjee/boost/libs/container/include/boost/container/pmr/synchronized_pool_resource.hpp">
      <Filter>Header Files\include\boost\container\pmr</Filter>
    </ClInclude>
    <ClInclude Include="../../thirdparty/owemdjee/boost/libs/container/include/boost/container/pmr/unsynchronized_pool_resource.hpp">
      <Filter>Header Files\include\boost\container\pmr</Filter>
    </ClInclude>
    <ClInclude Include="../../thirdparty/owemdjee/boost/libs/container/include/boost/container/pmr/vector.hpp">
      <Filter>Header Files\include\boost\container\pmr</Filter>
    </ClInclude>
    <ClInclude Include="../../thirdparty/owemdjee/boost/libs/container/include/boost/container/scoped_allocator.hpp">
      <Filter>Header Files\include\boost\container</Filter>
    </ClInclude>
    <ClInclude Include="../../thirdparty/owemdjee/boost/libs/container/include/boost/container/scoped_allocator_fwd.hpp">
      <Filter>Header Files\include\boost\container</Filter>
    </ClInclude>
    <ClInclude Include="../../thirdparty/owemdjee/boost/libs/container/include/boost/container/set.hpp">
      <Filter>Header Files\include\boost\container</Filter>
    </ClInclude>
    <ClInclude Include="../../thirdparty/owemdjee/boost/libs/container/include/boost/container/slist.hpp">
      <Filter>Header Files\include\boost\container</Filter>
    </ClInclude>
    <ClInclude Include="../../thirdparty/owemdjee/boost/libs/container/include/boost/container/small_vector.hpp">
      <Filter>Header Files\include\boost\container</Filter>
    </ClInclude>
    <ClInclude Include="../../thirdparty/owemdjee/boost/libs/container/include/boost/container/stable_vector.hpp">
      <Filter>Header Files\include\boost\container</Filter>
    </ClInclude>
    <ClInclude Include="../../thirdparty/owemdjee/boost/libs/container/include/boost/container/static_vector.hpp">
      <Filter>Header Files\include\boost\container</Filter>
    </ClInclude>
    <ClInclude Include="../../thirdparty/owemdjee/boost/libs/container/include/boost/container/string.hpp">
      <Filter>Header Files\include\boost\container</Filter>
    </ClInclude>
    <ClInclude Include="../../thirdparty/owemdjee/boost/libs/container/include/boost/container/throw_exception.hpp">
      <Filter>Header Files\include\boost\container</Filter>
    </ClInclude>
    <ClInclude Include="../../thirdparty/owemdjee/boost/libs/container/include/boost/container/uses_allocator.hpp">
      <Filter>Header Files\include\boost\container</Filter>
    </ClInclude>
    <ClInclude Include="../../thirdparty/owemdjee/boost/libs/container/include/boost/container/uses_allocator_fwd.hpp">
      <Filter>Header Files\include\boost\container</Filter>
    </ClInclude>
    <ClInclude Include="../../thirdparty/owemdjee/boost/libs/container/include/boost/container/vector.hpp">
      <Filter>Header Files\include\boost\container</Filter>
    </ClInclude>
    <Image Include="../../thirdparty/owemdjee/boost/libs/container/doc/allocplus/adaptive_pool_linux-gcc-4.1_1.jpg">
      <Filter>Resource Files\doc\allocplus</Filter>
    </Image>
    <Image Include="../../thirdparty/owemdjee/boost/libs/container/doc/allocplus/adaptive_pool_linux-gcc-4.1_2.jpg">
      <Filter>Resource Files\doc\allocplus</Filter>
    </Image>
    <Image Include="../../thirdparty/owemdjee/boost/libs/container/doc/allocplus/adaptive_pool_msvc-7.1_1.jpg">
      <Filter>Resource Files\doc\allocplus</Filter>
    </Image>
    <Image Include="../../thirdparty/owemdjee/boost/libs/container/doc/allocplus/adaptive_pool_msvc-7.1_2.jpg">
      <Filter>Resource Files\doc\allocplus</Filter>
    </Image>
    <Image Include="../../thirdparty/owemdjee/boost/libs/container/doc/allocplus/adaptive_pool_msvc-7.1_3.jpg">
      <Filter>Resource Files\doc\allocplus</Filter>
    </Image>
    <Image Include="../../thirdparty/owemdjee/boost/libs/container/doc/allocplus/adaptive_pool_msvc-7.1_4.jpg">
      <Filter>Resource Files\doc\allocplus</Filter>
    </Image>
    <Image Include="../../thirdparty/owemdjee/boost/libs/container/doc/allocplus/adaptive_pool_msvc-7.1_5.jpg">
      <Filter>Resource Files\doc\allocplus</Filter>
    </Image>
    <Image Include="../../thirdparty/owemdjee/boost/libs/container/doc/allocplus/adaptive_pool_msvc-7.1_6.jpg">
      <Filter>Resource Files\doc\allocplus</Filter>
    </Image>
    <Image Include="../../thirdparty/owemdjee/boost/libs/container/doc/allocplus/burst_allocation_linux-gcc-4.1_1.jpg">
      <Filter>Resource Files\doc\allocplus</Filter>
    </Image>
    <Image Include="../../thirdparty/owemdjee/boost/libs/container/doc/allocplus/burst_allocation_linux-gcc-4.1_2.jpg">
      <Filter>Resource Files\doc\allocplus</Filter>
    </Image>
    <Image Include="../../thirdparty/owemdjee/boost/libs/container/doc/allocplus/burst_allocation_msvc-7.1_1.jpg">
      <Filter>Resource Files\doc\allocplus</Filter>
    </Image>
    <Image Include="../../thirdparty/owemdjee/boost/libs/container/doc/allocplus/burst_allocation_msvc-7.1_2.jpg">
      <Filter>Resource Files\doc\allocplus</Filter>
    </Image>
    <Image Include="../../thirdparty/owemdjee/boost/libs/container/doc/allocplus/bwd_expansion_linux-gcc-4.1.jpg">
      <Filter>Resource Files\doc\allocplus</Filter>
    </Image>
    <Image Include="../../thirdparty/owemdjee/boost/libs/container/doc/allocplus/bwd_expansion_msvc-7.1.jpg">
      <Filter>Resource Files\doc\allocplus</Filter>
    </Image>
    <Image Include="../../thirdparty/owemdjee/boost/libs/container/doc/allocplus/fwd_expansion_linux-gcc-4.1.jpg">
      <Filter>Resource Files\doc\allocplus</Filter>
    </Image>
    <Image Include="../../thirdparty/owemdjee/boost/libs/container/doc/allocplus/fwd_expansion_msvc-7.1_1.jpg">
      <Filter>Resource Files\doc\allocplus</Filter>
    </Image>
    <Image Include="../../thirdparty/owemdjee/boost/libs/container/doc/allocplus/fwd_expansion_msvc-7.1_2.jpg">
      <Filter>Resource Files\doc\allocplus</Filter>
    </Image>
    <Image Include="../../thirdparty/owemdjee/boost/libs/container/doc/allocplus/fwd_expansion_msvc-7.1_3.jpg">
      <Filter>Resource Files\doc\allocplus</Filter>
    </Image>
    <Image Include="../../thirdparty/owemdjee/boost/libs/container/doc/allocplus/fwd_expansion_msvc-7.1_4.jpg">
      <Filter>Resource Files\doc\allocplus</Filter>
    </Image>
    <Image Include="../../thirdparty/owemdjee/boost/libs/container/doc/allocplus/shrink_to_fit_linux-gcc-4.1_1.jpg">
      <Filter>Resource Files\doc\allocplus</Filter>
    </Image>
    <Image Include="../../thirdparty/owemdjee/boost/libs/container/doc/allocplus/shrink_to_fit_msvc-7.1_1.jpg">
      <Filter>Resource Files\doc\allocplus</Filter>
    </Image>
    <Image Include="../../thirdparty/owemdjee/boost/libs/container/doc/allocplus/shrink_to_fit_msvc-7.1_2.jpg">
      <Filter>Resource Files\doc\allocplus</Filter>
    </Image>
    <Image Include="../../thirdparty/owemdjee/boost/libs/container/doc/images/stable_vector.png">
      <Filter>Resource Files\doc\images</Filter>
    </Image>
    <Text Include="../../thirdparty/owemdjee/boost/libs/container/CMakeLists.txt">
      <Filter>Misc Files</Filter>
    </Text>
    <Text Include="../../thirdparty/owemdjee/boost/libs/container/LICENSE_1_0.txt">
      <Filter>Misc Files</Filter>
    </Text>
    <Text Include="../../thirdparty/owemdjee/boost/libs/container/README.md">
      <Filter>Misc Files</Filter>
    </Text>
    <Text Include="../../thirdparty/owemdjee/boost/libs/container/build.jam">
      <Filter>Misc Files</Filter>
    </Text>
    <Text Include="../../thirdparty/owemdjee/boost/libs/container/build/Jamfile.v2">
      <Filter>Misc Files\build</Filter>
    </Text>
    <Text Include="../../thirdparty/owemdjee/boost/libs/container/doc/Jamfile.v2">
      <Filter>Misc Files\doc</Filter>
    </Text>
    <Text Include="../../thirdparty/owemdjee/boost/libs/container/doc/allocplus/index.html">
      <Filter>Misc Files\doc\allocplus</Filter>
    </Text>
    <Text Include="../../thirdparty/owemdjee/boost/libs/container/doc/index.idx">
      <Filter>Misc Files\doc</Filter>
    </Text>
    <Text Include="../../thirdparty/owemdjee/boost/libs/container/index.html">
      <Filter>Misc Files</Filter>
    </Text>
    <Text Include="../../thirdparty/owemdjee/boost/libs/container/meta/libraries.json">
      <Filter>Misc Files\meta</Filter>
    </Text>
  </ItemGroup>
</Project>
