<?xml version="1.0" encoding="utf-8"?>
<Project ToolsVersion="4.0" xmlns="http://schemas.microsoft.com/developer/msbuild/2003">
  <ItemGroup>
    <Filter Include="Source Files">
      <UniqueIdentifier>{d2a97047-4937-4f7a-ab2f-4485e03fd328}</UniqueIdentifier>
    </Filter>
    <Filter Include="Header Files">
      <UniqueIdentifier>{42f0fc98-34f6-4567-b3cf-de13e74a89ab}</UniqueIdentifier>
    </Filter>
    <Filter Include="Misc Files">
      <UniqueIdentifier>{b1798409-2031-413d-9df7-70b0202ddd98}</UniqueIdentifier>
    </Filter>
  </ItemGroup>
  <ItemGroup>
    <Filter Include="Header Files\include">
      <UniqueIdentifier>{d2a97047-4937-4f7a-ab2f-4485e03f0002}</UniqueIdentifier>
    </Filter>
    <Filter Include="Header Files\include\bit7z">
      <UniqueIdentifier>{d2a97047-4937-4f7a-ab2f-4485e03f0001}</UniqueIdentifier>
    </Filter>
    <Filter Include="Header Files\src">
      <UniqueIdentifier>{d2a97047-4937-4f7a-ab2f-4485e03f0004}</UniqueIdentifier>
    </Filter>
    <Filter Include="Header Files\src\internal">
      <UniqueIdentifier>{d2a97047-4937-4f7a-ab2f-4485e03f0003}</UniqueIdentifier>
    </Filter>
    <Filter Include="Header Files\tests">
      <UniqueIdentifier>{d2a97047-4937-4f7a-ab2f-4485e03f0007}</UniqueIdentifier>
    </Filter>
    <Filter Include="Header Files\tests\src">
      <UniqueIdentifier>{d2a97047-4937-4f7a-ab2f-4485e03f0006}</UniqueIdentifier>
    </Filter>
    <Filter Include="Header Files\tests\src\utils">
      <UniqueIdentifier>{d2a97047-4937-4f7a-ab2f-4485e03f0005}</UniqueIdentifier>
    </Filter>
    <Filter Include="Misc Files\cmake">
      <UniqueIdentifier>{d2a97047-4937-4f7a-ab2f-4485e03f0008}</UniqueIdentifier>
    </Filter>
    <Filter Include="Misc Files\docs">
      <UniqueIdentifier>{d2a97047-4937-4f7a-ab2f-4485e03f0009}</UniqueIdentifier>
    </Filter>
    <Filter Include="Misc Files\tests">
      <UniqueIdentifier>{d2a97047-4937-4f7a-ab2f-4485e03f0010}</UniqueIdentifier>
    </Filter>
    <Filter Include="Misc Files\tests\cmake">
      <UniqueIdentifier>{d2a97047-4937-4f7a-ab2f-4485e03f0011}</UniqueIdentifier>
    </Filter>
    <Filter Include="Misc Files\tests\res">
      <UniqueIdentifier>{d2a97047-4937-4f7a-ab2f-4485e03f0012}</UniqueIdentifier>
    </Filter>
    <Filter Include="Resource Files">
      <UniqueIdentifier>{d2a97047-4937-4f7a-ab2f-4485e03f0013}</UniqueIdentifier>
    </Filter>
    <Filter Include="Resource Files\tests">
      <UniqueIdentifier>{d2a97047-4937-4f7a-ab2f-4485e03f0015}</UniqueIdentifier>
    </Filter>
    <Filter Include="Resource Files\tests\res">
      <UniqueIdentifier>{d2a97047-4937-4f7a-ab2f-4485e03f0014}</UniqueIdentifier>
    </Filter>
    <Filter Include="Source Files\src">
      <UniqueIdentifier>{d2a97047-4937-4f7a-ab2f-4485e03f0016}</UniqueIdentifier>
    </Filter>
    <Filter Include="Source Files\src\internal">
      <UniqueIdentifier>{d2a97047-4937-4f7a-ab2f-4485e03f0017}</UniqueIdentifier>
    </Filter>
    <Filter Include="Source Files\tests">
      <UniqueIdentifier>{d2a97047-4937-4f7a-ab2f-4485e03f0019}</UniqueIdentifier>
    </Filter>
    <Filter Include="Source Files\tests\src">
      <UniqueIdentifier>{d2a97047-4937-4f7a-ab2f-4485e03f0018}</UniqueIdentifier>
    </Filter>
    <Filter Include="Source Files\tests\src\utils">
      <UniqueIdentifier>{d2a97047-4937-4f7a-ab2f-4485e03f0020}</UniqueIdentifier>
    </Filter>
  </ItemGroup>
  <ItemGroup>
    <ClCompile Include="../../thirdparty/owemdjee/bit7z/src/bit7zlibrary.cpp">
      <Filter>Source Files\src</Filter>
    </ClCompile>
    <ClCompile Include="../../thirdparty/owemdjee/bit7z/src/bitabstractarchivecreator.cpp">
      <Filter>Source Files\src</Filter>
    </ClCompile>
    <ClCompile Include="../../thirdparty/owemdjee/bit7z/src/bitabstractarchivehandler.cpp">
      <Filter>Source Files\src</Filter>
    </ClCompile>
    <ClCompile Include="../../thirdparty/owemdjee/bit7z/src/bitabstractarchiveopener.cpp">
      <Filter>Source Files\src</Filter>
    </ClCompile>
    <ClCompile Include="../../thirdparty/owemdjee/bit7z/src/bitarchiveeditor.cpp">
      <Filter>Source Files\src</Filter>
    </ClCompile>
    <ClCompile Include="../../thirdparty/owemdjee/bit7z/src/bitarchiveitem.cpp">
      <Filter>Source Files\src</Filter>
    </ClCompile>
    <ClCompile Include="../../thirdparty/owemdjee/bit7z/src/bitarchiveiteminfo.cpp">
      <Filter>Source Files\src</Filter>
    </ClCompile>
    <ClCompile Include="../../thirdparty/owemdjee/bit7z/src/bitarchiveitemoffset.cpp">
      <Filter>Source Files\src</Filter>
    </ClCompile>
    <ClCompile Include="../../thirdparty/owemdjee/bit7z/src/bitarchivereader.cpp">
      <Filter>Source Files\src</Filter>
    </ClCompile>
    <ClCompile Include="../../thirdparty/owemdjee/bit7z/src/bitarchivewriter.cpp">
      <Filter>Source Files\src</Filter>
    </ClCompile>
    <ClCompile Include="../../thirdparty/owemdjee/bit7z/src/biterror.cpp">
      <Filter>Source Files\src</Filter>
    </ClCompile>
    <ClCompile Include="../../thirdparty/owemdjee/bit7z/src/bitexception.cpp">
      <Filter>Source Files\src</Filter>
    </ClCompile>
    <ClCompile Include="../../thirdparty/owemdjee/bit7z/src/bitfilecompressor.cpp">
      <Filter>Source Files\src</Filter>
    </ClCompile>
    <ClCompile Include="../../thirdparty/owemdjee/bit7z/src/bitformat.cpp">
      <Filter>Source Files\src</Filter>
    </ClCompile>
    <ClCompile Include="../../thirdparty/owemdjee/bit7z/src/bitinputarchive.cpp">
      <Filter>Source Files\src</Filter>
    </ClCompile>
    <ClCompile Include="../../thirdparty/owemdjee/bit7z/src/bititemsvector.cpp">
      <Filter>Source Files\src</Filter>
    </ClCompile>
    <ClCompile Include="../../thirdparty/owemdjee/bit7z/src/bitoutputarchive.cpp">
      <Filter>Source Files\src</Filter>
    </ClCompile>
    <ClCompile Include="../../thirdparty/owemdjee/bit7z/src/bitpropvariant.cpp">
      <Filter>Source Files\src</Filter>
    </ClCompile>
    <ClCompile Include="../../thirdparty/owemdjee/bit7z/src/bittypes.cpp">
      <Filter>Source Files\src</Filter>
    </ClCompile>
    <ClCompile Include="../../thirdparty/owemdjee/bit7z/src/internal/bufferextractcallback.cpp">
      <Filter>Source Files\src\internal</Filter>
    </ClCompile>
    <ClCompile Include="../../thirdparty/owemdjee/bit7z/src/internal/bufferitem.cpp">
      <Filter>Source Files\src\internal</Filter>
    </ClCompile>
    <ClCompile Include="../../thirdparty/owemdjee/bit7z/src/internal/bufferutil.cpp">
      <Filter>Source Files\src\internal</Filter>
    </ClCompile>
    <ClCompile Include="../../thirdparty/owemdjee/bit7z/src/internal/callback.cpp">
      <Filter>Source Files\src\internal</Filter>
    </ClCompile>
    <ClCompile Include="../../thirdparty/owemdjee/bit7z/src/internal/cbufferinstream.cpp">
      <Filter>Source Files\src\internal</Filter>
    </ClCompile>
    <ClCompile Include="../../thirdparty/owemdjee/bit7z/src/internal/cbufferoutstream.cpp">
      <Filter>Source Files\src\internal</Filter>
    </ClCompile>
    <ClCompile Include="../../thirdparty/owemdjee/bit7z/src/internal/cfileinstream.cpp">
      <Filter>Source Files\src\internal</Filter>
    </ClCompile>
    <ClCompile Include="../../thirdparty/owemdjee/bit7z/src/internal/cfileoutstream.cpp">
      <Filter>Source Files\src\internal</Filter>
    </ClCompile>
    <ClCompile Include="../../thirdparty/owemdjee/bit7z/src/internal/cfixedbufferoutstream.cpp">
      <Filter>Source Files\src\internal</Filter>
    </ClCompile>
    <ClCompile Include="../../thirdparty/owemdjee/bit7z/src/internal/cmultivolumeinstream.cpp">
      <Filter>Source Files\src\internal</Filter>
    </ClCompile>
    <ClCompile Include="../../thirdparty/owemdjee/bit7z/src/internal/cmultivolumeoutstream.cpp">
      <Filter>Source Files\src\internal</Filter>
    </ClCompile>
    <ClCompile Include="../../thirdparty/owemdjee/bit7z/src/internal/cstdinstream.cpp">
      <Filter>Source Files\src\internal</Filter>
    </ClCompile>
    <ClCompile Include="../../thirdparty/owemdjee/bit7z/src/internal/cstdoutstream.cpp">
      <Filter>Source Files\src\internal</Filter>
    </ClCompile>
    <ClCompile Include="../../thirdparty/owemdjee/bit7z/src/internal/csymlinkinstream.cpp">
      <Filter>Source Files\src\internal</Filter>
    </ClCompile>
    <ClCompile Include="../../thirdparty/owemdjee/bit7z/src/internal/cvolumeinstream.cpp">
      <Filter>Source Files\src\internal</Filter>
    </ClCompile>
    <ClCompile Include="../../thirdparty/owemdjee/bit7z/src/internal/cvolumeoutstream.cpp">
      <Filter>Source Files\src\internal</Filter>
    </ClCompile>
    <ClCompile Include="../../thirdparty/owemdjee/bit7z/src/internal/dateutil.cpp">
      <Filter>Source Files\src\internal</Filter>
    </ClCompile>
    <ClCompile Include="../../thirdparty/owemdjee/bit7z/src/internal/extractcallback.cpp">
      <Filter>Source Files\src\internal</Filter>
    </ClCompile>
    <ClCompile Include="../../thirdparty/owemdjee/bit7z/src/internal/failuresourcecategory.cpp">
      <Filter>Source Files\src\internal</Filter>
    </ClCompile>
    <ClCompile Include="../../thirdparty/owemdjee/bit7z/src/internal/fileextractcallback.cpp">
      <Filter>Source Files\src\internal</Filter>
    </ClCompile>
    <ClCompile Include="../../thirdparty/owemdjee/bit7z/src/internal/fixedbufferextractcallback.cpp">
      <Filter>Source Files\src\internal</Filter>
    </ClCompile>
    <ClCompile Include="../../thirdparty/owemdjee/bit7z/src/internal/formatdetect.cpp">
      <Filter>Source Files\src\internal</Filter>
    </ClCompile>
    <ClCompile Include="../../thirdparty/owemdjee/bit7z/src/internal/fsindexer.cpp">
      <Filter>Source Files\src\internal</Filter>
    </ClCompile>
    <ClCompile Include="../../thirdparty/owemdjee/bit7z/src/internal/fsitem.cpp">
      <Filter>Source Files\src\internal</Filter>
    </ClCompile>
    <ClCompile Include="../../thirdparty/owemdjee/bit7z/src/internal/fsutil.cpp">
      <Filter>Source Files\src\internal</Filter>
    </ClCompile>
    <ClCompile Include="../../thirdparty/owemdjee/bit7z/src/internal/genericinputitem.cpp">
      <Filter>Source Files\src\internal</Filter>
    </ClCompile>
    <ClCompile Include="../../thirdparty/owemdjee/bit7z/src/internal/guids.cpp">
      <Filter>Source Files\src\internal</Filter>
    </ClCompile>
    <ClCompile Include="../../thirdparty/owemdjee/bit7z/src/internal/hresultcategory.cpp">
      <Filter>Source Files\src\internal</Filter>
    </ClCompile>
    <ClCompile Include="../../thirdparty/owemdjee/bit7z/src/internal/internalcategory.cpp">
      <Filter>Source Files\src\internal</Filter>
    </ClCompile>
    <ClCompile Include="../../thirdparty/owemdjee/bit7z/src/internal/opencallback.cpp">
      <Filter>Source Files\src\internal</Filter>
    </ClCompile>
    <ClCompile Include="../../thirdparty/owemdjee/bit7z/src/internal/operationcategory.cpp">
      <Filter>Source Files\src\internal</Filter>
    </ClCompile>
    <ClCompile Include="../../thirdparty/owemdjee/bit7z/src/internal/operationresult.cpp">
      <Filter>Source Files\src\internal</Filter>
    </ClCompile>
    <ClCompile Include="../../thirdparty/owemdjee/bit7z/src/internal/processeditem.cpp">
      <Filter>Source Files\src\internal</Filter>
    </ClCompile>
    <ClCompile Include="../../thirdparty/owemdjee/bit7z/src/internal/renameditem.cpp">
      <Filter>Source Files\src\internal</Filter>
    </ClCompile>
    <ClCompile Include="../../thirdparty/owemdjee/bit7z/src/internal/stdinputitem.cpp">
      <Filter>Source Files\src\internal</Filter>
    </ClCompile>
    <ClCompile Include="../../thirdparty/owemdjee/bit7z/src/internal/streamextractcallback.cpp">
      <Filter>Source Files\src\internal</Filter>
    </ClCompile>
    <ClCompile Include="../../thirdparty/owemdjee/bit7z/src/internal/stringutil.cpp">
      <Filter>Source Files\src\internal</Filter>
    </ClCompile>
    <ClCompile Include="../../thirdparty/owemdjee/bit7z/src/internal/updatecallback.cpp">
      <Filter>Source Files\src\internal</Filter>
    </ClCompile>
    <ClCompile Include="../../thirdparty/owemdjee/bit7z/src/internal/windows.cpp">
      <Filter>Source Files\src\internal</Filter>
    </ClCompile>
    <ClCompile Include="../../thirdparty/owemdjee/bit7z/tests/src/main.cpp">
      <Filter>Source Files\tests\src</Filter>
    </ClCompile>
    <ClCompile Include="../../thirdparty/owemdjee/bit7z/tests/src/test_bit7zlibrary.cpp">
      <Filter>Source Files\tests\src</Filter>
    </ClCompile>
    <ClCompile Include="../../thirdparty/owemdjee/bit7z/tests/src/test_bitabstractarchivecreator.cpp">
      <Filter>Source Files\tests\src</Filter>
    </ClCompile>
    <ClCompile Include="../../thirdparty/owemdjee/bit7z/tests/src/test_bitarchiveeditor.cpp">
      <Filter>Source Files\tests\src</Filter>
    </ClCompile>
    <ClCompile Include="../../thirdparty/owemdjee/bit7z/tests/src/test_bitarchivereader.cpp">
      <Filter>Source Files\tests\src</Filter>
    </ClCompile>
    <ClCompile Include="../../thirdparty/owemdjee/bit7z/tests/src/test_bitarchivewriter.cpp">
      <Filter>Source Files\tests\src</Filter>
    </ClCompile>
    <ClCompile Include="../../thirdparty/owemdjee/bit7z/tests/src/test_biterror.cpp">
      <Filter>Source Files\tests\src</Filter>
    </ClCompile>
    <ClCompile Include="../../thirdparty/owemdjee/bit7z/tests/src/test_bitexception.cpp">
      <Filter>Source Files\tests\src</Filter>
    </ClCompile>
    <ClCompile Include="../../thirdparty/owemdjee/bit7z/tests/src/test_bitfilecompressor.cpp">
      <Filter>Source Files\tests\src</Filter>
    </ClCompile>
    <ClCompile Include="../../thirdparty/owemdjee/bit7z/tests/src/test_bitfileextractor.cpp">
      <Filter>Source Files\tests\src</Filter>
    </ClCompile>
    <ClCompile Include="../../thirdparty/owemdjee/bit7z/tests/src/test_bititemsvector.cpp">
      <Filter>Source Files\tests\src</Filter>
    </ClCompile>
    <ClCompile Include="../../thirdparty/owemdjee/bit7z/tests/src/test_bitmemcompressor.cpp">
      <Filter>Source Files\tests\src</Filter>
    </ClCompile>
    <ClCompile Include="../../thirdparty/owemdjee/bit7z/tests/src/test_bitmemextractor.cpp">
      <Filter>Source Files\tests\src</Filter>
    </ClCompile>
    <ClCompile Include="../../thirdparty/owemdjee/bit7z/tests/src/test_bitpropvariant.cpp">
      <Filter>Source Files\tests\src</Filter>
    </ClCompile>
    <ClCompile Include="../../thirdparty/owemdjee/bit7z/tests/src/test_bitstreamcompressor.cpp">
      <Filter>Source Files\tests\src</Filter>
    </ClCompile>
    <ClCompile Include="../../thirdparty/owemdjee/bit7z/tests/src/test_bitstreamextractor.cpp">
      <Filter>Source Files\tests\src</Filter>
    </ClCompile>
    <ClCompile Include="../../thirdparty/owemdjee/bit7z/tests/src/test_cbufferinstream.cpp">
      <Filter>Source Files\tests\src</Filter>
    </ClCompile>
    <ClCompile Include="../../thirdparty/owemdjee/bit7z/tests/src/test_dateutil.cpp">
      <Filter>Source Files\tests\src</Filter>
    </ClCompile>
    <ClCompile Include="../../thirdparty/owemdjee/bit7z/tests/src/test_formatdetect.cpp">
      <Filter>Source Files\tests\src</Filter>
    </ClCompile>
    <ClCompile Include="../../thirdparty/owemdjee/bit7z/tests/src/test_fsutil.cpp">
      <Filter>Source Files\tests\src</Filter>
    </ClCompile>
    <ClCompile Include="../../thirdparty/owemdjee/bit7z/tests/src/test_stringutil.cpp">
      <Filter>Source Files\tests\src</Filter>
    </ClCompile>
    <ClCompile Include="../../thirdparty/owemdjee/bit7z/tests/src/test_util.cpp">
      <Filter>Source Files\tests\src</Filter>
    </ClCompile>
    <ClCompile Include="../../thirdparty/owemdjee/bit7z/tests/src/test_windows.cpp">
      <Filter>Source Files\tests\src</Filter>
    </ClCompile>
    <ClCompile Include="../../thirdparty/owemdjee/bit7z/tests/src/utils/archive.cpp">
      <Filter>Source Files\tests\src\utils</Filter>
    </ClCompile>
    <ClCompile Include="../../thirdparty/owemdjee/bit7z/tests/src/utils/filesystem.cpp">
      <Filter>Source Files\tests\src\utils</Filter>
    </ClCompile>
    <ClInclude Include="../../thirdparty/owemdjee/bit7z/include/bit7z/bit7z.hpp">
      <Filter>Header Files\include\bit7z</Filter>
    </ClInclude>
    <ClInclude Include="../../thirdparty/owemdjee/bit7z/include/bit7z/bit7zlibrary.hpp">
      <Filter>Header Files\include\bit7z</Filter>
    </ClInclude>
    <ClInclude Include="../../thirdparty/owemdjee/bit7z/include/bit7z/bitabstractarchivecreator.hpp">
      <Filter>Header Files\include\bit7z</Filter>
    </ClInclude>
    <ClInclude Include="../../thirdparty/owemdjee/bit7z/include/bit7z/bitabstractarchivehandler.hpp">
      <Filter>Header Files\include\bit7z</Filter>
    </ClInclude>
    <ClInclude Include="../../thirdparty/owemdjee/bit7z/include/bit7z/bitabstractarchiveopener.hpp">
      <Filter>Header Files\include\bit7z</Filter>
    </ClInclude>
    <ClInclude Include="../../thirdparty/owemdjee/bit7z/include/bit7z/bitarchiveeditor.hpp">
      <Filter>Header Files\include\bit7z</Filter>
    </ClInclude>
    <ClInclude Include="../../thirdparty/owemdjee/bit7z/include/bit7z/bitarchiveitem.hpp">
      <Filter>Header Files\include\bit7z</Filter>
    </ClInclude>
    <ClInclude Include="../../thirdparty/owemdjee/bit7z/include/bit7z/bitarchiveiteminfo.hpp">
      <Filter>Header Files\include\bit7z</Filter>
    </ClInclude>
    <ClInclude Include="../../thirdparty/owemdjee/bit7z/include/bit7z/bitarchiveitemoffset.hpp">
      <Filter>Header Files\include\bit7z</Filter>
    </ClInclude>
    <ClInclude Include="../../thirdparty/owemdjee/bit7z/include/bit7z/bitarchivereader.hpp">
      <Filter>Header Files\include\bit7z</Filter>
    </ClInclude>
    <ClInclude Include="../../thirdparty/owemdjee/bit7z/include/bit7z/bitarchivewriter.hpp">
      <Filter>Header Files\include\bit7z</Filter>
    </ClInclude>
    <ClInclude Include="../../thirdparty/owemdjee/bit7z/include/bit7z/bitcompressionlevel.hpp">
      <Filter>Header Files\include\bit7z</Filter>
    </ClInclude>
    <ClInclude Include="../../thirdparty/owemdjee/bit7z/include/bit7z/bitcompressionmethod.hpp">
      <Filter>Header Files\include\bit7z</Filter>
    </ClInclude>
    <ClInclude Include="../../thirdparty/owemdjee/bit7z/include/bit7z/bitcompressor.hpp">
      <Filter>Header Files\include\bit7z</Filter>
    </ClInclude>
    <ClInclude Include="../../thirdparty/owemdjee/bit7z/include/bit7z/bitdefines.hpp">
      <Filter>Header Files\include\bit7z</Filter>
    </ClInclude>
    <ClInclude Include="../../thirdparty/owemdjee/bit7z/include/bit7z/biterror.hpp">
      <Filter>Header Files\include\bit7z</Filter>
    </ClInclude>
    <ClInclude Include="../../thirdparty/owemdjee/bit7z/include/bit7z/bitexception.hpp">
      <Filter>Header Files\include\bit7z</Filter>
    </ClInclude>
    <ClInclude Include="../../thirdparty/owemdjee/bit7z/include/bit7z/bitextractor.hpp">
      <Filter>Header Files\include\bit7z</Filter>
    </ClInclude>
    <ClInclude Include="../../thirdparty/owemdjee/bit7z/include/bit7z/bitfilecompressor.hpp">
      <Filter>Header Files\include\bit7z</Filter>
    </ClInclude>
    <ClInclude Include="../../thirdparty/owemdjee/bit7z/include/bit7z/bitfileextractor.hpp">
      <Filter>Header Files\include\bit7z</Filter>
    </ClInclude>
    <ClInclude Include="../../thirdparty/owemdjee/bit7z/include/bit7z/bitformat.hpp">
      <Filter>Header Files\include\bit7z</Filter>
    </ClInclude>
    <ClInclude Include="../../thirdparty/owemdjee/bit7z/include/bit7z/bitfs.hpp">
      <Filter>Header Files\include\bit7z</Filter>
    </ClInclude>
    <ClInclude Include="../../thirdparty/owemdjee/bit7z/include/bit7z/bitgenericitem.hpp">
      <Filter>Header Files\include\bit7z</Filter>
    </ClInclude>
    <ClInclude Include="../../thirdparty/owemdjee/bit7z/include/bit7z/bitinputarchive.hpp">
      <Filter>Header Files\include\bit7z</Filter>
    </ClInclude>
    <ClInclude Include="../../thirdparty/owemdjee/bit7z/include/bit7z/bititemsvector.hpp">
      <Filter>Header Files\include\bit7z</Filter>
    </ClInclude>
    <ClInclude Include="../../thirdparty/owemdjee/bit7z/include/bit7z/bitmemcompressor.hpp">
      <Filter>Header Files\include\bit7z</Filter>
    </ClInclude>
    <ClInclude Include="../../thirdparty/owemdjee/bit7z/include/bit7z/bitmemextractor.hpp">
      <Filter>Header Files\include\bit7z</Filter>
    </ClInclude>
    <ClInclude Include="../../thirdparty/owemdjee/bit7z/include/bit7z/bitoutputarchive.hpp">
      <Filter>Header Files\include\bit7z</Filter>
    </ClInclude>
    <ClInclude Include="../../thirdparty/owemdjee/bit7z/include/bit7z/bitpropvariant.hpp">
      <Filter>Header Files\include\bit7z</Filter>
    </ClInclude>
    <ClInclude Include="../../thirdparty/owemdjee/bit7z/include/bit7z/bitstreamcompressor.hpp">
      <Filter>Header Files\include\bit7z</Filter>
    </ClInclude>
    <ClInclude Include="../../thirdparty/owemdjee/bit7z/include/bit7z/bitstreamextractor.hpp">
      <Filter>Header Files\include\bit7z</Filter>
    </ClInclude>
    <ClInclude Include="../../thirdparty/owemdjee/bit7z/include/bit7z/bittypes.hpp">
      <Filter>Header Files\include\bit7z</Filter>
    </ClInclude>
    <ClInclude Include="../../thirdparty/owemdjee/bit7z/include/bit7z/bitwindows.hpp">
      <Filter>Header Files\include\bit7z</Filter>
    </ClInclude>
    <ClInclude Include="../../thirdparty/owemdjee/bit7z/src/internal/archiveproperties.hpp">
      <Filter>Header Files\src\internal</Filter>
    </ClInclude>
    <ClInclude Include="../../thirdparty/owemdjee/bit7z/src/internal/bufferextractcallback.hpp">
      <Filter>Header Files\src\internal</Filter>
    </ClInclude>
    <ClInclude Include="../../thirdparty/owemdjee/bit7z/src/internal/bufferitem.hpp">
      <Filter>Header Files\src\internal</Filter>
    </ClInclude>
    <ClInclude Include="../../thirdparty/owemdjee/bit7z/src/internal/bufferutil.hpp">
      <Filter>Header Files\src\internal</Filter>
    </ClInclude>
    <ClInclude Include="../../thirdparty/owemdjee/bit7z/src/internal/callback.hpp">
      <Filter>Header Files\src\internal</Filter>
    </ClInclude>
    <ClInclude Include="../../thirdparty/owemdjee/bit7z/src/internal/cbufferinstream.hpp">
      <Filter>Header Files\src\internal</Filter>
    </ClInclude>
    <ClInclude Include="../../thirdparty/owemdjee/bit7z/src/internal/cbufferoutstream.hpp">
      <Filter>Header Files\src\internal</Filter>
    </ClInclude>
    <ClInclude Include="../../thirdparty/owemdjee/bit7z/src/internal/cfileinstream.hpp">
      <Filter>Header Files\src\internal</Filter>
    </ClInclude>
    <ClInclude Include="../../thirdparty/owemdjee/bit7z/src/internal/cfileoutstream.hpp">
      <Filter>Header Files\src\internal</Filter>
    </ClInclude>
    <ClInclude Include="../../thirdparty/owemdjee/bit7z/src/internal/cfixedbufferoutstream.hpp">
      <Filter>Header Files\src\internal</Filter>
    </ClInclude>
    <ClInclude Include="../../thirdparty/owemdjee/bit7z/src/internal/cmultivolumeinstream.hpp">
      <Filter>Header Files\src\internal</Filter>
    </ClInclude>
    <ClInclude Include="../../thirdparty/owemdjee/bit7z/src/internal/cmultivolumeoutstream.hpp">
      <Filter>Header Files\src\internal</Filter>
    </ClInclude>
    <ClInclude Include="../../thirdparty/owemdjee/bit7z/src/internal/com.hpp">
      <Filter>Header Files\src\internal</Filter>
    </ClInclude>
    <ClInclude Include="../../thirdparty/owemdjee/bit7z/src/internal/cstdinstream.hpp">
      <Filter>Header Files\src\internal</Filter>
    </ClInclude>
    <ClInclude Include="../../thirdparty/owemdjee/bit7z/src/internal/cstdoutstream.hpp">
      <Filter>Header Files\src\internal</Filter>
    </ClInclude>
    <ClInclude Include="../../thirdparty/owemdjee/bit7z/src/internal/csymlinkinstream.hpp">
      <Filter>Header Files\src\internal</Filter>
    </ClInclude>
    <ClInclude Include="../../thirdparty/owemdjee/bit7z/src/internal/cvolumeinstream.hpp">
      <Filter>Header Files\src\internal</Filter>
    </ClInclude>
    <ClInclude Include="../../thirdparty/owemdjee/bit7z/src/internal/cvolumeoutstream.hpp">
      <Filter>Header Files\src\internal</Filter>
    </ClInclude>
    <ClInclude Include="../../thirdparty/owemdjee/bit7z/src/internal/dateutil.hpp">
      <Filter>Header Files\src\internal</Filter>
    </ClInclude>
    <ClInclude Include="../../thirdparty/owemdjee/bit7z/src/internal/extractcallback.hpp">
      <Filter>Header Files\src\internal</Filter>
    </ClInclude>
    <ClInclude Include="../../thirdparty/owemdjee/bit7z/src/internal/failuresourcecategory.hpp">
      <Filter>Header Files\src\internal</Filter>
    </ClInclude>
    <ClInclude Include="../../thirdparty/owemdjee/bit7z/src/internal/fileextractcallback.hpp">
      <Filter>Header Files\src\internal</Filter>
    </ClInclude>
    <ClInclude Include="../../thirdparty/owemdjee/bit7z/src/internal/fixedbufferextractcallback.hpp">
      <Filter>Header Files\src\internal</Filter>
    </ClInclude>
    <ClInclude Include="../../thirdparty/owemdjee/bit7z/src/internal/formatdetect.hpp">
      <Filter>Header Files\src\internal</Filter>
    </ClInclude>
    <ClInclude Include="../../thirdparty/owemdjee/bit7z/src/internal/fs.hpp">
      <Filter>Header Files\src\internal</Filter>
    </ClInclude>
    <ClInclude Include="../../thirdparty/owemdjee/bit7z/src/internal/fsindexer.hpp">
      <Filter>Header Files\src\internal</Filter>
    </ClInclude>
    <ClInclude Include="../../thirdparty/owemdjee/bit7z/src/internal/fsitem.hpp">
      <Filter>Header Files\src\internal</Filter>
    </ClInclude>
    <ClInclude Include="../../thirdparty/owemdjee/bit7z/src/internal/fsutil.hpp">
      <Filter>Header Files\src\internal</Filter>
    </ClInclude>
    <ClInclude Include="../../thirdparty/owemdjee/bit7z/src/internal/genericinputitem.hpp">
      <Filter>Header Files\src\internal</Filter>
    </ClInclude>
    <ClInclude Include="../../thirdparty/owemdjee/bit7z/src/internal/guiddef.hpp">
      <Filter>Header Files\src\internal</Filter>
    </ClInclude>
    <ClInclude Include="../../thirdparty/owemdjee/bit7z/src/internal/guids.hpp">
      <Filter>Header Files\src\internal</Filter>
    </ClInclude>
    <ClInclude Include="../../thirdparty/owemdjee/bit7z/src/internal/hresultcategory.hpp">
      <Filter>Header Files\src\internal</Filter>
    </ClInclude>
    <ClInclude Include="../../thirdparty/owemdjee/bit7z/src/internal/internalcategory.hpp">
      <Filter>Header Files\src\internal</Filter>
    </ClInclude>
    <ClInclude Include="../../thirdparty/owemdjee/bit7z/src/internal/macros.hpp">
      <Filter>Header Files\src\internal</Filter>
    </ClInclude>
    <ClInclude Include="../../thirdparty/owemdjee/bit7z/src/internal/opencallback.hpp">
      <Filter>Header Files\src\internal</Filter>
    </ClInclude>
    <ClInclude Include="../../thirdparty/owemdjee/bit7z/src/internal/operationcategory.hpp">
      <Filter>Header Files\src\internal</Filter>
    </ClInclude>
    <ClInclude Include="../../thirdparty/owemdjee/bit7z/src/internal/operationresult.hpp">
      <Filter>Header Files\src\internal</Filter>
    </ClInclude>
    <ClInclude Include="../../thirdparty/owemdjee/bit7z/src/internal/processeditem.hpp">
      <Filter>Header Files\src\internal</Filter>
    </ClInclude>
    <ClInclude Include="../../thirdparty/owemdjee/bit7z/src/internal/renameditem.hpp">
      <Filter>Header Files\src\internal</Filter>
    </ClInclude>
    <ClInclude Include="../../thirdparty/owemdjee/bit7z/src/internal/stdinputitem.hpp">
      <Filter>Header Files\src\internal</Filter>
    </ClInclude>
    <ClInclude Include="../../thirdparty/owemdjee/bit7z/src/internal/streamextractcallback.hpp">
      <Filter>Header Files\src\internal</Filter>
    </ClInclude>
    <ClInclude Include="../../thirdparty/owemdjee/bit7z/src/internal/streamutil.hpp">
      <Filter>Header Files\src\internal</Filter>
    </ClInclude>
    <ClInclude Include="../../thirdparty/owemdjee/bit7z/src/internal/stringutil.hpp">
      <Filter>Header Files\src\internal</Filter>
    </ClInclude>
    <ClInclude Include="../../thirdparty/owemdjee/bit7z/src/internal/updatecallback.hpp">
      <Filter>Header Files\src\internal</Filter>
    </ClInclude>
    <ClInclude Include="../../thirdparty/owemdjee/bit7z/src/internal/util.hpp">
      <Filter>Header Files\src\internal</Filter>
    </ClInclude>
    <ClInclude Include="../../thirdparty/owemdjee/bit7z/src/internal/windows.hpp">
      <Filter>Header Files\src\internal</Filter>
    </ClInclude>
    <ClInclude Include="../../thirdparty/owemdjee/bit7z/tests/src/utils/archive.hpp">
      <Filter>Header Files\tests\src\utils</Filter>
    </ClInclude>
    <ClInclude Include="../../thirdparty/owemdjee/bit7z/tests/src/utils/compiler.hpp">
      <Filter>Header Files\tests\src\utils</Filter>
    </ClInclude>
    <ClInclude Include="../../thirdparty/owemdjee/bit7z/tests/src/utils/datetime.hpp">
      <Filter>Header Files\tests\src\utils</Filter>
    </ClInclude>
    <ClInclude Include="../../thirdparty/owemdjee/bit7z/tests/src/utils/filesystem.hpp">
      <Filter>Header Files\tests\src\utils</Filter>
    </ClInclude>
    <ClInclude Include="../../thirdparty/owemdjee/bit7z/tests/src/utils/flags.hpp">
      <Filter>Header Files\tests\src\utils</Filter>
    </ClInclude>
    <ClInclude Include="../../thirdparty/owemdjee/bit7z/tests/src/utils/format.hpp">
      <Filter>Header Files\tests\src\utils</Filter>
    </ClInclude>
    <ClInclude Include="../../thirdparty/owemdjee/bit7z/tests/src/utils/shared_lib.hpp">
      <Filter>Header Files\tests\src\utils</Filter>
    </ClInclude>
    <ResourceCompile Include="../../thirdparty/owemdjee/bit7z/tests/res/encoding.rc">
      <Filter>Resource Files\tests\res</Filter>
    </ResourceCompile>
    <ResourceCompile Include="../../thirdparty/owemdjee/bit7z/tests/res/encodingLegacy.rc">
      <Filter>Resource Files\tests\res</Filter>
    </ResourceCompile>
    <Text Include="../../thirdparty/owemdjee/bit7z/CMakeLists.txt">
      <Filter>Misc Files</Filter>
    </Text>
    <Text Include="../../thirdparty/owemdjee/bit7z/CODE_OF_CONDUCT.md">
      <Filter>Misc Files</Filter>
    </Text>
    <Text Include="../../thirdparty/owemdjee/bit7z/LICENSE">
      <Filter>Misc Files</Filter>
    </Text>
    <Text Include="../../thirdparty/owemdjee/bit7z/README.md">
      <Filter>Misc Files</Filter>
    </Text>
    <Text Include="../../thirdparty/owemdjee/bit7z/appveyor.yml">
      <Filter>Misc Files</Filter>
    </Text>
    <Text Include="../../thirdparty/owemdjee/bit7z/cmake/BuildOptions.cmake">
      <Filter>Misc Files\cmake</Filter>
    </Text>
    <Text Include="../../thirdparty/owemdjee/bit7z/cmake/CompilerOptions.cmake">
      <Filter>Misc Files\cmake</Filter>
    </Text>
    <Text Include="../../thirdparty/owemdjee/bit7z/cmake/Dependencies.cmake">
      <Filter>Misc Files\cmake</Filter>
    </Text>
    <Text Include="../../thirdparty/owemdjee/bit7z/cmake/FilesystemDetect.cmake">
      <Filter>Misc Files\cmake</Filter>
    </Text>
    <Text Include="../../thirdparty/owemdjee/bit7z/cmake/OutputOptions.cmake">
      <Filter>Misc Files\cmake</Filter>
    </Text>
    <Text Include="../../thirdparty/owemdjee/bit7z/cmake/Sanitizers.cmake">
      <Filter>Misc Files\cmake</Filter>
    </Text>
    <Text Include="../../thirdparty/owemdjee/bit7z/cmake/TargetArchDetect.cmake">
      <Filter>Misc Files\cmake</Filter>
    </Text>
    <Text Include="../../thirdparty/owemdjee/bit7z/docs/CMakeLists.txt">
      <Filter>Misc Files\docs</Filter>
    </Text>
    <Text Include="../../thirdparty/owemdjee/bit7z/docs/Doxyfile.in">
      <Filter>Misc Files\docs</Filter>
    </Text>
    <Text Include="../../thirdparty/owemdjee/bit7z/tests/CMakeLists.txt">
      <Filter>Misc Files\tests</Filter>
    </Text>
    <Text Include="../../thirdparty/owemdjee/bit7z/tests/cmake/Catch2.cmake">
      <Filter>Misc Files\tests\cmake</Filter>
    </Text>
    <Text Include="../../thirdparty/owemdjee/bit7z/tests/res/encoding.manifest">
      <Filter>Misc Files\tests\res</Filter>
    </Text>
    <Text Include="../../thirdparty/owemdjee/bit7z/tests/res/encodingLegacy.manifest">
      <Filter>Misc Files\tests\res</Filter>
    </Text>
  </ItemGroup>
</Project>
