<?xml version="1.0" encoding="utf-8"?>
<Project ToolsVersion="4.0" xmlns="http://schemas.microsoft.com/developer/msbuild/2003">
  <ItemGroup>
    <Filter Include="Source Files">
      <UniqueIdentifier>{d2a97047-4937-4f7a-ab2f-4485e03fd328}</UniqueIdentifier>
    </Filter>
    <Filter Include="Header Files">
      <UniqueIdentifier>{42f0fc98-34f6-4567-b3cf-de13e74a89ab}</UniqueIdentifier>
    </Filter>
    <Filter Include="Misc Files">
      <UniqueIdentifier>{b1798409-2031-413d-9df7-70b0202ddd98}</UniqueIdentifier>
    </Filter>
  </ItemGroup>
  <ItemGroup>
    <ClCompile Include="../../source/system_override/force_link_dependency_helper.cpp">
      <Filter>Source Files</Filter>
    </ClCompile>
  </ItemGroup>
  <ItemGroup>
    <Filter Include="Header Files\cpppath___tdegeus">
      <UniqueIdentifier>{d2a97047-4937-4f7a-ab2f-4485e03f0002}</UniqueIdentifier>
    </Filter>
    <Filter Include="Header Files\cpppath___tdegeus\include">
      <UniqueIdentifier>{d2a97047-4937-4f7a-ab2f-4485e03f0001}</UniqueIdentifier>
    </Filter>
    <Filter Include="Header Files\include">
      <UniqueIdentifier>{d2a97047-4937-4f7a-ab2f-4485e03f0004}</UniqueIdentifier>
    </Filter>
    <Filter Include="Header Files\include\pathutils">
      <UniqueIdentifier>{d2a97047-4937-4f7a-ab2f-4485e03f0003}</UniqueIdentifier>
    </Filter>
    <Filter Include="Header Files\pistis-filesystem___tomault">
      <UniqueIdentifier>{d2a97047-4937-4f7a-ab2f-4485e03f0010}</UniqueIdentifier>
    </Filter>
    <Filter Include="Header Files\pistis-filesystem___tomault\src">
      <UniqueIdentifier>{d2a97047-4937-4f7a-ab2f-4485e03f0009}</UniqueIdentifier>
    </Filter>
    <Filter Include="Header Files\pistis-filesystem___tomault\src\main">
      <UniqueIdentifier>{d2a97047-4937-4f7a-ab2f-4485e03f0008}</UniqueIdentifier>
    </Filter>
    <Filter Include="Header Files\pistis-filesystem___tomault\src\main\cpp">
      <UniqueIdentifier>{d2a97047-4937-4f7a-ab2f-4485e03f0007}</UniqueIdentifier>
    </Filter>
    <Filter Include="Header Files\pistis-filesystem___tomault\src\main\cpp\pistis">
      <UniqueIdentifier>{d2a97047-4937-4f7a-ab2f-4485e03f0006}</UniqueIdentifier>
    </Filter>
    <Filter Include="Header Files\pistis-filesystem___tomault\src\main\cpp\pistis\filesystem">
      <UniqueIdentifier>{d2a97047-4937-4f7a-ab2f-4485e03f0005}</UniqueIdentifier>
    </Filter>
    <Filter Include="Header Files\pistis-filesystem___tomault\src\test">
      <UniqueIdentifier>{d2a97047-4937-4f7a-ab2f-4485e03f0014}</UniqueIdentifier>
    </Filter>
    <Filter Include="Header Files\pistis-filesystem___tomault\src\test\cpp">
      <UniqueIdentifier>{d2a97047-4937-4f7a-ab2f-4485e03f0013}</UniqueIdentifier>
    </Filter>
    <Filter Include="Header Files\pistis-filesystem___tomault\src\test\cpp\pistis">
      <UniqueIdentifier>{d2a97047-4937-4f7a-ab2f-4485e03f0012}</UniqueIdentifier>
    </Filter>
    <Filter Include="Header Files\pistis-filesystem___tomault\src\test\cpp\pistis\filesystem">
      <UniqueIdentifier>{d2a97047-4937-4f7a-ab2f-4485e03f0011}</UniqueIdentifier>
    </Filter>
    <Filter Include="Misc Files\cpppath___tdegeus">
      <UniqueIdentifier>{d2a97047-4937-4f7a-ab2f-4485e03f0015}</UniqueIdentifier>
    </Filter>
    <Filter Include="Misc Files\path___zzmodules">
      <UniqueIdentifier>{d2a97047-4937-4f7a-ab2f-4485e03f0016}</UniqueIdentifier>
    </Filter>
    <Filter Include="Misc Files\pistis-filesystem___tomault">
      <UniqueIdentifier>{d2a97047-4937-4f7a-ab2f-4485e03f0017}</UniqueIdentifier>
    </Filter>
    <Filter Include="Misc Files\pistis-filesystem___tomault\src">
      <UniqueIdentifier>{d2a97047-4937-4f7a-ab2f-4485e03f0020}</UniqueIdentifier>
    </Filter>
    <Filter Include="Misc Files\pistis-filesystem___tomault\src\test">
      <UniqueIdentifier>{d2a97047-4937-4f7a-ab2f-4485e03f0019}</UniqueIdentifier>
    </Filter>
    <Filter Include="Misc Files\pistis-filesystem___tomault\src\test\resources">
      <UniqueIdentifier>{d2a97047-4937-4f7a-ab2f-4485e03f0018}</UniqueIdentifier>
    </Filter>
    <Filter Include="Source Files\cpppath___tdegeus">
      <UniqueIdentifier>{d2a97047-4937-4f7a-ab2f-4485e03f0022}</UniqueIdentifier>
    </Filter>
    <Filter Include="Source Files\cpppath___tdegeus\tests">
      <UniqueIdentifier>{d2a97047-4937-4f7a-ab2f-4485e03f0021}</UniqueIdentifier>
    </Filter>
    <Filter Include="Source Files\path___zzmodules">
      <UniqueIdentifier>{d2a97047-4937-4f7a-ab2f-4485e03f0024}</UniqueIdentifier>
    </Filter>
    <Filter Include="Source Files\path___zzmodules\src">
      <UniqueIdentifier>{d2a97047-4937-4f7a-ab2f-4485e03f0023}</UniqueIdentifier>
    </Filter>
    <Filter Include="Source Files\path___zzmodules\tests">
      <UniqueIdentifier>{d2a97047-4937-4f7a-ab2f-4485e03f0025}</UniqueIdentifier>
    </Filter>
    <Filter Include="Source Files\pistis-filesystem___tomault">
      <UniqueIdentifier>{d2a97047-4937-4f7a-ab2f-4485e03f0031}</UniqueIdentifier>
    </Filter>
    <Filter Include="Source Files\pistis-filesystem___tomault\src">
      <UniqueIdentifier>{d2a97047-4937-4f7a-ab2f-4485e03f0030}</UniqueIdentifier>
    </Filter>
    <Filter Include="Source Files\pistis-filesystem___tomault\src\main">
      <UniqueIdentifier>{d2a97047-4937-4f7a-ab2f-4485e03f0029}</UniqueIdentifier>
    </Filter>
    <Filter Include="Source Files\pistis-filesystem___tomault\src\main\cpp">
      <UniqueIdentifier>{d2a97047-4937-4f7a-ab2f-4485e03f0028}</UniqueIdentifier>
    </Filter>
    <Filter Include="Source Files\pistis-filesystem___tomault\src\main\cpp\pistis">
      <UniqueIdentifier>{d2a97047-4937-4f7a-ab2f-4485e03f0027}</UniqueIdentifier>
    </Filter>
    <Filter Include="Source Files\pistis-filesystem___tomault\src\main\cpp\pistis\filesystem">
      <UniqueIdentifier>{d2a97047-4937-4f7a-ab2f-4485e03f0026}</UniqueIdentifier>
    </Filter>
    <Filter Include="Source Files\pistis-filesystem___tomault\src\test">
      <UniqueIdentifier>{d2a97047-4937-4f7a-ab2f-4485e03f0035}</UniqueIdentifier>
    </Filter>
    <Filter Include="Source Files\pistis-filesystem___tomault\src\test\cpp">
      <UniqueIdentifier>{d2a97047-4937-4f7a-ab2f-4485e03f0034}</UniqueIdentifier>
    </Filter>
    <Filter Include="Source Files\pistis-filesystem___tomault\src\test\cpp\pistis">
      <UniqueIdentifier>{d2a97047-4937-4f7a-ab2f-4485e03f0033}</UniqueIdentifier>
    </Filter>
    <Filter Include="Source Files\pistis-filesystem___tomault\src\test\cpp\pistis\filesystem">
      <UniqueIdentifier>{d2a97047-4937-4f7a-ab2f-4485e03f0032}</UniqueIdentifier>
    </Filter>
  </ItemGroup>
  <ItemGroup>
    <ClCompile Include="../../thirdparty/owemdjee/libpathutils/adhere-to-length-restrictions.cpp">
      <Filter>Source Files</Filter>
    </ClCompile>
    <ClCompile Include="../../thirdparty/owemdjee/libpathutils/clean-ascii_fy.cpp">
      <Filter>Source Files</Filter>
    </ClCompile>
    <ClCompile Include="../../thirdparty/owemdjee/libpathutils/clean-downloads-media.cpp">
      <Filter>Source Files</Filter>
    </ClCompile>
    <ClCompile Include="../../thirdparty/owemdjee/libpathutils/clean-hash-encoded-names.cpp">
      <Filter>Source Files</Filter>
    </ClCompile>
    <ClCompile Include="../../thirdparty/owemdjee/libpathutils/clean-msdos-windows-reserved-names.cpp">
      <Filter>Source Files</Filter>
    </ClCompile>
    <ClCompile Include="../../thirdparty/owemdjee/libpathutils/clean-ntfs-reserved-names.cpp">
      <Filter>Source Files</Filter>
    </ClCompile>
    <ClCompile Include="../../thirdparty/owemdjee/libpathutils/clean-spaces.cpp">
      <Filter>Source Files</Filter>
    </ClCompile>
    <ClCompile Include="../../thirdparty/owemdjee/libpathutils/clean-unix-obnoxiousnesses.cpp">
      <Filter>Source Files</Filter>
    </ClCompile>
    <ClCompile Include="../../thirdparty/owemdjee/libpathutils/clean-uri-encoded-names.cpp">
      <Filter>Source Files</Filter>
    </ClCompile>
    <ClCompile Include="../../thirdparty/owemdjee/libpathutils/cpppath___tdegeus/tests/main.cpp">
      <Filter>Source Files\cpppath___tdegeus\tests</Filter>
    </ClCompile>
    <ClCompile Include="../../thirdparty/owemdjee/libpathutils/internal-utils1.cpp">
      <Filter>Source Files</Filter>
    </ClCompile>
    <ClCompile Include="../../thirdparty/owemdjee/libpathutils/is_stdio.cpp">
      <Filter>Source Files</Filter>
    </ClCompile>
    <ClCompile Include="../../thirdparty/owemdjee/libpathutils/path___zzmodules/src/ancestors.c">
      <Filter>Source Files\path___zzmodules\src</Filter>
    </ClCompile>
    <ClCompile Include="../../thirdparty/owemdjee/libpathutils/path___zzmodules/src/delimiter.c">
      <Filter>Source Files\path___zzmodules\src</Filter>
    </ClCompile>
    <ClCompile Include="../../thirdparty/owemdjee/libpathutils/path___zzmodules/src/lib.c">
      <Filter>Source Files\path___zzmodules\src</Filter>
    </ClCompile>
    <ClCompile Include="../../thirdparty/owemdjee/libpathutils/path___zzmodules/src/native.c">
      <Filter>Source Files\path___zzmodules\src</Filter>
    </ClCompile>
    <ClCompile Include="../../thirdparty/owemdjee/libpathutils/path___zzmodules/src/path.c">
      <Filter>Source Files\path___zzmodules\src</Filter>
    </ClCompile>
    <ClCompile Include="../../thirdparty/owemdjee/libpathutils/path___zzmodules/src/path_buffer.c">
      <Filter>Source Files\path___zzmodules\src</Filter>
    </ClCompile>
    <ClCompile Include="../../thirdparty/owemdjee/libpathutils/path___zzmodules/src/separator.c">
      <Filter>Source Files\path___zzmodules\src</Filter>
    </ClCompile>
    <ClCompile Include="../../thirdparty/owemdjee/libpathutils/path___zzmodules/tests/ancestors_tests.c">
      <Filter>Source Files\path___zzmodules\tests</Filter>
    </ClCompile>
    <ClCompile Include="../../thirdparty/owemdjee/libpathutils/path___zzmodules/tests/delimiter_tests.c">
      <Filter>Source Files\path___zzmodules\tests</Filter>
    </ClCompile>
    <ClCompile Include="../../thirdparty/owemdjee/libpathutils/path___zzmodules/tests/path_buffer_tests.c">
      <Filter>Source Files\path___zzmodules\tests</Filter>
    </ClCompile>
    <ClCompile Include="../../thirdparty/owemdjee/libpathutils/path___zzmodules/tests/path_tests.c">
      <Filter>Source Files\path___zzmodules\tests</Filter>
    </ClCompile>
    <ClCompile Include="../../thirdparty/owemdjee/libpathutils/path___zzmodules/tests/separator_tests.c">
      <Filter>Source Files\path___zzmodules\tests</Filter>
    </ClCompile>
    <ClCompile Include="../../thirdparty/owemdjee/libpathutils/pistis-filesystem___tomault/src/main/cpp/pistis/filesystem/File.cpp">
      <Filter>Source Files\pistis-filesystem___tomault\src\main\cpp\pistis\filesystem</Filter>
    </ClCompile>
    <ClCompile Include="../../thirdparty/owemdjee/libpathutils/pistis-filesystem___tomault/src/main/cpp/pistis/filesystem/FileAccessMode.cpp">
      <Filter>Source Files\pistis-filesystem___tomault\src\main\cpp\pistis\filesystem</Filter>
    </ClCompile>
    <ClCompile Include="../../thirdparty/owemdjee/libpathutils/pistis-filesystem___tomault/src/main/cpp/pistis/filesystem/FileCreationMode.cpp">
      <Filter>Source Files\pistis-filesystem___tomault\src\main\cpp\pistis\filesystem</Filter>
    </ClCompile>
    <ClCompile Include="../../thirdparty/owemdjee/libpathutils/pistis-filesystem___tomault/src/main/cpp/pistis/filesystem/FileOpenOptions.cpp">
      <Filter>Source Files\pistis-filesystem___tomault\src\main\cpp\pistis\filesystem</Filter>
    </ClCompile>
    <ClCompile Include="../../thirdparty/owemdjee/libpathutils/pistis-filesystem___tomault/src/main/cpp/pistis/filesystem/FileOrigin.cpp">
      <Filter>Source Files\pistis-filesystem___tomault\src\main\cpp\pistis\filesystem</Filter>
    </ClCompile>
    <ClCompile Include="../../thirdparty/owemdjee/libpathutils/pistis-filesystem___tomault/src/main/cpp/pistis/filesystem/FilePermissions.cpp">
      <Filter>Source Files\pistis-filesystem___tomault\src\main\cpp\pistis\filesystem</Filter>
    </ClCompile>
    <ClCompile Include="../../thirdparty/owemdjee/libpathutils/pistis-filesystem___tomault/src/main/cpp/pistis/filesystem/Path.cpp">
      <Filter>Source Files\pistis-filesystem___tomault\src\main\cpp\pistis\filesystem</Filter>
    </ClCompile>
    <ClCompile Include="../../thirdparty/owemdjee/libpathutils/pistis-filesystem___tomault/src/test/cpp/pistis/filesystem/FileAccessModeTests.cpp">
      <Filter>Source Files\pistis-filesystem___tomault\src\test\cpp\pistis\filesystem</Filter>
    </ClCompile>
    <ClCompile Include="../../thirdparty/owemdjee/libpathutils/pistis-filesystem___tomault/src/test/cpp/pistis/filesystem/FileCreationModeTests.cpp">
      <Filter>Source Files\pistis-filesystem___tomault\src\test\cpp\pistis\filesystem</Filter>
    </ClCompile>
    <ClCompile Include="../../thirdparty/owemdjee/libpathutils/pistis-filesystem___tomault/src/test/cpp/pistis/filesystem/FileOpenOptionsTests.cpp">
      <Filter>Source Files\pistis-filesystem___tomault\src\test\cpp\pistis\filesystem</Filter>
    </ClCompile>
    <ClCompile Include="../../thirdparty/owemdjee/libpathutils/pistis-filesystem___tomault/src/test/cpp/pistis/filesystem/FileOriginTests.cpp">
      <Filter>Source Files\pistis-filesystem___tomault\src\test\cpp\pistis\filesystem</Filter>
    </ClCompile>
    <ClCompile Include="../../thirdparty/owemdjee/libpathutils/pistis-filesystem___tomault/src/test/cpp/pistis/filesystem/FilePermissionsTests.cpp">
      <Filter>Source Files\pistis-filesystem___tomault\src\test\cpp\pistis\filesystem</Filter>
    </ClCompile>
    <ClCompile Include="../../thirdparty/owemdjee/libpathutils/pistis-filesystem___tomault/src/test/cpp/pistis/filesystem/FileTests.cpp">
      <Filter>Source Files\pistis-filesystem___tomault\src\test\cpp\pistis\filesystem</Filter>
    </ClCompile>
    <ClCompile Include="../../thirdparty/owemdjee/libpathutils/pistis-filesystem___tomault/src/test/cpp/pistis/filesystem/PathTests.cpp">
      <Filter>Source Files\pistis-filesystem___tomault\src\test\cpp\pistis\filesystem</Filter>
    </ClCompile>
    <ClCompile Include="../../thirdparty/owemdjee/libpathutils/pistis-filesystem___tomault/src/test/cpp/pistis/filesystem/TestArtifacts.cpp">
      <Filter>Source Files\pistis-filesystem___tomault\src\test\cpp\pistis\filesystem</Filter>
    </ClCompile>
    <ClCompile Include="../../thirdparty/owemdjee/libpathutils/sample10_unittest.cc">
      <Filter>Source Files</Filter>
    </ClCompile>
    <ClCompile Include="../../thirdparty/owemdjee/libpathutils/sample11_unittest.cc">
      <Filter>Source Files</Filter>
    </ClCompile>
    <ClCompile Include="../../thirdparty/owemdjee/libpathutils/sample3_unittest.cc">
      <Filter>Source Files</Filter>
    </ClCompile>
    <ClCompile Include="../../thirdparty/owemdjee/libpathutils/sample5_unittest.cc">
      <Filter>Source Files</Filter>
    </ClCompile>
    <ClCompile Include="../../thirdparty/owemdjee/libpathutils/sample6_unittest.cc">
      <Filter>Source Files</Filter>
    </ClCompile>
    <ClCompile Include="../../thirdparty/owemdjee/libpathutils/sample7_unittest.cc">
      <Filter>Source Files</Filter>
    </ClCompile>
    <ClCompile Include="../../thirdparty/owemdjee/libpathutils/sample8_unittest.cc">
      <Filter>Source Files</Filter>
    </ClCompile>
    <ClCompile Include="../../thirdparty/owemdjee/libpathutils/sample9_unittest.cc">
      <Filter>Source Files</Filter>
    </ClCompile>
    <ClCompile Include="../../thirdparty/owemdjee/libpathutils/system_channels.hashcheck.c">
      <Filter>Source Files</Filter>
    </ClCompile>
    <ClCompile Include="../../thirdparty/owemdjee/libpathutils/system_channels.hashcheck.cpp">
      <Filter>Source Files</Filter>
    </ClCompile>
    <ClCompile Include="../../thirdparty/owemdjee/libpathutils/test-core-beliefs.cpp">
      <Filter>Source Files</Filter>
    </ClCompile>
    <ClCompile Include="../../thirdparty/owemdjee/libpathutils/test-main.cpp">
      <Filter>Source Files</Filter>
    </ClCompile>
    <ClCompile Include="../../thirdparty/owemdjee/libpathutils/tool_doswin.c">
      <Filter>Source Files</Filter>
    </ClCompile>
    <ClInclude Include="../../thirdparty/owemdjee/libpathutils/config-dos.h">
      <Filter>Header Files</Filter>
    </ClInclude>
    <ClInclude Include="../../thirdparty/owemdjee/libpathutils/cpppath___tdegeus/include/cpppath.h">
      <Filter>Header Files\cpppath___tdegeus\include</Filter>
    </ClInclude>
    <ClInclude Include="../../thirdparty/owemdjee/libpathutils/include/pathutils/pathutils.h">
      <Filter>Header Files\include\pathutils</Filter>
    </ClInclude>
    <ClInclude Include="../../thirdparty/owemdjee/libpathutils/internal-hash-lookup.h">
      <Filter>Header Files</Filter>
    </ClInclude>
    <ClInclude Include="../../thirdparty/owemdjee/libpathutils/internal-utils.h">
      <Filter>Header Files</Filter>
    </ClInclude>
    <ClInclude Include="../../thirdparty/owemdjee/libpathutils/pathutils-implementation.h">
      <Filter>Header Files</Filter>
    </ClInclude>
    <ClInclude Include="../../thirdparty/owemdjee/libpathutils/pistis-filesystem___tomault/src/main/cpp/pistis/filesystem/File.hpp">
      <Filter>Header Files\pistis-filesystem___tomault\src\main\cpp\pistis\filesystem</Filter>
    </ClInclude>
    <ClInclude Include="../../thirdparty/owemdjee/libpathutils/pistis-filesystem___tomault/src/main/cpp/pistis/filesystem/FileAccessMode.hpp">
      <Filter>Header Files\pistis-filesystem___tomault\src\main\cpp\pistis\filesystem</Filter>
    </ClInclude>
    <ClInclude Include="../../thirdparty/owemdjee/libpathutils/pistis-filesystem___tomault/src/main/cpp/pistis/filesystem/FileCreationMode.hpp">
      <Filter>Header Files\pistis-filesystem___tomault\src\main\cpp\pistis\filesystem</Filter>
    </ClInclude>
    <ClInclude Include="../../thirdparty/owemdjee/libpathutils/pistis-filesystem___tomault/src/main/cpp/pistis/filesystem/FileOpenOptions.hpp">
      <Filter>Header Files\pistis-filesystem___tomault\src\main\cpp\pistis\filesystem</Filter>
    </ClInclude>
    <ClInclude Include="../../thirdparty/owemdjee/libpathutils/pistis-filesystem___tomault/src/main/cpp/pistis/filesystem/FileOrigin.hpp">
      <Filter>Header Files\pistis-filesystem___tomault\src\main\cpp\pistis\filesystem</Filter>
    </ClInclude>
    <ClInclude Include="../../thirdparty/owemdjee/libpathutils/pistis-filesystem___tomault/src/main/cpp/pistis/filesystem/FilePermissions.hpp">
      <Filter>Header Files\pistis-filesystem___tomault\src\main\cpp\pistis\filesystem</Filter>
    </ClInclude>
    <ClInclude Include="../../thirdparty/owemdjee/libpathutils/pistis-filesystem___tomault/src/main/cpp/pistis/filesystem/Path.hpp">
      <Filter>Header Files\pistis-filesystem___tomault\src\main\cpp\pistis\filesystem</Filter>
    </ClInclude>
    <ClInclude Include="../../thirdparty/owemdjee/libpathutils/pistis-filesystem___tomault/src/test/cpp/pistis/filesystem/TestArtifacts.hpp">
      <Filter>Header Files\pistis-filesystem___tomault\src\test\cpp\pistis\filesystem</Filter>
    </ClInclude>
    <ClInclude Include="../../thirdparty/owemdjee/libpathutils/tool_doswin.h">
      <Filter>Header Files</Filter>
    </ClInclude>
    <Text Include="../../thirdparty/owemdjee/libpathutils/LICENSE">
      <Filter>Misc Files</Filter>
    </Text>
    <Text Include="../../thirdparty/owemdjee/libpathutils/Makefile">
      <Filter>Misc Files</Filter>
    </Text>
    <Text Include="../../thirdparty/owemdjee/libpathutils/README.md">
      <Filter>Misc Files</Filter>
    </Text>
    <Text Include="../../thirdparty/owemdjee/libpathutils/cpppath___tdegeus/LICENSE">
      <Filter>Misc Files\cpppath___tdegeus</Filter>
    </Text>
    <Text Include="../../thirdparty/owemdjee/libpathutils/cpppath___tdegeus/README.md">
      <Filter>Misc Files\cpppath___tdegeus</Filter>
    </Text>
    <Text Include="../../thirdparty/owemdjee/libpathutils/path___zzmodules/LICENSE">
      <Filter>Misc Files\path___zzmodules</Filter>
    </Text>
    <Text Include="../../thirdparty/owemdjee/libpathutils/path___zzmodules/README.md">
      <Filter>Misc Files\path___zzmodules</Filter>
    </Text>
    <Text Include="../../thirdparty/owemdjee/libpathutils/pistis-filesystem___tomault/LICENSE">
      <Filter>Misc Files\pistis-filesystem___tomault</Filter>
    </Text>
    <Text Include="../../thirdparty/owemdjee/libpathutils/pistis-filesystem___tomault/README.md">
      <Filter>Misc Files\pistis-filesystem___tomault</Filter>
    </Text>
    <Text Include="../../thirdparty/owemdjee/libpathutils/pistis-filesystem___tomault/src/test/resources/test_file_1.txt">
      <Filter>Misc Files\pistis-filesystem___tomault\src\test\resources</Filter>
    </Text>
    <Text Include="../../thirdparty/owemdjee/libpathutils/system_channels.gperf">
      <Filter>Misc Files</Filter>
    </Text>
  </ItemGroup>
</Project>
