<?xml version="1.0" encoding="utf-8"?>
<Project ToolsVersion="4.0" xmlns="http://schemas.microsoft.com/developer/msbuild/2003">
  <ItemGroup>
    <Filter Include="Source Files">
      <UniqueIdentifier>{d2a97047-4937-4f7a-ab2f-4485e03fd328}</UniqueIdentifier>
    </Filter>
    <Filter Include="Header Files">
      <UniqueIdentifier>{42f0fc98-34f6-4567-b3cf-de13e74a89ab}</UniqueIdentifier>
    </Filter>
    <Filter Include="Misc Files">
      <UniqueIdentifier>{b1798409-2031-413d-9df7-70b0202ddd98}</UniqueIdentifier>
    </Filter>
  </ItemGroup>
  <ItemGroup>
    <Filter Include="Misc Files\data">
      <UniqueIdentifier>{d2a97047-4937-4f7a-ab2f-4485e03f0002}</UniqueIdentifier>
    </Filter>
    <Filter Include="Misc Files\data\herringbone">
      <UniqueIdentifier>{d2a97047-4937-4f7a-ab2f-4485e03f0001}</UniqueIdentifier>
    </Filter>
    <Filter Include="Misc Files\docs">
      <UniqueIdentifier>{d2a97047-4937-4f7a-ab2f-4485e03f0003}</UniqueIdentifier>
    </Filter>
    <Filter Include="Misc Files\tools">
      <UniqueIdentifier>{d2a97047-4937-4f7a-ab2f-4485e03f0004}</UniqueIdentifier>
    </Filter>
    <Filter Include="Resource Files">
      <UniqueIdentifier>{d2a97047-4937-4f7a-ab2f-4485e03f0005}</UniqueIdentifier>
    </Filter>
    <Filter Include="Resource Files\data">
      <UniqueIdentifier>{d2a97047-4937-4f7a-ab2f-4485e03f0006}</UniqueIdentifier>
    </Filter>
    <Filter Include="Resource Files\data\herringbone">
      <UniqueIdentifier>{d2a97047-4937-4f7a-ab2f-4485e03f0007}</UniqueIdentifier>
    </Filter>
    <Filter Include="Source Files\tools">
      <UniqueIdentifier>{d2a97047-4937-4f7a-ab2f-4485e03f0008}</UniqueIdentifier>
    </Filter>
  </ItemGroup>
  <ItemGroup>
    <ClCompile Include="../../thirdparty/owemdjee/libstb/tools/build_matrix.c">
      <Filter>Source Files\tools</Filter>
    </ClCompile>
    <ClCompile Include="../../thirdparty/owemdjee/libstb/tools/easy_font_maker.c">
      <Filter>Source Files\tools</Filter>
    </ClCompile>
    <ClCompile Include="../../thirdparty/owemdjee/libstb/tools/make_readme.c">
      <Filter>Source Files\tools</Filter>
    </ClCompile>
    <ClCompile Include="../../thirdparty/owemdjee/libstb/tools/trailing_whitespace.c">
      <Filter>Source Files\tools</Filter>
    </ClCompile>
    <ClCompile Include="../../thirdparty/owemdjee/libstb/tools/unicode.c">
      <Filter>Source Files\tools</Filter>
    </ClCompile>
    <ClInclude Include="../../thirdparty/owemdjee/libstb/stb_c_lexer.h">
      <Filter>Header Files</Filter>
    </ClInclude>
    <ClInclude Include="../../thirdparty/owemdjee/libstb/stb_connected_components.h">
      <Filter>Header Files</Filter>
    </ClInclude>
    <ClInclude Include="../../thirdparty/owemdjee/libstb/stb_divide.h">
      <Filter>Header Files</Filter>
    </ClInclude>
    <ClInclude Include="../../thirdparty/owemdjee/libstb/stb_ds.h">
      <Filter>Header Files</Filter>
    </ClInclude>
    <ClInclude Include="../../thirdparty/owemdjee/libstb/stb_dxt.h">
      <Filter>Header Files</Filter>
    </ClInclude>
    <ClInclude Include="../../thirdparty/owemdjee/libstb/stb_easy_font.h">
      <Filter>Header Files</Filter>
    </ClInclude>
    <ClInclude Include="../../thirdparty/owemdjee/libstb/stb_herringbone_wang_tile.h">
      <Filter>Header Files</Filter>
    </ClInclude>
    <ClInclude Include="../../thirdparty/owemdjee/libstb/stb_hexwave.h">
      <Filter>Header Files</Filter>
    </ClInclude>
    <ClInclude Include="../../thirdparty/owemdjee/libstb/stb_image.h">
      <Filter>Header Files</Filter>
    </ClInclude>
    <ClInclude Include="../../thirdparty/owemdjee/libstb/stb_image_draw.h">
      <Filter>Header Files</Filter>
    </ClInclude>
    <ClInclude Include="../../thirdparty/owemdjee/libstb/stb_image_resize2.h">
      <Filter>Header Files</Filter>
    </ClInclude>
    <ClInclude Include="../../thirdparty/owemdjee/libstb/stb_image_write.h">
      <Filter>Header Files</Filter>
    </ClInclude>
    <ClInclude Include="../../thirdparty/owemdjee/libstb/stb_include.h">
      <Filter>Header Files</Filter>
    </ClInclude>
    <ClInclude Include="../../thirdparty/owemdjee/libstb/stb_leakcheck.h">
      <Filter>Header Files</Filter>
    </ClInclude>
    <ClInclude Include="../../thirdparty/owemdjee/libstb/stb_libqrencode.h">
      <Filter>Header Files</Filter>
    </ClInclude>
    <ClInclude Include="../../thirdparty/owemdjee/libstb/stb_perlin.h">
      <Filter>Header Files</Filter>
    </ClInclude>
    <ClInclude Include="../../thirdparty/owemdjee/libstb/stb_rect_pack.h">
      <Filter>Header Files</Filter>
    </ClInclude>
    <ClInclude Include="../../thirdparty/owemdjee/libstb/stb_sprintf.h">
      <Filter>Header Files</Filter>
    </ClInclude>
    <ClInclude Include="../../thirdparty/owemdjee/libstb/stb_textedit.h">
      <Filter>Header Files</Filter>
    </ClInclude>
    <ClInclude Include="../../thirdparty/owemdjee/libstb/stb_tilemap_editor.h">
      <Filter>Header Files</Filter>
    </ClInclude>
    <ClInclude Include="../../thirdparty/owemdjee/libstb/stb_truetype.h">
      <Filter>Header Files</Filter>
    </ClInclude>
    <ClInclude Include="../../thirdparty/owemdjee/libstb/stb_voxel_render.h">
      <Filter>Header Files</Filter>
    </ClInclude>
    <Image Include="../../thirdparty/owemdjee/libstb/data/atari_8bit_font_revised.png">
      <Filter>Resource Files\data</Filter>
    </Image>
    <Image Include="../../thirdparty/owemdjee/libstb/data/easy_font_raw.png">
      <Filter>Resource Files\data</Filter>
    </Image>
    <Image Include="../../thirdparty/owemdjee/libstb/data/herringbone/template_caves_limit_connectivity.png">
      <Filter>Resource Files\data\herringbone</Filter>
    </Image>
    <Image Include="../../thirdparty/owemdjee/libstb/data/herringbone/template_caves_tiny_corridors.png">
      <Filter>Resource Files\data\herringbone</Filter>
    </Image>
    <Image Include="../../thirdparty/owemdjee/libstb/data/herringbone/template_corner_caves.png">
      <Filter>Resource Files\data\herringbone</Filter>
    </Image>
    <Image Include="../../thirdparty/owemdjee/libstb/data/herringbone/template_horizontal_corridors_v1.png">
      <Filter>Resource Files\data\herringbone</Filter>
    </Image>
    <Image Include="../../thirdparty/owemdjee/libstb/data/herringbone/template_horizontal_corridors_v2.png">
      <Filter>Resource Files\data\herringbone</Filter>
    </Image>
    <Image Include="../../thirdparty/owemdjee/libstb/data/herringbone/template_horizontal_corridors_v3.png">
      <Filter>Resource Files\data\herringbone</Filter>
    </Image>
    <Image Include="../../thirdparty/owemdjee/libstb/data/herringbone/template_limit_connectivity_fat.png">
      <Filter>Resource Files\data\herringbone</Filter>
    </Image>
    <Image Include="../../thirdparty/owemdjee/libstb/data/herringbone/template_limited_connectivity.png">
      <Filter>Resource Files\data\herringbone</Filter>
    </Image>
    <Image Include="../../thirdparty/owemdjee/libstb/data/herringbone/template_maze_2_wide.png">
      <Filter>Resource Files\data\herringbone</Filter>
    </Image>
    <Image Include="../../thirdparty/owemdjee/libstb/data/herringbone/template_maze_plus_2_wide.png">
      <Filter>Resource Files\data\herringbone</Filter>
    </Image>
    <Image Include="../../thirdparty/owemdjee/libstb/data/herringbone/template_open_areas.png">
      <Filter>Resource Files\data\herringbone</Filter>
    </Image>
    <Image Include="../../thirdparty/owemdjee/libstb/data/herringbone/template_ref2_corner_caves.png">
      <Filter>Resource Files\data\herringbone</Filter>
    </Image>
    <Image Include="../../thirdparty/owemdjee/libstb/data/herringbone/template_rooms_and_corridors.png">
      <Filter>Resource Files\data\herringbone</Filter>
    </Image>
    <Image Include="../../thirdparty/owemdjee/libstb/data/herringbone/template_rooms_and_corridors_2_wide_diagonal_bias.png">
      <Filter>Resource Files\data\herringbone</Filter>
    </Image>
    <Image Include="../../thirdparty/owemdjee/libstb/data/herringbone/template_rooms_limit_connectivity.png">
      <Filter>Resource Files\data\herringbone</Filter>
    </Image>
    <Image Include="../../thirdparty/owemdjee/libstb/data/herringbone/template_round_rooms_diagonal_corridors.png">
      <Filter>Resource Files\data\herringbone</Filter>
    </Image>
    <Image Include="../../thirdparty/owemdjee/libstb/data/herringbone/template_sean_dungeon.png">
      <Filter>Resource Files\data\herringbone</Filter>
    </Image>
    <Image Include="../../thirdparty/owemdjee/libstb/data/herringbone/template_simple_caves_2_wide.png">
      <Filter>Resource Files\data\herringbone</Filter>
    </Image>
    <Image Include="../../thirdparty/owemdjee/libstb/data/herringbone/template_square_rooms_with_random_rects.png">
      <Filter>Resource Files\data\herringbone</Filter>
    </Image>
    <Image Include="../../thirdparty/owemdjee/libstb/data/map_01.png">
      <Filter>Resource Files\data</Filter>
    </Image>
    <Image Include="../../thirdparty/owemdjee/libstb/data/map_02.png">
      <Filter>Resource Files\data</Filter>
    </Image>
    <Image Include="../../thirdparty/owemdjee/libstb/data/map_03.png">
      <Filter>Resource Files\data</Filter>
    </Image>
    <Text Include="../../thirdparty/owemdjee/libstb/LICENSE">
      <Filter>Misc Files</Filter>
    </Text>
    <Text Include="../../thirdparty/owemdjee/libstb/README.md">
      <Filter>Misc Files</Filter>
    </Text>
    <Text Include="../../thirdparty/owemdjee/libstb/SECURITY.md">
      <Filter>Misc Files</Filter>
    </Text>
    <Text Include="../../thirdparty/owemdjee/libstb/data/herringbone/license.txt">
      <Filter>Misc Files\data\herringbone</Filter>
    </Text>
    <Text Include="../../thirdparty/owemdjee/libstb/docs/other_libs.md">
      <Filter>Misc Files\docs</Filter>
    </Text>
    <Text Include="../../thirdparty/owemdjee/libstb/docs/stb_howto.txt">
      <Filter>Misc Files\docs</Filter>
    </Text>
    <Text Include="../../thirdparty/owemdjee/libstb/docs/stb_voxel_render_interview.md">
      <Filter>Misc Files\docs</Filter>
    </Text>
    <Text Include="../../thirdparty/owemdjee/libstb/docs/why_public_domain.md">
      <Filter>Misc Files\docs</Filter>
    </Text>
    <Text Include="../../thirdparty/owemdjee/libstb/test_lexer.sh">
      <Filter>Misc Files</Filter>
    </Text>
    <Text Include="../../thirdparty/owemdjee/libstb/tools/README.footer.md">
      <Filter>Misc Files\tools</Filter>
    </Text>
    <Text Include="../../thirdparty/owemdjee/libstb/tools/README.header.md">
      <Filter>Misc Files\tools</Filter>
    </Text>
    <Text Include="../../thirdparty/owemdjee/libstb/tools/README.list">
      <Filter>Misc Files\tools</Filter>
    </Text>
    <Text Include="../../thirdparty/owemdjee/libstb/tools/make_readme.dsp">
      <Filter>Misc Files\tools</Filter>
    </Text>
    <Text Include="../../thirdparty/owemdjee/libstb/tools/mr.bat">
      <Filter>Misc Files\tools</Filter>
    </Text>
  </ItemGroup>
</Project>
