<?xml version="1.0" encoding="utf-8"?>
<Project ToolsVersion="4.0" xmlns="http://schemas.microsoft.com/developer/msbuild/2003">
  <ItemGroup>
    <Filter Include="Source Files">
      <UniqueIdentifier>{d2a97047-4937-4f7a-ab2f-4485e03fd328}</UniqueIdentifier>
    </Filter>
    <Filter Include="Header Files">
      <UniqueIdentifier>{42f0fc98-34f6-4567-b3cf-de13e74a89ab}</UniqueIdentifier>
    </Filter>
    <Filter Include="Misc Files">
      <UniqueIdentifier>{b1798409-2031-413d-9df7-70b0202ddd98}</UniqueIdentifier>
    </Filter>
  </ItemGroup>
  <ItemGroup>
    <Filter Include="Header Files\include">
      <UniqueIdentifier>{d2a97047-4937-4f7a-ab2f-4485e03f0002}</UniqueIdentifier>
    </Filter>
    <Filter Include="Header Files\include\ss">
      <UniqueIdentifier>{d2a97047-4937-4f7a-ab2f-4485e03f0001}</UniqueIdentifier>
    </Filter>
    <Filter Include="Header Files\test">
      <UniqueIdentifier>{d2a97047-4937-4f7a-ab2f-4485e03f0003}</UniqueIdentifier>
    </Filter>
    <Filter Include="Misc Files\script">
      <UniqueIdentifier>{d2a97047-4937-4f7a-ab2f-4485e03f0004}</UniqueIdentifier>
    </Filter>
    <Filter Include="Misc Files\test">
      <UniqueIdentifier>{d2a97047-4937-4f7a-ab2f-4485e03f0005}</UniqueIdentifier>
    </Filter>
    <Filter Include="Source Files\test">
      <UniqueIdentifier>{d2a97047-4937-4f7a-ab2f-4485e03f0006}</UniqueIdentifier>
    </Filter>
  </ItemGroup>
  <ItemGroup>
    <ClCompile Include="../../thirdparty/owemdjee/ssp/test/test_converter.cpp">
      <Filter>Source Files\test</Filter>
    </ClCompile>
    <ClCompile Include="../../thirdparty/owemdjee/ssp/test/test_extractions.cpp">
      <Filter>Source Files\test</Filter>
    </ClCompile>
    <ClCompile Include="../../thirdparty/owemdjee/ssp/test/test_extractions_without_fast_float.cpp">
      <Filter>Source Files\test</Filter>
    </ClCompile>
    <ClCompile Include="../../thirdparty/owemdjee/ssp/test/test_main.cpp">
      <Filter>Source Files\test</Filter>
    </ClCompile>
    <ClCompile Include="../../thirdparty/owemdjee/ssp/test/test_parser1_1.cpp">
      <Filter>Source Files\test</Filter>
    </ClCompile>
    <ClCompile Include="../../thirdparty/owemdjee/ssp/test/test_parser1_2.cpp">
      <Filter>Source Files\test</Filter>
    </ClCompile>
    <ClCompile Include="../../thirdparty/owemdjee/ssp/test/test_parser1_3.cpp">
      <Filter>Source Files\test</Filter>
    </ClCompile>
    <ClCompile Include="../../thirdparty/owemdjee/ssp/test/test_parser1_4.cpp">
      <Filter>Source Files\test</Filter>
    </ClCompile>
    <ClCompile Include="../../thirdparty/owemdjee/ssp/test/test_parser1_5.cpp">
      <Filter>Source Files\test</Filter>
    </ClCompile>
    <ClCompile Include="../../thirdparty/owemdjee/ssp/test/test_parser2_1.cpp">
      <Filter>Source Files\test</Filter>
    </ClCompile>
    <ClCompile Include="../../thirdparty/owemdjee/ssp/test/test_parser2_2.cpp">
      <Filter>Source Files\test</Filter>
    </ClCompile>
    <ClCompile Include="../../thirdparty/owemdjee/ssp/test/test_parser2_3.cpp">
      <Filter>Source Files\test</Filter>
    </ClCompile>
    <ClCompile Include="../../thirdparty/owemdjee/ssp/test/test_parser2_4.cpp">
      <Filter>Source Files\test</Filter>
    </ClCompile>
    <ClCompile Include="../../thirdparty/owemdjee/ssp/test/test_parser2_5.cpp">
      <Filter>Source Files\test</Filter>
    </ClCompile>
    <ClCompile Include="../../thirdparty/owemdjee/ssp/test/test_parser2_6.cpp">
      <Filter>Source Files\test</Filter>
    </ClCompile>
    <ClCompile Include="../../thirdparty/owemdjee/ssp/test/test_splitter.cpp">
      <Filter>Source Files\test</Filter>
    </ClCompile>
    <ClInclude Include="../../thirdparty/owemdjee/ssp/include/ss/common.hpp">
      <Filter>Header Files\include\ss</Filter>
    </ClInclude>
    <ClInclude Include="../../thirdparty/owemdjee/ssp/include/ss/converter.hpp">
      <Filter>Header Files\include\ss</Filter>
    </ClInclude>
    <ClInclude Include="../../thirdparty/owemdjee/ssp/include/ss/exception.hpp">
      <Filter>Header Files\include\ss</Filter>
    </ClInclude>
    <ClInclude Include="../../thirdparty/owemdjee/ssp/include/ss/extract.hpp">
      <Filter>Header Files\include\ss</Filter>
    </ClInclude>
    <ClInclude Include="../../thirdparty/owemdjee/ssp/include/ss/function_traits.hpp">
      <Filter>Header Files\include\ss</Filter>
    </ClInclude>
    <ClInclude Include="../../thirdparty/owemdjee/ssp/include/ss/parser.hpp">
      <Filter>Header Files\include\ss</Filter>
    </ClInclude>
    <ClInclude Include="../../thirdparty/owemdjee/ssp/include/ss/restrictions.hpp">
      <Filter>Header Files\include\ss</Filter>
    </ClInclude>
    <ClInclude Include="../../thirdparty/owemdjee/ssp/include/ss/setup.hpp">
      <Filter>Header Files\include\ss</Filter>
    </ClInclude>
    <ClInclude Include="../../thirdparty/owemdjee/ssp/include/ss/splitter.hpp">
      <Filter>Header Files\include\ss</Filter>
    </ClInclude>
    <ClInclude Include="../../thirdparty/owemdjee/ssp/include/ss/type_traits.hpp">
      <Filter>Header Files\include\ss</Filter>
    </ClInclude>
    <ClInclude Include="../../thirdparty/owemdjee/ssp/ssp.hpp">
      <Filter>Header Files</Filter>
    </ClInclude>
    <ClInclude Include="../../thirdparty/owemdjee/ssp/test/test_helpers.hpp">
      <Filter>Header Files\test</Filter>
    </ClInclude>
    <ClInclude Include="../../thirdparty/owemdjee/ssp/test/test_parser1.hpp">
      <Filter>Header Files\test</Filter>
    </ClInclude>
    <ClInclude Include="../../thirdparty/owemdjee/ssp/test/test_parser2.hpp">
      <Filter>Header Files\test</Filter>
    </ClInclude>
    <Text Include="../../thirdparty/owemdjee/ssp/CMakeLists.txt">
      <Filter>Misc Files</Filter>
    </Text>
    <Text Include="../../thirdparty/owemdjee/ssp/LICENSE">
      <Filter>Misc Files</Filter>
    </Text>
    <Text Include="../../thirdparty/owemdjee/ssp/README.md">
      <Filter>Misc Files</Filter>
    </Text>
    <Text Include="../../thirdparty/owemdjee/ssp/script/ci_install_deps.sh">
      <Filter>Misc Files\script</Filter>
    </Text>
    <Text Include="../../thirdparty/owemdjee/ssp/script/ci_install_icc.sh">
      <Filter>Misc Files\script</Filter>
    </Text>
    <Text Include="../../thirdparty/owemdjee/ssp/script/ci_install_lcov.sh">
      <Filter>Misc Files\script</Filter>
    </Text>
    <Text Include="../../thirdparty/owemdjee/ssp/script/ci_setup_icc.sh">
      <Filter>Misc Files\script</Filter>
    </Text>
    <Text Include="../../thirdparty/owemdjee/ssp/script/single_header_generator.py">
      <Filter>Misc Files\script</Filter>
    </Text>
    <Text Include="../../thirdparty/owemdjee/ssp/test/CMakeLists.txt">
      <Filter>Misc Files\test</Filter>
    </Text>
    <Text Include="../../thirdparty/owemdjee/ssp/test/test_single_header.sh">
      <Filter>Misc Files\test</Filter>
    </Text>
    <Text Include="../../thirdparty/owemdjee/ssp/test/test_single_header_main.txt">
      <Filter>Misc Files\test</Filter>
    </Text>
  </ItemGroup>
</Project>
