<?xml version="1.0" encoding="utf-8"?>
<Project ToolsVersion="4.0" xmlns="http://schemas.microsoft.com/developer/msbuild/2003">
  <ItemGroup>
    <Filter Include="Source Files">
      <UniqueIdentifier>{d2a97047-4937-4f7a-ab2f-4485e03fd328}</UniqueIdentifier>
    </Filter>
    <Filter Include="Header Files">
      <UniqueIdentifier>{42f0fc98-34f6-4567-b3cf-de13e74a89ab}</UniqueIdentifier>
    </Filter>
    <Filter Include="Misc Files">
      <UniqueIdentifier>{b1798409-2031-413d-9df7-70b0202ddd98}</UniqueIdentifier>
    </Filter>
  </ItemGroup>
  <ItemGroup>
    <Filter Include="Header Files\src">
      <UniqueIdentifier>{d2a97047-4937-4f7a-ab2f-4485e03f0002}</UniqueIdentifier>
    </Filter>
    <Filter Include="Header Files\src\include">
      <UniqueIdentifier>{d2a97047-4937-4f7a-ab2f-4485e03f0001}</UniqueIdentifier>
    </Filter>
    <Filter Include="Header Files\src\optional">
      <UniqueIdentifier>{d2a97047-4937-4f7a-ab2f-4485e03f0003}</UniqueIdentifier>
    </Filter>
    <Filter Include="Header Files\src\vm">
      <UniqueIdentifier>{d2a97047-4937-4f7a-ab2f-4485e03f0004}</UniqueIdentifier>
    </Filter>
    <Filter Include="Header Files\test">
      <UniqueIdentifier>{d2a97047-4937-4f7a-ab2f-4485e03f0005}</UniqueIdentifier>
    </Filter>
    <Filter Include="Header Files\test\api">
      <UniqueIdentifier>{d2a97047-4937-4f7a-ab2f-4485e03f0006}</UniqueIdentifier>
    </Filter>
    <Filter Include="Header Files\test\unit">
      <UniqueIdentifier>{d2a97047-4937-4f7a-ab2f-4485e03f0007}</UniqueIdentifier>
    </Filter>
    <Filter Include="Misc Files\doc">
      <UniqueIdentifier>{d2a97047-4937-4f7a-ab2f-4485e03f0008}</UniqueIdentifier>
    </Filter>
    <Filter Include="Misc Files\doc\notes">
      <UniqueIdentifier>{d2a97047-4937-4f7a-ab2f-4485e03f0009}</UniqueIdentifier>
    </Filter>
    <Filter Include="Misc Files\doc\rfc">
      <UniqueIdentifier>{d2a97047-4937-4f7a-ab2f-4485e03f0010}</UniqueIdentifier>
    </Filter>
    <Filter Include="Misc Files\doc\site">
      <UniqueIdentifier>{d2a97047-4937-4f7a-ab2f-4485e03f0011}</UniqueIdentifier>
    </Filter>
    <Filter Include="Misc Files\doc\site\blog">
      <UniqueIdentifier>{d2a97047-4937-4f7a-ab2f-4485e03f0012}</UniqueIdentifier>
    </Filter>
    <Filter Include="Misc Files\doc\site\cli">
      <UniqueIdentifier>{d2a97047-4937-4f7a-ab2f-4485e03f0013}</UniqueIdentifier>
    </Filter>
    <Filter Include="Misc Files\doc\site\cli\modules">
      <UniqueIdentifier>{d2a97047-4937-4f7a-ab2f-4485e03f0014}</UniqueIdentifier>
    </Filter>
    <Filter Include="Misc Files\doc\site\cli\modules\io">
      <UniqueIdentifier>{d2a97047-4937-4f7a-ab2f-4485e03f0015}</UniqueIdentifier>
    </Filter>
    <Filter Include="Misc Files\doc\site\cli\modules\os">
      <UniqueIdentifier>{d2a97047-4937-4f7a-ab2f-4485e03f0016}</UniqueIdentifier>
    </Filter>
    <Filter Include="Misc Files\doc\site\cli\modules\scheduler">
      <UniqueIdentifier>{d2a97047-4937-4f7a-ab2f-4485e03f0017}</UniqueIdentifier>
    </Filter>
    <Filter Include="Misc Files\doc\site\cli\modules\timer">
      <UniqueIdentifier>{d2a97047-4937-4f7a-ab2f-4485e03f0018}</UniqueIdentifier>
    </Filter>
    <Filter Include="Misc Files\doc\site\embedding">
      <UniqueIdentifier>{d2a97047-4937-4f7a-ab2f-4485e03f0019}</UniqueIdentifier>
    </Filter>
    <Filter Include="Misc Files\doc\site\modules">
      <UniqueIdentifier>{d2a97047-4937-4f7a-ab2f-4485e03f0020}</UniqueIdentifier>
    </Filter>
    <Filter Include="Misc Files\doc\site\modules\core">
      <UniqueIdentifier>{d2a97047-4937-4f7a-ab2f-4485e03f0021}</UniqueIdentifier>
    </Filter>
    <Filter Include="Misc Files\doc\site\modules\meta">
      <UniqueIdentifier>{d2a97047-4937-4f7a-ab2f-4485e03f0022}</UniqueIdentifier>
    </Filter>
    <Filter Include="Misc Files\doc\site\modules\random">
      <UniqueIdentifier>{d2a97047-4937-4f7a-ab2f-4485e03f0023}</UniqueIdentifier>
    </Filter>
    <Filter Include="Misc Files\doc\site\static">
      <UniqueIdentifier>{d2a97047-4937-4f7a-ab2f-4485e03f0024}</UniqueIdentifier>
    </Filter>
    <Filter Include="Misc Files\doc\site\try">
      <UniqueIdentifier>{d2a97047-4937-4f7a-ab2f-4485e03f0025}</UniqueIdentifier>
    </Filter>
    <Filter Include="Misc Files\projects">
      <UniqueIdentifier>{d2a97047-4937-4f7a-ab2f-4485e03f0027}</UniqueIdentifier>
    </Filter>
    <Filter Include="Misc Files\projects\make">
      <UniqueIdentifier>{d2a97047-4937-4f7a-ab2f-4485e03f0026}</UniqueIdentifier>
    </Filter>
    <Filter Include="Misc Files\projects\make.bsd">
      <UniqueIdentifier>{d2a97047-4937-4f7a-ab2f-4485e03f0028}</UniqueIdentifier>
    </Filter>
    <Filter Include="Misc Files\projects\make.mac">
      <UniqueIdentifier>{d2a97047-4937-4f7a-ab2f-4485e03f0029}</UniqueIdentifier>
    </Filter>
    <Filter Include="Misc Files\projects\premake">
      <UniqueIdentifier>{d2a97047-4937-4f7a-ab2f-4485e03f0030}</UniqueIdentifier>
    </Filter>
    <Filter Include="Misc Files\src">
      <UniqueIdentifier>{d2a97047-4937-4f7a-ab2f-4485e03f0031}</UniqueIdentifier>
    </Filter>
    <Filter Include="Misc Files\test">
      <UniqueIdentifier>{d2a97047-4937-4f7a-ab2f-4485e03f0032}</UniqueIdentifier>
    </Filter>
    <Filter Include="Misc Files\test\benchmark">
      <UniqueIdentifier>{d2a97047-4937-4f7a-ab2f-4485e03f0033}</UniqueIdentifier>
    </Filter>
    <Filter Include="Misc Files\try">
      <UniqueIdentifier>{d2a97047-4937-4f7a-ab2f-4485e03f0034}</UniqueIdentifier>
    </Filter>
    <Filter Include="Misc Files\try\make.emscripten">
      <UniqueIdentifier>{d2a97047-4937-4f7a-ab2f-4485e03f0035}</UniqueIdentifier>
    </Filter>
    <Filter Include="Misc Files\util">
      <UniqueIdentifier>{d2a97047-4937-4f7a-ab2f-4485e03f0036}</UniqueIdentifier>
    </Filter>
    <Filter Include="Source Files\example">
      <UniqueIdentifier>{d2a97047-4937-4f7a-ab2f-4485e03f0038}</UniqueIdentifier>
    </Filter>
    <Filter Include="Source Files\example\embedding">
      <UniqueIdentifier>{d2a97047-4937-4f7a-ab2f-4485e03f0037}</UniqueIdentifier>
    </Filter>
    <Filter Include="Source Files\src">
      <UniqueIdentifier>{d2a97047-4937-4f7a-ab2f-4485e03f0040}</UniqueIdentifier>
    </Filter>
    <Filter Include="Source Files\src\optional">
      <UniqueIdentifier>{d2a97047-4937-4f7a-ab2f-4485e03f0039}</UniqueIdentifier>
    </Filter>
    <Filter Include="Source Files\src\vm">
      <UniqueIdentifier>{d2a97047-4937-4f7a-ab2f-4485e03f0041}</UniqueIdentifier>
    </Filter>
    <Filter Include="Source Files\test">
      <UniqueIdentifier>{d2a97047-4937-4f7a-ab2f-4485e03f0042}</UniqueIdentifier>
    </Filter>
    <Filter Include="Source Files\test\api">
      <UniqueIdentifier>{d2a97047-4937-4f7a-ab2f-4485e03f0043}</UniqueIdentifier>
    </Filter>
    <Filter Include="Source Files\test\unit">
      <UniqueIdentifier>{d2a97047-4937-4f7a-ab2f-4485e03f0044}</UniqueIdentifier>
    </Filter>
    <Filter Include="Source Files\try">
      <UniqueIdentifier>{d2a97047-4937-4f7a-ab2f-4485e03f0045}</UniqueIdentifier>
    </Filter>
  </ItemGroup>
  <ItemGroup>
    <ClCompile Include="../../thirdparty/owemdjee/wren/example/embedding/main.c">
      <Filter>Source Files\example\embedding</Filter>
    </ClCompile>
    <ClCompile Include="../../thirdparty/owemdjee/wren/src/optional/wren_opt_meta.c">
      <Filter>Source Files\src\optional</Filter>
    </ClCompile>
    <ClCompile Include="../../thirdparty/owemdjee/wren/src/optional/wren_opt_random.c">
      <Filter>Source Files\src\optional</Filter>
    </ClCompile>
    <ClCompile Include="../../thirdparty/owemdjee/wren/src/vm/wren_compiler.c">
      <Filter>Source Files\src\vm</Filter>
    </ClCompile>
    <ClCompile Include="../../thirdparty/owemdjee/wren/src/vm/wren_core.c">
      <Filter>Source Files\src\vm</Filter>
    </ClCompile>
    <ClCompile Include="../../thirdparty/owemdjee/wren/src/vm/wren_debug.c">
      <Filter>Source Files\src\vm</Filter>
    </ClCompile>
    <ClCompile Include="../../thirdparty/owemdjee/wren/src/vm/wren_primitive.c">
      <Filter>Source Files\src\vm</Filter>
    </ClCompile>
    <ClCompile Include="../../thirdparty/owemdjee/wren/src/vm/wren_utils.c">
      <Filter>Source Files\src\vm</Filter>
    </ClCompile>
    <ClCompile Include="../../thirdparty/owemdjee/wren/src/vm/wren_value.c">
      <Filter>Source Files\src\vm</Filter>
    </ClCompile>
    <ClCompile Include="../../thirdparty/owemdjee/wren/src/vm/wren_vm.c">
      <Filter>Source Files\src\vm</Filter>
    </ClCompile>
    <ClCompile Include="../../thirdparty/owemdjee/wren/test/api/api_tests.c">
      <Filter>Source Files\test\api</Filter>
    </ClCompile>
    <ClCompile Include="../../thirdparty/owemdjee/wren/test/api/benchmark.c">
      <Filter>Source Files\test\api</Filter>
    </ClCompile>
    <ClCompile Include="../../thirdparty/owemdjee/wren/test/api/call.c">
      <Filter>Source Files\test\api</Filter>
    </ClCompile>
    <ClCompile Include="../../thirdparty/owemdjee/wren/test/api/call_calls_foreign.c">
      <Filter>Source Files\test\api</Filter>
    </ClCompile>
    <ClCompile Include="../../thirdparty/owemdjee/wren/test/api/call_wren_call_root.c">
      <Filter>Source Files\test\api</Filter>
    </ClCompile>
    <ClCompile Include="../../thirdparty/owemdjee/wren/test/api/error.c">
      <Filter>Source Files\test\api</Filter>
    </ClCompile>
    <ClCompile Include="../../thirdparty/owemdjee/wren/test/api/foreign_class.c">
      <Filter>Source Files\test\api</Filter>
    </ClCompile>
    <ClCompile Include="../../thirdparty/owemdjee/wren/test/api/get_variable.c">
      <Filter>Source Files\test\api</Filter>
    </ClCompile>
    <ClCompile Include="../../thirdparty/owemdjee/wren/test/api/handle.c">
      <Filter>Source Files\test\api</Filter>
    </ClCompile>
    <ClCompile Include="../../thirdparty/owemdjee/wren/test/api/lists.c">
      <Filter>Source Files\test\api</Filter>
    </ClCompile>
    <ClCompile Include="../../thirdparty/owemdjee/wren/test/api/maps.c">
      <Filter>Source Files\test\api</Filter>
    </ClCompile>
    <ClCompile Include="../../thirdparty/owemdjee/wren/test/api/new_vm.c">
      <Filter>Source Files\test\api</Filter>
    </ClCompile>
    <ClCompile Include="../../thirdparty/owemdjee/wren/test/api/reset_stack_after_call_abort.c">
      <Filter>Source Files\test\api</Filter>
    </ClCompile>
    <ClCompile Include="../../thirdparty/owemdjee/wren/test/api/reset_stack_after_foreign_construct.c">
      <Filter>Source Files\test\api</Filter>
    </ClCompile>
    <ClCompile Include="../../thirdparty/owemdjee/wren/test/api/resolution.c">
      <Filter>Source Files\test\api</Filter>
    </ClCompile>
    <ClCompile Include="../../thirdparty/owemdjee/wren/test/api/slots.c">
      <Filter>Source Files\test\api</Filter>
    </ClCompile>
    <ClCompile Include="../../thirdparty/owemdjee/wren/test/api/user_data.c">
      <Filter>Source Files\test\api</Filter>
    </ClCompile>
    <ClCompile Include="../../thirdparty/owemdjee/wren/test/main.c">
      <Filter>Source Files\test</Filter>
    </ClCompile>
    <ClCompile Include="../../thirdparty/owemdjee/wren/test/test.c">
      <Filter>Source Files\test</Filter>
    </ClCompile>
    <ClCompile Include="../../thirdparty/owemdjee/wren/test/unit/main.c">
      <Filter>Source Files\test\unit</Filter>
    </ClCompile>
    <ClCompile Include="../../thirdparty/owemdjee/wren/test/unit/path_test.c">
      <Filter>Source Files\test\unit</Filter>
    </ClCompile>
    <ClCompile Include="../../thirdparty/owemdjee/wren/test/unit/test.c">
      <Filter>Source Files\test\unit</Filter>
    </ClCompile>
    <ClCompile Include="../../thirdparty/owemdjee/wren/try/main.try.c">
      <Filter>Source Files\try</Filter>
    </ClCompile>
    <ClInclude Include="../../thirdparty/owemdjee/wren/src/include/wren.h">
      <Filter>Header Files\src\include</Filter>
    </ClInclude>
    <ClInclude Include="../../thirdparty/owemdjee/wren/src/include/wren.hpp">
      <Filter>Header Files\src\include</Filter>
    </ClInclude>
    <ClInclude Include="../../thirdparty/owemdjee/wren/src/optional/wren_opt_meta.h">
      <Filter>Header Files\src\optional</Filter>
    </ClInclude>
    <ClInclude Include="../../thirdparty/owemdjee/wren/src/optional/wren_opt_meta.wren.inc">
      <Filter>Header Files\src\optional</Filter>
    </ClInclude>
    <ClInclude Include="../../thirdparty/owemdjee/wren/src/optional/wren_opt_random.h">
      <Filter>Header Files\src\optional</Filter>
    </ClInclude>
    <ClInclude Include="../../thirdparty/owemdjee/wren/src/optional/wren_opt_random.wren.inc">
      <Filter>Header Files\src\optional</Filter>
    </ClInclude>
    <ClInclude Include="../../thirdparty/owemdjee/wren/src/vm/wren_common.h">
      <Filter>Header Files\src\vm</Filter>
    </ClInclude>
    <ClInclude Include="../../thirdparty/owemdjee/wren/src/vm/wren_compiler.h">
      <Filter>Header Files\src\vm</Filter>
    </ClInclude>
    <ClInclude Include="../../thirdparty/owemdjee/wren/src/vm/wren_core.h">
      <Filter>Header Files\src\vm</Filter>
    </ClInclude>
    <ClInclude Include="../../thirdparty/owemdjee/wren/src/vm/wren_core.wren.inc">
      <Filter>Header Files\src\vm</Filter>
    </ClInclude>
    <ClInclude Include="../../thirdparty/owemdjee/wren/src/vm/wren_debug.h">
      <Filter>Header Files\src\vm</Filter>
    </ClInclude>
    <ClInclude Include="../../thirdparty/owemdjee/wren/src/vm/wren_math.h">
      <Filter>Header Files\src\vm</Filter>
    </ClInclude>
    <ClInclude Include="../../thirdparty/owemdjee/wren/src/vm/wren_opcodes.h">
      <Filter>Header Files\src\vm</Filter>
    </ClInclude>
    <ClInclude Include="../../thirdparty/owemdjee/wren/src/vm/wren_primitive.h">
      <Filter>Header Files\src\vm</Filter>
    </ClInclude>
    <ClInclude Include="../../thirdparty/owemdjee/wren/src/vm/wren_utils.h">
      <Filter>Header Files\src\vm</Filter>
    </ClInclude>
    <ClInclude Include="../../thirdparty/owemdjee/wren/src/vm/wren_value.h">
      <Filter>Header Files\src\vm</Filter>
    </ClInclude>
    <ClInclude Include="../../thirdparty/owemdjee/wren/src/vm/wren_vm.h">
      <Filter>Header Files\src\vm</Filter>
    </ClInclude>
    <ClInclude Include="../../thirdparty/owemdjee/wren/test/api/api_tests.h">
      <Filter>Header Files\test\api</Filter>
    </ClInclude>
    <ClInclude Include="../../thirdparty/owemdjee/wren/test/api/benchmark.h">
      <Filter>Header Files\test\api</Filter>
    </ClInclude>
    <ClInclude Include="../../thirdparty/owemdjee/wren/test/api/call.h">
      <Filter>Header Files\test\api</Filter>
    </ClInclude>
    <ClInclude Include="../../thirdparty/owemdjee/wren/test/api/call_calls_foreign.h">
      <Filter>Header Files\test\api</Filter>
    </ClInclude>
    <ClInclude Include="../../thirdparty/owemdjee/wren/test/api/call_wren_call_root.h">
      <Filter>Header Files\test\api</Filter>
    </ClInclude>
    <ClInclude Include="../../thirdparty/owemdjee/wren/test/api/error.h">
      <Filter>Header Files\test\api</Filter>
    </ClInclude>
    <ClInclude Include="../../thirdparty/owemdjee/wren/test/api/foreign_class.h">
      <Filter>Header Files\test\api</Filter>
    </ClInclude>
    <ClInclude Include="../../thirdparty/owemdjee/wren/test/api/get_variable.h">
      <Filter>Header Files\test\api</Filter>
    </ClInclude>
    <ClInclude Include="../../thirdparty/owemdjee/wren/test/api/handle.h">
      <Filter>Header Files\test\api</Filter>
    </ClInclude>
    <ClInclude Include="../../thirdparty/owemdjee/wren/test/api/lists.h">
      <Filter>Header Files\test\api</Filter>
    </ClInclude>
    <ClInclude Include="../../thirdparty/owemdjee/wren/test/api/maps.h">
      <Filter>Header Files\test\api</Filter>
    </ClInclude>
    <ClInclude Include="../../thirdparty/owemdjee/wren/test/api/new_vm.h">
      <Filter>Header Files\test\api</Filter>
    </ClInclude>
    <ClInclude Include="../../thirdparty/owemdjee/wren/test/api/reset_stack_after_call_abort.h">
      <Filter>Header Files\test\api</Filter>
    </ClInclude>
    <ClInclude Include="../../thirdparty/owemdjee/wren/test/api/reset_stack_after_foreign_construct.h">
      <Filter>Header Files\test\api</Filter>
    </ClInclude>
    <ClInclude Include="../../thirdparty/owemdjee/wren/test/api/resolution.h">
      <Filter>Header Files\test\api</Filter>
    </ClInclude>
    <ClInclude Include="../../thirdparty/owemdjee/wren/test/api/slots.h">
      <Filter>Header Files\test\api</Filter>
    </ClInclude>
    <ClInclude Include="../../thirdparty/owemdjee/wren/test/api/user_data.h">
      <Filter>Header Files\test\api</Filter>
    </ClInclude>
    <ClInclude Include="../../thirdparty/owemdjee/wren/test/test.h">
      <Filter>Header Files\test</Filter>
    </ClInclude>
    <ClInclude Include="../../thirdparty/owemdjee/wren/test/unit/path_test.h">
      <Filter>Header Files\test\unit</Filter>
    </ClInclude>
    <ClInclude Include="../../thirdparty/owemdjee/wren/test/unit/test.h">
      <Filter>Header Files\test\unit</Filter>
    </ClInclude>
    <Text Include="../../thirdparty/owemdjee/wren/AUTHORS">
      <Filter>Misc Files</Filter>
    </Text>
    <Text Include="../../thirdparty/owemdjee/wren/CHANGELOG.md">
      <Filter>Misc Files</Filter>
    </Text>
    <Text Include="../../thirdparty/owemdjee/wren/LICENSE">
      <Filter>Misc Files</Filter>
    </Text>
    <Text Include="../../thirdparty/owemdjee/wren/README.md">
      <Filter>Misc Files</Filter>
    </Text>
    <Text Include="../../thirdparty/owemdjee/wren/doc/error-handling.txt">
      <Filter>Misc Files\doc</Filter>
    </Text>
    <Text Include="../../thirdparty/owemdjee/wren/doc/implicit fields.txt">
      <Filter>Misc Files\doc</Filter>
    </Text>
    <Text Include="../../thirdparty/owemdjee/wren/doc/instruction counts.txt">
      <Filter>Misc Files\doc</Filter>
    </Text>
    <Text Include="../../thirdparty/owemdjee/wren/doc/notes/import syntax.md">
      <Filter>Misc Files\doc\notes</Filter>
    </Text>
    <Text Include="../../thirdparty/owemdjee/wren/doc/notes/re-entrancy.md">
      <Filter>Misc Files\doc\notes</Filter>
    </Text>
    <Text Include="../../thirdparty/owemdjee/wren/doc/receiver-less calls 2.txt">
      <Filter>Misc Files\doc</Filter>
    </Text>
    <Text Include="../../thirdparty/owemdjee/wren/doc/receiver-less calls.txt">
      <Filter>Misc Files\doc</Filter>
    </Text>
    <Text Include="../../thirdparty/owemdjee/wren/doc/rfc/0001-smarter-imports.md">
      <Filter>Misc Files\doc\rfc</Filter>
    </Text>
    <Text Include="../../thirdparty/owemdjee/wren/doc/site/blog/0-hello-wren.markdown">
      <Filter>Misc Files\doc\site\blog</Filter>
    </Text>
    <Text Include="../../thirdparty/owemdjee/wren/doc/site/blog/1-0.2.0-and-beyond.markdown">
      <Filter>Misc Files\doc\site\blog</Filter>
    </Text>
    <Text Include="../../thirdparty/owemdjee/wren/doc/site/blog/2-0.3.0-released.markdown">
      <Filter>Misc Files\doc\site\blog</Filter>
    </Text>
    <Text Include="../../thirdparty/owemdjee/wren/doc/site/blog/3-0.4.0-released.markdown">
      <Filter>Misc Files\doc\site\blog</Filter>
    </Text>
    <Text Include="../../thirdparty/owemdjee/wren/doc/site/blog/index.markdown">
      <Filter>Misc Files\doc\site\blog</Filter>
    </Text>
    <Text Include="../../thirdparty/owemdjee/wren/doc/site/blog/template.html">
      <Filter>Misc Files\doc\site\blog</Filter>
    </Text>
    <Text Include="../../thirdparty/owemdjee/wren/doc/site/classes.markdown">
      <Filter>Misc Files\doc\site</Filter>
    </Text>
    <Text Include="../../thirdparty/owemdjee/wren/doc/site/cli/index.markdown">
      <Filter>Misc Files\doc\site\cli</Filter>
    </Text>
    <Text Include="../../thirdparty/owemdjee/wren/doc/site/cli/modules/index.markdown">
      <Filter>Misc Files\doc\site\cli\modules</Filter>
    </Text>
    <Text Include="../../thirdparty/owemdjee/wren/doc/site/cli/modules/io/directory.markdown">
      <Filter>Misc Files\doc\site\cli\modules\io</Filter>
    </Text>
    <Text Include="../../thirdparty/owemdjee/wren/doc/site/cli/modules/io/file-flags.markdown">
      <Filter>Misc Files\doc\site\cli\modules\io</Filter>
    </Text>
    <Text Include="../../thirdparty/owemdjee/wren/doc/site/cli/modules/io/file.markdown">
      <Filter>Misc Files\doc\site\cli\modules\io</Filter>
    </Text>
    <Text Include="../../thirdparty/owemdjee/wren/doc/site/cli/modules/io/index.markdown">
      <Filter>Misc Files\doc\site\cli\modules\io</Filter>
    </Text>
    <Text Include="../../thirdparty/owemdjee/wren/doc/site/cli/modules/io/stat.markdown">
      <Filter>Misc Files\doc\site\cli\modules\io</Filter>
    </Text>
    <Text Include="../../thirdparty/owemdjee/wren/doc/site/cli/modules/io/stdin.markdown">
      <Filter>Misc Files\doc\site\cli\modules\io</Filter>
    </Text>
    <Text Include="../../thirdparty/owemdjee/wren/doc/site/cli/modules/io/stdout.markdown">
      <Filter>Misc Files\doc\site\cli\modules\io</Filter>
    </Text>
    <Text Include="../../thirdparty/owemdjee/wren/doc/site/cli/modules/io/template.html">
      <Filter>Misc Files\doc\site\cli\modules\io</Filter>
    </Text>
    <Text Include="../../thirdparty/owemdjee/wren/doc/site/cli/modules/os/index.markdown">
      <Filter>Misc Files\doc\site\cli\modules\os</Filter>
    </Text>
    <Text Include="../../thirdparty/owemdjee/wren/doc/site/cli/modules/os/platform.markdown">
      <Filter>Misc Files\doc\site\cli\modules\os</Filter>
    </Text>
    <Text Include="../../thirdparty/owemdjee/wren/doc/site/cli/modules/os/process.markdown">
      <Filter>Misc Files\doc\site\cli\modules\os</Filter>
    </Text>
    <Text Include="../../thirdparty/owemdjee/wren/doc/site/cli/modules/os/template.html">
      <Filter>Misc Files\doc\site\cli\modules\os</Filter>
    </Text>
    <Text Include="../../thirdparty/owemdjee/wren/doc/site/cli/modules/scheduler/index.markdown">
      <Filter>Misc Files\doc\site\cli\modules\scheduler</Filter>
    </Text>
    <Text Include="../../thirdparty/owemdjee/wren/doc/site/cli/modules/scheduler/scheduler.markdown">
      <Filter>Misc Files\doc\site\cli\modules\scheduler</Filter>
    </Text>
    <Text Include="../../thirdparty/owemdjee/wren/doc/site/cli/modules/scheduler/template.html">
      <Filter>Misc Files\doc\site\cli\modules\scheduler</Filter>
    </Text>
    <Text Include="../../thirdparty/owemdjee/wren/doc/site/cli/modules/template.html">
      <Filter>Misc Files\doc\site\cli\modules</Filter>
    </Text>
    <Text Include="../../thirdparty/owemdjee/wren/doc/site/cli/modules/timer/index.markdown">
      <Filter>Misc Files\doc\site\cli\modules\timer</Filter>
    </Text>
    <Text Include="../../thirdparty/owemdjee/wren/doc/site/cli/modules/timer/template.html">
      <Filter>Misc Files\doc\site\cli\modules\timer</Filter>
    </Text>
    <Text Include="../../thirdparty/owemdjee/wren/doc/site/cli/modules/timer/timer.markdown">
      <Filter>Misc Files\doc\site\cli\modules\timer</Filter>
    </Text>
    <Text Include="../../thirdparty/owemdjee/wren/doc/site/cli/template.html">
      <Filter>Misc Files\doc\site\cli</Filter>
    </Text>
    <Text Include="../../thirdparty/owemdjee/wren/doc/site/cli/usage.markdown">
      <Filter>Misc Files\doc\site\cli</Filter>
    </Text>
    <Text Include="../../thirdparty/owemdjee/wren/doc/site/concurrency.markdown">
      <Filter>Misc Files\doc\site</Filter>
    </Text>
    <Text Include="../../thirdparty/owemdjee/wren/doc/site/contributing.markdown">
      <Filter>Misc Files\doc\site</Filter>
    </Text>
    <Text Include="../../thirdparty/owemdjee/wren/doc/site/control-flow.markdown">
      <Filter>Misc Files\doc\site</Filter>
    </Text>
    <Text Include="../../thirdparty/owemdjee/wren/doc/site/embedding/calling-c-from-wren.markdown">
      <Filter>Misc Files\doc\site\embedding</Filter>
    </Text>
    <Text Include="../../thirdparty/owemdjee/wren/doc/site/embedding/calling-wren-from-c.markdown">
      <Filter>Misc Files\doc\site\embedding</Filter>
    </Text>
    <Text Include="../../thirdparty/owemdjee/wren/doc/site/embedding/configuring-the-vm.markdown">
      <Filter>Misc Files\doc\site\embedding</Filter>
    </Text>
    <Text Include="../../thirdparty/owemdjee/wren/doc/site/embedding/index.markdown">
      <Filter>Misc Files\doc\site\embedding</Filter>
    </Text>
    <Text Include="../../thirdparty/owemdjee/wren/doc/site/embedding/slots-and-handles.markdown">
      <Filter>Misc Files\doc\site\embedding</Filter>
    </Text>
    <Text Include="../../thirdparty/owemdjee/wren/doc/site/embedding/storing-c-data.markdown">
      <Filter>Misc Files\doc\site\embedding</Filter>
    </Text>
    <Text Include="../../thirdparty/owemdjee/wren/doc/site/embedding/template.html">
      <Filter>Misc Files\doc\site\embedding</Filter>
    </Text>
    <Text Include="../../thirdparty/owemdjee/wren/doc/site/error-handling.markdown">
      <Filter>Misc Files\doc\site</Filter>
    </Text>
    <Text Include="../../thirdparty/owemdjee/wren/doc/site/functions.markdown">
      <Filter>Misc Files\doc\site</Filter>
    </Text>
    <Text Include="../../thirdparty/owemdjee/wren/doc/site/getting-started.markdown">
      <Filter>Misc Files\doc\site</Filter>
    </Text>
    <Text Include="../../thirdparty/owemdjee/wren/doc/site/index.markdown">
      <Filter>Misc Files\doc\site</Filter>
    </Text>
    <Text Include="../../thirdparty/owemdjee/wren/doc/site/lists.markdown">
      <Filter>Misc Files\doc\site</Filter>
    </Text>
    <Text Include="../../thirdparty/owemdjee/wren/doc/site/maps.markdown">
      <Filter>Misc Files\doc\site</Filter>
    </Text>
    <Text Include="../../thirdparty/owemdjee/wren/doc/site/method-calls.markdown">
      <Filter>Misc Files\doc\site</Filter>
    </Text>
    <Text Include="../../thirdparty/owemdjee/wren/doc/site/modularity.markdown">
      <Filter>Misc Files\doc\site</Filter>
    </Text>
    <Text Include="../../thirdparty/owemdjee/wren/doc/site/modules/core/bool.markdown">
      <Filter>Misc Files\doc\site\modules\core</Filter>
    </Text>
    <Text Include="../../thirdparty/owemdjee/wren/doc/site/modules/core/class.markdown">
      <Filter>Misc Files\doc\site\modules\core</Filter>
    </Text>
    <Text Include="../../thirdparty/owemdjee/wren/doc/site/modules/core/fiber.markdown">
      <Filter>Misc Files\doc\site\modules\core</Filter>
    </Text>
    <Text Include="../../thirdparty/owemdjee/wren/doc/site/modules/core/fn.markdown">
      <Filter>Misc Files\doc\site\modules\core</Filter>
    </Text>
    <Text Include="../../thirdparty/owemdjee/wren/doc/site/modules/core/index.markdown">
      <Filter>Misc Files\doc\site\modules\core</Filter>
    </Text>
    <Text Include="../../thirdparty/owemdjee/wren/doc/site/modules/core/list.markdown">
      <Filter>Misc Files\doc\site\modules\core</Filter>
    </Text>
    <Text Include="../../thirdparty/owemdjee/wren/doc/site/modules/core/map.markdown">
      <Filter>Misc Files\doc\site\modules\core</Filter>
    </Text>
    <Text Include="../../thirdparty/owemdjee/wren/doc/site/modules/core/null.markdown">
      <Filter>Misc Files\doc\site\modules\core</Filter>
    </Text>
    <Text Include="../../thirdparty/owemdjee/wren/doc/site/modules/core/num.markdown">
      <Filter>Misc Files\doc\site\modules\core</Filter>
    </Text>
    <Text Include="../../thirdparty/owemdjee/wren/doc/site/modules/core/object.markdown">
      <Filter>Misc Files\doc\site\modules\core</Filter>
    </Text>
    <Text Include="../../thirdparty/owemdjee/wren/doc/site/modules/core/range.markdown">
      <Filter>Misc Files\doc\site\modules\core</Filter>
    </Text>
    <Text Include="../../thirdparty/owemdjee/wren/doc/site/modules/core/sequence.markdown">
      <Filter>Misc Files\doc\site\modules\core</Filter>
    </Text>
    <Text Include="../../thirdparty/owemdjee/wren/doc/site/modules/core/string.markdown">
      <Filter>Misc Files\doc\site\modules\core</Filter>
    </Text>
    <Text Include="../../thirdparty/owemdjee/wren/doc/site/modules/core/system.markdown">
      <Filter>Misc Files\doc\site\modules\core</Filter>
    </Text>
    <Text Include="../../thirdparty/owemdjee/wren/doc/site/modules/core/template.html">
      <Filter>Misc Files\doc\site\modules\core</Filter>
    </Text>
    <Text Include="../../thirdparty/owemdjee/wren/doc/site/modules/index.markdown">
      <Filter>Misc Files\doc\site\modules</Filter>
    </Text>
    <Text Include="../../thirdparty/owemdjee/wren/doc/site/modules/meta/index.markdown">
      <Filter>Misc Files\doc\site\modules\meta</Filter>
    </Text>
    <Text Include="../../thirdparty/owemdjee/wren/doc/site/modules/meta/meta.markdown">
      <Filter>Misc Files\doc\site\modules\meta</Filter>
    </Text>
    <Text Include="../../thirdparty/owemdjee/wren/doc/site/modules/meta/template.html">
      <Filter>Misc Files\doc\site\modules\meta</Filter>
    </Text>
    <Text Include="../../thirdparty/owemdjee/wren/doc/site/modules/random/index.markdown">
      <Filter>Misc Files\doc\site\modules\random</Filter>
    </Text>
    <Text Include="../../thirdparty/owemdjee/wren/doc/site/modules/random/random.markdown">
      <Filter>Misc Files\doc\site\modules\random</Filter>
    </Text>
    <Text Include="../../thirdparty/owemdjee/wren/doc/site/modules/random/template.html">
      <Filter>Misc Files\doc\site\modules\random</Filter>
    </Text>
    <Text Include="../../thirdparty/owemdjee/wren/doc/site/modules/template.html">
      <Filter>Misc Files\doc\site\modules</Filter>
    </Text>
    <Text Include="../../thirdparty/owemdjee/wren/doc/site/performance.markdown">
      <Filter>Misc Files\doc\site</Filter>
    </Text>
    <Text Include="../../thirdparty/owemdjee/wren/doc/site/qa.markdown">
      <Filter>Misc Files\doc\site</Filter>
    </Text>
    <Text Include="../../thirdparty/owemdjee/wren/doc/site/static/codejar-linenumbers.js">
      <Filter>Misc Files\doc\site\static</Filter>
    </Text>
    <Text Include="../../thirdparty/owemdjee/wren/doc/site/static/codejar.js">
      <Filter>Misc Files\doc\site\static</Filter>
    </Text>
    <Text Include="../../thirdparty/owemdjee/wren/doc/site/static/lzstring.min.js">
      <Filter>Misc Files\doc\site\static</Filter>
    </Text>
    <Text Include="../../thirdparty/owemdjee/wren/doc/site/static/prism.css">
      <Filter>Misc Files\doc\site\static</Filter>
    </Text>
    <Text Include="../../thirdparty/owemdjee/wren/doc/site/static/prism.js">
      <Filter>Misc Files\doc\site\static</Filter>
    </Text>
    <Text Include="../../thirdparty/owemdjee/wren/doc/site/static/style.css">
      <Filter>Misc Files\doc\site\static</Filter>
    </Text>
    <Text Include="../../thirdparty/owemdjee/wren/doc/site/static/wren.js">
      <Filter>Misc Files\doc\site\static</Filter>
    </Text>
    <Text Include="../../thirdparty/owemdjee/wren/doc/site/static/wren.svg">
      <Filter>Misc Files\doc\site\static</Filter>
    </Text>
    <Text Include="../../thirdparty/owemdjee/wren/doc/site/static/wren_try.js">
      <Filter>Misc Files\doc\site\static</Filter>
    </Text>
    <Text Include="../../thirdparty/owemdjee/wren/doc/site/static/wren_try.wasm">
      <Filter>Misc Files\doc\site\static</Filter>
    </Text>
    <Text Include="../../thirdparty/owemdjee/wren/doc/site/syntax.markdown">
      <Filter>Misc Files\doc\site</Filter>
    </Text>
    <Text Include="../../thirdparty/owemdjee/wren/doc/site/template.html">
      <Filter>Misc Files\doc\site</Filter>
    </Text>
    <Text Include="../../thirdparty/owemdjee/wren/doc/site/try/index.markdown">
      <Filter>Misc Files\doc\site\try</Filter>
    </Text>
    <Text Include="../../thirdparty/owemdjee/wren/doc/site/try/template.html">
      <Filter>Misc Files\doc\site\try</Filter>
    </Text>
    <Text Include="../../thirdparty/owemdjee/wren/doc/site/values.markdown">
      <Filter>Misc Files\doc\site</Filter>
    </Text>
    <Text Include="../../thirdparty/owemdjee/wren/doc/site/variables.markdown">
      <Filter>Misc Files\doc\site</Filter>
    </Text>
    <Text Include="../../thirdparty/owemdjee/wren/projects/make.bsd/Makefile">
      <Filter>Misc Files\projects\make.bsd</Filter>
    </Text>
    <Text Include="../../thirdparty/owemdjee/wren/projects/make.mac/Makefile">
      <Filter>Misc Files\projects\make.mac</Filter>
    </Text>
    <Text Include="../../thirdparty/owemdjee/wren/projects/make/Makefile">
      <Filter>Misc Files\projects\make</Filter>
    </Text>
    <Text Include="../../thirdparty/owemdjee/wren/projects/premake/premake5.lua">
      <Filter>Misc Files\projects\premake</Filter>
    </Text>
    <Text Include="../../thirdparty/owemdjee/wren/src/README.md">
      <Filter>Misc Files\src</Filter>
    </Text>
    <Text Include="../../thirdparty/owemdjee/wren/test/README.md">
      <Filter>Misc Files\test</Filter>
    </Text>
    <Text Include="../../thirdparty/owemdjee/wren/test/benchmark/README.md">
      <Filter>Misc Files\test\benchmark</Filter>
    </Text>
    <Text Include="../../thirdparty/owemdjee/wren/test/benchmark/binary_trees.lua">
      <Filter>Misc Files\test\benchmark</Filter>
    </Text>
    <Text Include="../../thirdparty/owemdjee/wren/test/benchmark/binary_trees.py">
      <Filter>Misc Files\test\benchmark</Filter>
    </Text>
    <Text Include="../../thirdparty/owemdjee/wren/test/benchmark/delta_blue.lua.inprogress">
      <Filter>Misc Files\test\benchmark</Filter>
    </Text>
    <Text Include="../../thirdparty/owemdjee/wren/test/benchmark/delta_blue.py">
      <Filter>Misc Files\test\benchmark</Filter>
    </Text>
    <Text Include="../../thirdparty/owemdjee/wren/test/benchmark/fannkuch.lua">
      <Filter>Misc Files\test\benchmark</Filter>
    </Text>
    <Text Include="../../thirdparty/owemdjee/wren/test/benchmark/fannkuch.py">
      <Filter>Misc Files\test\benchmark</Filter>
    </Text>
    <Text Include="../../thirdparty/owemdjee/wren/test/benchmark/fib.lua">
      <Filter>Misc Files\test\benchmark</Filter>
    </Text>
    <Text Include="../../thirdparty/owemdjee/wren/test/benchmark/fib.py">
      <Filter>Misc Files\test\benchmark</Filter>
    </Text>
    <Text Include="../../thirdparty/owemdjee/wren/test/benchmark/for.lua">
      <Filter>Misc Files\test\benchmark</Filter>
    </Text>
    <Text Include="../../thirdparty/owemdjee/wren/test/benchmark/for.py">
      <Filter>Misc Files\test\benchmark</Filter>
    </Text>
    <Text Include="../../thirdparty/owemdjee/wren/test/benchmark/map_numeric.lua">
      <Filter>Misc Files\test\benchmark</Filter>
    </Text>
    <Text Include="../../thirdparty/owemdjee/wren/test/benchmark/map_numeric.py">
      <Filter>Misc Files\test\benchmark</Filter>
    </Text>
    <Text Include="../../thirdparty/owemdjee/wren/test/benchmark/map_string.lua">
      <Filter>Misc Files\test\benchmark</Filter>
    </Text>
    <Text Include="../../thirdparty/owemdjee/wren/test/benchmark/map_string.py">
      <Filter>Misc Files\test\benchmark</Filter>
    </Text>
    <Text Include="../../thirdparty/owemdjee/wren/test/benchmark/method_call.lua">
      <Filter>Misc Files\test\benchmark</Filter>
    </Text>
    <Text Include="../../thirdparty/owemdjee/wren/test/benchmark/method_call.py">
      <Filter>Misc Files\test\benchmark</Filter>
    </Text>
    <Text Include="../../thirdparty/owemdjee/wren/test/benchmark/string_equals.py">
      <Filter>Misc Files\test\benchmark</Filter>
    </Text>
    <Text Include="../../thirdparty/owemdjee/wren/try/make.emscripten/Makefile">
      <Filter>Misc Files\try\make.emscripten</Filter>
    </Text>
    <Text Include="../../thirdparty/owemdjee/wren/try/readme.md">
      <Filter>Misc Files\try</Filter>
    </Text>
    <Text Include="../../thirdparty/owemdjee/wren/util/benchmark.py">
      <Filter>Misc Files\util</Filter>
    </Text>
    <Text Include="../../thirdparty/owemdjee/wren/util/deploy_docs_from_travis.sh">
      <Filter>Misc Files\util</Filter>
    </Text>
    <Text Include="../../thirdparty/owemdjee/wren/util/generate_amalgamation.py">
      <Filter>Misc Files\util</Filter>
    </Text>
    <Text Include="../../thirdparty/owemdjee/wren/util/generate_docs.py">
      <Filter>Misc Files\util</Filter>
    </Text>
    <Text Include="../../thirdparty/owemdjee/wren/util/generate_projects.py">
      <Filter>Misc Files\util</Filter>
    </Text>
    <Text Include="../../thirdparty/owemdjee/wren/util/metrics.py">
      <Filter>Misc Files\util</Filter>
    </Text>
    <Text Include="../../thirdparty/owemdjee/wren/util/test.py">
      <Filter>Misc Files\util</Filter>
    </Text>
    <Text Include="../../thirdparty/owemdjee/wren/util/wren_to_c_string.py">
      <Filter>Misc Files\util</Filter>
    </Text>
    <Xml Include="../../thirdparty/owemdjee/wren/doc/site/blog/rss.xml">
      <Filter>Misc Files\doc\site\blog</Filter>
    </Xml>
  </ItemGroup>
</Project>
