<?xml version="1.0" encoding="utf-8"?>
<Project ToolsVersion="4.0" xmlns="http://schemas.microsoft.com/developer/msbuild/2003">
  <ItemGroup>
    <Filter Include="Source Files">
      <UniqueIdentifier>{d2a97047-4937-4f7a-ab2f-4485e03fd328}</UniqueIdentifier>
    </Filter>
    <Filter Include="Header Files">
      <UniqueIdentifier>{42f0fc98-34f6-4567-b3cf-de13e74a89ab}</UniqueIdentifier>
    </Filter>
    <Filter Include="Misc Files">
      <UniqueIdentifier>{b1798409-2031-413d-9df7-70b0202ddd98}</UniqueIdentifier>
    </Filter>
  </ItemGroup>
  <ItemGroup>
    <Filter Include="Misc Files\scripts">
      <UniqueIdentifier>{d2a97047-4937-4f7a-ab2f-4485e03f0001}</UniqueIdentifier>
    </Filter>
    <Filter Include="Misc Files\src">
      <UniqueIdentifier>{d2a97047-4937-4f7a-ab2f-4485e03f0003}</UniqueIdentifier>
    </Filter>
    <Filter Include="Misc Files\src\html">
      <UniqueIdentifier>{d2a97047-4937-4f7a-ab2f-4485e03f0002}</UniqueIdentifier>
    </Filter>
    <Filter Include="Misc Files\src\js">
      <UniqueIdentifier>{d2a97047-4937-4f7a-ab2f-4485e03f0004}</UniqueIdentifier>
    </Filter>
    <Filter Include="Misc Files\src\js\actions">
      <UniqueIdentifier>{d2a97047-4937-4f7a-ab2f-4485e03f0005}</UniqueIdentifier>
    </Filter>
    <Filter Include="Misc Files\src\js\common">
      <UniqueIdentifier>{d2a97047-4937-4f7a-ab2f-4485e03f0006}</UniqueIdentifier>
    </Filter>
    <Filter Include="Misc Files\src\js\component">
      <UniqueIdentifier>{d2a97047-4937-4f7a-ab2f-4485e03f0007}</UniqueIdentifier>
    </Filter>
    <Filter Include="Misc Files\src\js\component\editable">
      <UniqueIdentifier>{d2a97047-4937-4f7a-ab2f-4485e03f0008}</UniqueIdentifier>
    </Filter>
    <Filter Include="Misc Files\src\js\component\embedded">
      <UniqueIdentifier>{d2a97047-4937-4f7a-ab2f-4485e03f0009}</UniqueIdentifier>
    </Filter>
    <Filter Include="Misc Files\src\js\component\form">
      <UniqueIdentifier>{d2a97047-4937-4f7a-ab2f-4485e03f0010}</UniqueIdentifier>
    </Filter>
    <Filter Include="Misc Files\src\js\component\item">
      <UniqueIdentifier>{d2a97047-4937-4f7a-ab2f-4485e03f0011}</UniqueIdentifier>
    </Filter>
    <Filter Include="Misc Files\src\js\component\item-details">
      <UniqueIdentifier>{d2a97047-4937-4f7a-ab2f-4485e03f0012}</UniqueIdentifier>
    </Filter>
    <Filter Include="Misc Files\src\js\component\item\actions">
      <UniqueIdentifier>{d2a97047-4937-4f7a-ab2f-4485e03f0013}</UniqueIdentifier>
    </Filter>
    <Filter Include="Misc Files\src\js\component\item\items">
      <UniqueIdentifier>{d2a97047-4937-4f7a-ab2f-4485e03f0014}</UniqueIdentifier>
    </Filter>
    <Filter Include="Misc Files\src\js\component\libraries">
      <UniqueIdentifier>{d2a97047-4937-4f7a-ab2f-4485e03f0015}</UniqueIdentifier>
    </Filter>
    <Filter Include="Misc Files\src\js\component\modal">
      <UniqueIdentifier>{d2a97047-4937-4f7a-ab2f-4485e03f0016}</UniqueIdentifier>
    </Filter>
    <Filter Include="Misc Files\src\js\component\tag-selector">
      <UniqueIdentifier>{d2a97047-4937-4f7a-ab2f-4485e03f0017}</UniqueIdentifier>
    </Filter>
    <Filter Include="Misc Files\src\js\component\touch-header">
      <UniqueIdentifier>{d2a97047-4937-4f7a-ab2f-4485e03f0018}</UniqueIdentifier>
    </Filter>
    <Filter Include="Misc Files\src\js\component\ui">
      <UniqueIdentifier>{d2a97047-4937-4f7a-ab2f-4485e03f0019}</UniqueIdentifier>
    </Filter>
    <Filter Include="Misc Files\src\js\constants">
      <UniqueIdentifier>{d2a97047-4937-4f7a-ab2f-4485e03f0020}</UniqueIdentifier>
    </Filter>
    <Filter Include="Misc Files\src\js\hooks">
      <UniqueIdentifier>{d2a97047-4937-4f7a-ab2f-4485e03f0021}</UniqueIdentifier>
    </Filter>
    <Filter Include="Misc Files\src\js\reducers">
      <UniqueIdentifier>{d2a97047-4937-4f7a-ab2f-4485e03f0022}</UniqueIdentifier>
    </Filter>
    <Filter Include="Misc Files\src\js\reducers\libraries">
      <UniqueIdentifier>{d2a97047-4937-4f7a-ab2f-4485e03f0023}</UniqueIdentifier>
    </Filter>
    <Filter Include="Misc Files\src\scss">
      <UniqueIdentifier>{d2a97047-4937-4f7a-ab2f-4485e03f0024}</UniqueIdentifier>
    </Filter>
    <Filter Include="Misc Files\src\scss\abstracts">
      <UniqueIdentifier>{d2a97047-4937-4f7a-ab2f-4485e03f0025}</UniqueIdentifier>
    </Filter>
    <Filter Include="Misc Files\src\scss\abstracts\functions">
      <UniqueIdentifier>{d2a97047-4937-4f7a-ab2f-4485e03f0026}</UniqueIdentifier>
    </Filter>
    <Filter Include="Misc Files\src\scss\abstracts\mixins">
      <UniqueIdentifier>{d2a97047-4937-4f7a-ab2f-4485e03f0027}</UniqueIdentifier>
    </Filter>
    <Filter Include="Misc Files\src\scss\abstracts\utilities">
      <UniqueIdentifier>{d2a97047-4937-4f7a-ab2f-4485e03f0028}</UniqueIdentifier>
    </Filter>
    <Filter Include="Misc Files\src\scss\base">
      <UniqueIdentifier>{d2a97047-4937-4f7a-ab2f-4485e03f0029}</UniqueIdentifier>
    </Filter>
    <Filter Include="Misc Files\src\scss\components">
      <UniqueIdentifier>{d2a97047-4937-4f7a-ab2f-4485e03f0030}</UniqueIdentifier>
    </Filter>
    <Filter Include="Misc Files\src\scss\components\attachment">
      <UniqueIdentifier>{d2a97047-4937-4f7a-ab2f-4485e03f0031}</UniqueIdentifier>
    </Filter>
    <Filter Include="Misc Files\src\scss\components\item">
      <UniqueIdentifier>{d2a97047-4937-4f7a-ab2f-4485e03f0032}</UniqueIdentifier>
    </Filter>
    <Filter Include="Misc Files\src\scss\components\metadata">
      <UniqueIdentifier>{d2a97047-4937-4f7a-ab2f-4485e03f0033}</UniqueIdentifier>
    </Filter>
    <Filter Include="Misc Files\src\scss\components\modal">
      <UniqueIdentifier>{d2a97047-4937-4f7a-ab2f-4485e03f0034}</UniqueIdentifier>
    </Filter>
    <Filter Include="Misc Files\src\scss\components\note">
      <UniqueIdentifier>{d2a97047-4937-4f7a-ab2f-4485e03f0035}</UniqueIdentifier>
    </Filter>
    <Filter Include="Misc Files\src\scss\components\related">
      <UniqueIdentifier>{d2a97047-4937-4f7a-ab2f-4485e03f0036}</UniqueIdentifier>
    </Filter>
    <Filter Include="Misc Files\src\scss\components\tag">
      <UniqueIdentifier>{d2a97047-4937-4f7a-ab2f-4485e03f0037}</UniqueIdentifier>
    </Filter>
    <Filter Include="Misc Files\src\scss\embedded">
      <UniqueIdentifier>{d2a97047-4937-4f7a-ab2f-4485e03f0038}</UniqueIdentifier>
    </Filter>
    <Filter Include="Misc Files\src\scss\partials">
      <UniqueIdentifier>{d2a97047-4937-4f7a-ab2f-4485e03f0039}</UniqueIdentifier>
    </Filter>
    <Filter Include="Misc Files\src\scss\themes">
      <UniqueIdentifier>{d2a97047-4937-4f7a-ab2f-4485e03f0040}</UniqueIdentifier>
    </Filter>
    <Filter Include="Misc Files\test">
      <UniqueIdentifier>{d2a97047-4937-4f7a-ab2f-4485e03f0042}</UniqueIdentifier>
    </Filter>
    <Filter Include="Misc Files\test\common">
      <UniqueIdentifier>{d2a97047-4937-4f7a-ab2f-4485e03f0041}</UniqueIdentifier>
    </Filter>
    <Filter Include="Misc Files\test\fixtures">
      <UniqueIdentifier>{d2a97047-4937-4f7a-ab2f-4485e03f0043}</UniqueIdentifier>
    </Filter>
    <Filter Include="Misc Files\test\helper">
      <UniqueIdentifier>{d2a97047-4937-4f7a-ab2f-4485e03f0044}</UniqueIdentifier>
    </Filter>
    <Filter Include="Misc Files\test\redux">
      <UniqueIdentifier>{d2a97047-4937-4f7a-ab2f-4485e03f0045}</UniqueIdentifier>
    </Filter>
    <Filter Include="Misc Files\test\support">
      <UniqueIdentifier>{d2a97047-4937-4f7a-ab2f-4485e03f0046}</UniqueIdentifier>
    </Filter>
    <Filter Include="Resource Files">
      <UniqueIdentifier>{d2a97047-4937-4f7a-ab2f-4485e03f0047}</UniqueIdentifier>
    </Filter>
    <Filter Include="Resource Files\src">
      <UniqueIdentifier>{d2a97047-4937-4f7a-ab2f-4485e03f0050}</UniqueIdentifier>
    </Filter>
    <Filter Include="Resource Files\src\static">
      <UniqueIdentifier>{d2a97047-4937-4f7a-ab2f-4485e03f0049}</UniqueIdentifier>
    </Filter>
    <Filter Include="Resource Files\src\static\icons">
      <UniqueIdentifier>{d2a97047-4937-4f7a-ab2f-4485e03f0048}</UniqueIdentifier>
    </Filter>
  </ItemGroup>
  <ItemGroup>
    <Image Include="../../thirdparty/owemdjee/zotero-web-library/src/static/icons/icon-192x192.png">
      <Filter>Resource Files\src\static\icons</Filter>
    </Image>
    <Image Include="../../thirdparty/owemdjee/zotero-web-library/src/static/icons/icon-512x512.png">
      <Filter>Resource Files\src\static\icons</Filter>
    </Image>
    <Text Include="../../thirdparty/owemdjee/zotero-web-library/CONTRIBUTING.md">
      <Filter>Misc Files</Filter>
    </Text>
    <Text Include="../../thirdparty/owemdjee/zotero-web-library/README.md">
      <Filter>Misc Files</Filter>
    </Text>
    <Text Include="../../thirdparty/owemdjee/zotero-web-library/babel.config.cjs">
      <Filter>Misc Files</Filter>
    </Text>
    <Text Include="../../thirdparty/owemdjee/zotero-web-library/package-lock.json">
      <Filter>Misc Files</Filter>
    </Text>
    <Text Include="../../thirdparty/owemdjee/zotero-web-library/package.json">
      <Filter>Misc Files</Filter>
    </Text>
    <Text Include="../../thirdparty/owemdjee/zotero-web-library/rollup.config.js">
      <Filter>Misc Files</Filter>
    </Text>
    <Text Include="../../thirdparty/owemdjee/zotero-web-library/scripts/add-license.cjs">
      <Filter>Misc Files\scripts</Filter>
    </Text>
    <Text Include="../../thirdparty/owemdjee/zotero-web-library/scripts/build-mappings.cjs">
      <Filter>Misc Files\scripts</Filter>
    </Text>
    <Text Include="../../thirdparty/owemdjee/zotero-web-library/scripts/build-styles-json.cjs">
      <Filter>Misc Files\scripts</Filter>
    </Text>
    <Text Include="../../thirdparty/owemdjee/zotero-web-library/scripts/fetch-locale.cjs">
      <Filter>Misc Files\scripts</Filter>
    </Text>
    <Text Include="../../thirdparty/owemdjee/zotero-web-library/scripts/fetch-note-editor.cjs">
      <Filter>Misc Files\scripts</Filter>
    </Text>
    <Text Include="../../thirdparty/owemdjee/zotero-web-library/scripts/fetch-pdf-reader.cjs">
      <Filter>Misc Files\scripts</Filter>
    </Text>
    <Text Include="../../thirdparty/owemdjee/zotero-web-library/scripts/fetch-pdf-worker.cjs">
      <Filter>Misc Files\scripts</Filter>
    </Text>
    <Text Include="../../thirdparty/owemdjee/zotero-web-library/scripts/server.cjs">
      <Filter>Misc Files\scripts</Filter>
    </Text>
    <Text Include="../../thirdparty/owemdjee/zotero-web-library/scripts/store-version.cjs">
      <Filter>Misc Files\scripts</Filter>
    </Text>
    <Text Include="../../thirdparty/owemdjee/zotero-web-library/src/html/embedded.html">
      <Filter>Misc Files\src\html</Filter>
    </Text>
    <Text Include="../../thirdparty/owemdjee/zotero-web-library/src/html/index.html">
      <Filter>Misc Files\src\html</Filter>
    </Text>
    <Text Include="../../thirdparty/owemdjee/zotero-web-library/src/html/manifest.json">
      <Filter>Misc Files\src\html</Filter>
    </Text>
    <Text Include="../../thirdparty/owemdjee/zotero-web-library/src/js/actions/attachments.js">
      <Filter>Misc Files\src\js\actions</Filter>
    </Text>
    <Text Include="../../thirdparty/owemdjee/zotero-web-library/src/js/actions/cleanup.js">
      <Filter>Misc Files\src\js\actions</Filter>
    </Text>
    <Text Include="../../thirdparty/owemdjee/zotero-web-library/src/js/actions/collections.js">
      <Filter>Misc Files\src\js\actions</Filter>
    </Text>
    <Text Include="../../thirdparty/owemdjee/zotero-web-library/src/js/actions/deleted.js">
      <Filter>Misc Files\src\js\actions</Filter>
    </Text>
    <Text Include="../../thirdparty/owemdjee/zotero-web-library/src/js/actions/groups.js">
      <Filter>Misc Files\src\js\actions</Filter>
    </Text>
    <Text Include="../../thirdparty/owemdjee/zotero-web-library/src/js/actions/identifier.js">
      <Filter>Misc Files\src\js\actions</Filter>
    </Text>
    <Text Include="../../thirdparty/owemdjee/zotero-web-library/src/js/actions/index.js">
      <Filter>Misc Files\src\js\actions</Filter>
    </Text>
    <Text Include="../../thirdparty/owemdjee/zotero-web-library/src/js/actions/init.js">
      <Filter>Misc Files\src\js\actions</Filter>
    </Text>
    <Text Include="../../thirdparty/owemdjee/zotero-web-library/src/js/actions/items-current.js">
      <Filter>Misc Files\src\js\actions</Filter>
    </Text>
    <Text Include="../../thirdparty/owemdjee/zotero-web-library/src/js/actions/items-export.js">
      <Filter>Misc Files\src\js\actions</Filter>
    </Text>
    <Text Include="../../thirdparty/owemdjee/zotero-web-library/src/js/actions/items-other.js">
      <Filter>Misc Files\src\js\actions</Filter>
    </Text>
    <Text Include="../../thirdparty/owemdjee/zotero-web-library/src/js/actions/items-read.js">
      <Filter>Misc Files\src\js\actions</Filter>
    </Text>
    <Text Include="../../thirdparty/owemdjee/zotero-web-library/src/js/actions/items-write.js">
      <Filter>Misc Files\src\js\actions</Filter>
    </Text>
    <Text Include="../../thirdparty/owemdjee/zotero-web-library/src/js/actions/library.js">
      <Filter>Misc Files\src\js\actions</Filter>
    </Text>
    <Text Include="../../thirdparty/owemdjee/zotero-web-library/src/js/actions/meta.js">
      <Filter>Misc Files\src\js\actions</Filter>
    </Text>
    <Text Include="../../thirdparty/owemdjee/zotero-web-library/src/js/actions/navigate.js">
      <Filter>Misc Files\src\js\actions</Filter>
    </Text>
    <Text Include="../../thirdparty/owemdjee/zotero-web-library/src/js/actions/preferences.js">
      <Filter>Misc Files\src\js\actions</Filter>
    </Text>
    <Text Include="../../thirdparty/owemdjee/zotero-web-library/src/js/actions/remote.js">
      <Filter>Misc Files\src\js\actions</Filter>
    </Text>
    <Text Include="../../thirdparty/owemdjee/zotero-web-library/src/js/actions/request.js">
      <Filter>Misc Files\src\js\actions</Filter>
    </Text>
    <Text Include="../../thirdparty/owemdjee/zotero-web-library/src/js/actions/styles.js">
      <Filter>Misc Files\src\js\actions</Filter>
    </Text>
    <Text Include="../../thirdparty/owemdjee/zotero-web-library/src/js/actions/tags.js">
      <Filter>Misc Files\src\js\actions</Filter>
    </Text>
    <Text Include="../../thirdparty/owemdjee/zotero-web-library/src/js/actions/triggers.js">
      <Filter>Misc Files\src\js\actions</Filter>
    </Text>
    <Text Include="../../thirdparty/owemdjee/zotero-web-library/src/js/common/actions.js">
      <Filter>Misc Files\src\js\common</Filter>
    </Text>
    <Text Include="../../thirdparty/owemdjee/zotero-web-library/src/js/common/annotations.js">
      <Filter>Misc Files\src\js\common</Filter>
    </Text>
    <Text Include="../../thirdparty/owemdjee/zotero-web-library/src/js/common/collection.js">
      <Filter>Misc Files\src\js\common</Filter>
    </Text>
    <Text Include="../../thirdparty/owemdjee/zotero-web-library/src/js/common/event.js">
      <Filter>Misc Files\src\js\common</Filter>
    </Text>
    <Text Include="../../thirdparty/owemdjee/zotero-web-library/src/js/common/format.js">
      <Filter>Misc Files\src\js\common</Filter>
    </Text>
    <Text Include="../../thirdparty/owemdjee/zotero-web-library/src/js/common/identifiers.js">
      <Filter>Misc Files\src\js\common</Filter>
    </Text>
    <Text Include="../../thirdparty/owemdjee/zotero-web-library/src/js/common/immutable.js">
      <Filter>Misc Files\src\js\common</Filter>
    </Text>
    <Text Include="../../thirdparty/owemdjee/zotero-web-library/src/js/common/item.js">
      <Filter>Misc Files\src\js\common</Filter>
    </Text>
    <Text Include="../../thirdparty/owemdjee/zotero-web-library/src/js/common/mime.js">
      <Filter>Misc Files\src\js\common</Filter>
    </Text>
    <Text Include="../../thirdparty/owemdjee/zotero-web-library/src/js/common/navigation.js">
      <Filter>Misc Files\src\js\common</Filter>
    </Text>
    <Text Include="../../thirdparty/owemdjee/zotero-web-library/src/js/common/pdf-worker.js">
      <Filter>Misc Files\src\js\common</Filter>
    </Text>
    <Text Include="../../thirdparty/owemdjee/zotero-web-library/src/js/common/react.js">
      <Filter>Misc Files\src\js\common</Filter>
    </Text>
    <Text Include="../../thirdparty/owemdjee/zotero-web-library/src/js/common/reducers.js">
      <Filter>Misc Files\src\js\common</Filter>
    </Text>
    <Text Include="../../thirdparty/owemdjee/zotero-web-library/src/js/common/state.js">
      <Filter>Misc Files\src\js\common</Filter>
    </Text>
    <Text Include="../../thirdparty/owemdjee/zotero-web-library/src/js/common/tags.js">
      <Filter>Misc Files\src\js\common</Filter>
    </Text>
    <Text Include="../../thirdparty/owemdjee/zotero-web-library/src/js/component/drag-layer.jsx">
      <Filter>Misc Files\src\js\component</Filter>
    </Text>
    <Text Include="../../thirdparty/owemdjee/zotero-web-library/src/js/component/edit-toggle-button.jsx">
      <Filter>Misc Files\src\js\component</Filter>
    </Text>
    <Text Include="../../thirdparty/owemdjee/zotero-web-library/src/js/component/editable.jsx">
      <Filter>Misc Files\src\js\component</Filter>
    </Text>
    <Text Include="../../thirdparty/owemdjee/zotero-web-library/src/js/component/editable/content.jsx">
      <Filter>Misc Files\src\js\component\editable</Filter>
    </Text>
    <Text Include="../../thirdparty/owemdjee/zotero-web-library/src/js/component/embedded-library.jsx">
      <Filter>Misc Files\src\js\component</Filter>
    </Text>
    <Text Include="../../thirdparty/owemdjee/zotero-web-library/src/js/component/embedded/footer.jsx">
      <Filter>Misc Files\src\js\component\embedded</Filter>
    </Text>
    <Text Include="../../thirdparty/owemdjee/zotero-web-library/src/js/component/embedded/header.jsx">
      <Filter>Misc Files\src\js\component\embedded</Filter>
    </Text>
    <Text Include="../../thirdparty/owemdjee/zotero-web-library/src/js/component/embedded/libraries-tree.jsx">
      <Filter>Misc Files\src\js\component\embedded</Filter>
    </Text>
    <Text Include="../../thirdparty/owemdjee/zotero-web-library/src/js/component/error-boundry.jsx">
      <Filter>Misc Files\src\js\component</Filter>
    </Text>
    <Text Include="../../thirdparty/owemdjee/zotero-web-library/src/js/component/focus-trap.jsx">
      <Filter>Misc Files\src\js\component</Filter>
    </Text>
    <Text Include="../../thirdparty/owemdjee/zotero-web-library/src/js/component/form/auto-resizer.jsx">
      <Filter>Misc Files\src\js\component\form</Filter>
    </Text>
    <Text Include="../../thirdparty/owemdjee/zotero-web-library/src/js/component/form/creator-field.jsx">
      <Filter>Misc Files\src\js\component\form</Filter>
    </Text>
    <Text Include="../../thirdparty/owemdjee/zotero-web-library/src/js/component/form/creators.jsx">
      <Filter>Misc Files\src\js\component\form</Filter>
    </Text>
    <Text Include="../../thirdparty/owemdjee/zotero-web-library/src/js/component/form/field.jsx">
      <Filter>Misc Files\src\js\component\form</Filter>
    </Text>
    <Text Include="../../thirdparty/owemdjee/zotero-web-library/src/js/component/form/input.jsx">
      <Filter>Misc Files\src\js\component\form</Filter>
    </Text>
    <Text Include="../../thirdparty/owemdjee/zotero-web-library/src/js/component/form/radio-set.jsx">
      <Filter>Misc Files\src\js\component\form</Filter>
    </Text>
    <Text Include="../../thirdparty/owemdjee/zotero-web-library/src/js/component/form/select.jsx">
      <Filter>Misc Files\src\js\component\form</Filter>
    </Text>
    <Text Include="../../thirdparty/owemdjee/zotero-web-library/src/js/component/form/suggestions.jsx">
      <Filter>Misc Files\src\js\component\form</Filter>
    </Text>
    <Text Include="../../thirdparty/owemdjee/zotero-web-library/src/js/component/form/text-area.jsx">
      <Filter>Misc Files\src\js\component\form</Filter>
    </Text>
    <Text Include="../../thirdparty/owemdjee/zotero-web-library/src/js/component/item-details/abstract.jsx">
      <Filter>Misc Files\src\js\component\item-details</Filter>
    </Text>
    <Text Include="../../thirdparty/owemdjee/zotero-web-library/src/js/component/item-details/add-linked-url-form.jsx">
      <Filter>Misc Files\src\js\component\item-details</Filter>
    </Text>
    <Text Include="../../thirdparty/owemdjee/zotero-web-library/src/js/component/item-details/attachment-details.jsx">
      <Filter>Misc Files\src\js\component\item-details</Filter>
    </Text>
    <Text Include="../../thirdparty/owemdjee/zotero-web-library/src/js/component/item-details/attachments.jsx">
      <Filter>Misc Files\src\js\component\item-details</Filter>
    </Text>
    <Text Include="../../thirdparty/owemdjee/zotero-web-library/src/js/component/item-details/box.jsx">
      <Filter>Misc Files\src\js\component\item-details</Filter>
    </Text>
    <Text Include="../../thirdparty/owemdjee/zotero-web-library/src/js/component/item-details/boxfield.jsx">
      <Filter>Misc Files\src\js\component\item-details</Filter>
    </Text>
    <Text Include="../../thirdparty/owemdjee/zotero-web-library/src/js/component/item-details/info-view.jsx">
      <Filter>Misc Files\src\js\component\item-details</Filter>
    </Text>
    <Text Include="../../thirdparty/owemdjee/zotero-web-library/src/js/component/item-details/info.jsx">
      <Filter>Misc Files\src\js\component\item-details</Filter>
    </Text>
    <Text Include="../../thirdparty/owemdjee/zotero-web-library/src/js/component/item-details/notes.jsx">
      <Filter>Misc Files\src\js\component\item-details</Filter>
    </Text>
    <Text Include="../../thirdparty/owemdjee/zotero-web-library/src/js/component/item-details/related.jsx">
      <Filter>Misc Files\src\js\component\item-details</Filter>
    </Text>
    <Text Include="../../thirdparty/owemdjee/zotero-web-library/src/js/component/item-details/standalone-attachment.jsx">
      <Filter>Misc Files\src\js\component\item-details</Filter>
    </Text>
    <Text Include="../../thirdparty/owemdjee/zotero-web-library/src/js/component/item-details/standalone-note.jsx">
      <Filter>Misc Files\src\js\component\item-details</Filter>
    </Text>
    <Text Include="../../thirdparty/owemdjee/zotero-web-library/src/js/component/item-details/tabs.jsx">
      <Filter>Misc Files\src\js\component\item-details</Filter>
    </Text>
    <Text Include="../../thirdparty/owemdjee/zotero-web-library/src/js/component/item-details/tags.jsx">
      <Filter>Misc Files\src\js\component\item-details</Filter>
    </Text>
    <Text Include="../../thirdparty/owemdjee/zotero-web-library/src/js/component/item/actions.jsx">
      <Filter>Misc Files\src\js\component\item</Filter>
    </Text>
    <Text Include="../../thirdparty/owemdjee/zotero-web-library/src/js/component/item/actions/add-by-identifier.jsx">
      <Filter>Misc Files\src\js\component\item\actions</Filter>
    </Text>
    <Text Include="../../thirdparty/owemdjee/zotero-web-library/src/js/component/item/actions/export.jsx">
      <Filter>Misc Files\src\js\component\item\actions</Filter>
    </Text>
    <Text Include="../../thirdparty/owemdjee/zotero-web-library/src/js/component/item/actions/more-actions.jsx">
      <Filter>Misc Files\src\js\component\item\actions</Filter>
    </Text>
    <Text Include="../../thirdparty/owemdjee/zotero-web-library/src/js/component/item/actions/new-item.jsx">
      <Filter>Misc Files\src\js\component\item\actions</Filter>
    </Text>
    <Text Include="../../thirdparty/owemdjee/zotero-web-library/src/js/component/item/details.jsx">
      <Filter>Misc Files\src\js\component\item</Filter>
    </Text>
    <Text Include="../../thirdparty/owemdjee/zotero-web-library/src/js/component/item/items.jsx">
      <Filter>Misc Files\src\js\component\item</Filter>
    </Text>
    <Text Include="../../thirdparty/owemdjee/zotero-web-library/src/js/component/item/items/column-selector.jsx">
      <Filter>Misc Files\src\js\component\item\items</Filter>
    </Text>
    <Text Include="../../thirdparty/owemdjee/zotero-web-library/src/js/component/item/items/list-row.jsx">
      <Filter>Misc Files\src\js\component\item\items</Filter>
    </Text>
    <Text Include="../../thirdparty/owemdjee/zotero-web-library/src/js/component/item/items/list.jsx">
      <Filter>Misc Files\src\js\component\item\items</Filter>
    </Text>
    <Text Include="../../thirdparty/owemdjee/zotero-web-library/src/js/component/item/items/table-body.jsx">
      <Filter>Misc Files\src\js\component\item\items</Filter>
    </Text>
    <Text Include="../../thirdparty/owemdjee/zotero-web-library/src/js/component/item/items/table-cell.jsx">
      <Filter>Misc Files\src\js\component\item\items</Filter>
    </Text>
    <Text Include="../../thirdparty/owemdjee/zotero-web-library/src/js/component/item/items/table-header-row.jsx">
      <Filter>Misc Files\src\js\component\item\items</Filter>
    </Text>
    <Text Include="../../thirdparty/owemdjee/zotero-web-library/src/js/component/item/items/table-row.jsx">
      <Filter>Misc Files\src\js\component\item\items</Filter>
    </Text>
    <Text Include="../../thirdparty/owemdjee/zotero-web-library/src/js/component/item/items/table.jsx">
      <Filter>Misc Files\src\js\component\item\items</Filter>
    </Text>
    <Text Include="../../thirdparty/owemdjee/zotero-web-library/src/js/component/item/items/toolbar.jsx">
      <Filter>Misc Files\src\js\component\item\items</Filter>
    </Text>
    <Text Include="../../thirdparty/owemdjee/zotero-web-library/src/js/component/libraries.jsx">
      <Filter>Misc Files\src\js\component</Filter>
    </Text>
    <Text Include="../../thirdparty/owemdjee/zotero-web-library/src/js/component/libraries/collection-tree.jsx">
      <Filter>Misc Files\src\js\component\libraries</Filter>
    </Text>
    <Text Include="../../thirdparty/owemdjee/zotero-web-library/src/js/component/libraries/node.jsx">
      <Filter>Misc Files\src\js\component\libraries</Filter>
    </Text>
    <Text Include="../../thirdparty/owemdjee/zotero-web-library/src/js/component/library.jsx">
      <Filter>Misc Files\src\js\component</Filter>
    </Text>
    <Text Include="../../thirdparty/owemdjee/zotero-web-library/src/js/component/loader.jsx">
      <Filter>Misc Files\src\js\component</Filter>
    </Text>
    <Text Include="../../thirdparty/owemdjee/zotero-web-library/src/js/component/locale-selector.jsx">
      <Filter>Misc Files\src\js\component</Filter>
    </Text>
    <Text Include="../../thirdparty/owemdjee/zotero-web-library/src/js/component/main.jsx">
      <Filter>Misc Files\src\js\component</Filter>
    </Text>
    <Text Include="../../thirdparty/owemdjee/zotero-web-library/src/js/component/messages.jsx">
      <Filter>Misc Files\src\js\component</Filter>
    </Text>
    <Text Include="../../thirdparty/owemdjee/zotero-web-library/src/js/component/modal-manager.jsx">
      <Filter>Misc Files\src\js\component</Filter>
    </Text>
    <Text Include="../../thirdparty/owemdjee/zotero-web-library/src/js/component/modal/add-by-identifier.jsx">
      <Filter>Misc Files\src\js\component\modal</Filter>
    </Text>
    <Text Include="../../thirdparty/owemdjee/zotero-web-library/src/js/component/modal/add-items-to-collections.jsx">
      <Filter>Misc Files\src\js\component\modal</Filter>
    </Text>
    <Text Include="../../thirdparty/owemdjee/zotero-web-library/src/js/component/modal/add-linked-url-touch.jsx">
      <Filter>Misc Files\src\js\component\modal</Filter>
    </Text>
    <Text Include="../../thirdparty/owemdjee/zotero-web-library/src/js/component/modal/bibliography.jsx">
      <Filter>Misc Files\src\js\component\modal</Filter>
    </Text>
    <Text Include="../../thirdparty/owemdjee/zotero-web-library/src/js/component/modal/export.jsx">
      <Filter>Misc Files\src\js\component\modal</Filter>
    </Text>
    <Text Include="../../thirdparty/owemdjee/zotero-web-library/src/js/component/modal/identifier-picker.jsx">
      <Filter>Misc Files\src\js\component\modal</Filter>
    </Text>
    <Text Include="../../thirdparty/owemdjee/zotero-web-library/src/js/component/modal/items-sort.jsx">
      <Filter>Misc Files\src\js\component\modal</Filter>
    </Text>
    <Text Include="../../thirdparty/owemdjee/zotero-web-library/src/js/component/modal/manage-tags.jsx">
      <Filter>Misc Files\src\js\component\modal</Filter>
    </Text>
    <Text Include="../../thirdparty/owemdjee/zotero-web-library/src/js/component/modal/move-collections.jsx">
      <Filter>Misc Files\src\js\component\modal</Filter>
    </Text>
    <Text Include="../../thirdparty/owemdjee/zotero-web-library/src/js/component/modal/new-collection.jsx">
      <Filter>Misc Files\src\js\component\modal</Filter>
    </Text>
    <Text Include="../../thirdparty/owemdjee/zotero-web-library/src/js/component/modal/new-file.jsx">
      <Filter>Misc Files\src\js\component\modal</Filter>
    </Text>
    <Text Include="../../thirdparty/owemdjee/zotero-web-library/src/js/component/modal/new-item.jsx">
      <Filter>Misc Files\src\js\component\modal</Filter>
    </Text>
    <Text Include="../../thirdparty/owemdjee/zotero-web-library/src/js/component/modal/rename-collection.jsx">
      <Filter>Misc Files\src\js\component\modal</Filter>
    </Text>
    <Text Include="../../thirdparty/owemdjee/zotero-web-library/src/js/component/modal/style-installer.jsx">
      <Filter>Misc Files\src\js\component\modal</Filter>
    </Text>
    <Text Include="../../thirdparty/owemdjee/zotero-web-library/src/js/component/ongoing.jsx">
      <Filter>Misc Files\src\js\component</Filter>
    </Text>
    <Text Include="../../thirdparty/owemdjee/zotero-web-library/src/js/component/reader.jsx">
      <Filter>Misc Files\src\js\component</Filter>
    </Text>
    <Text Include="../../thirdparty/owemdjee/zotero-web-library/src/js/component/rich-editor.jsx">
      <Filter>Misc Files\src\js\component</Filter>
    </Text>
    <Text Include="../../thirdparty/owemdjee/zotero-web-library/src/js/component/search-backdrop.jsx">
      <Filter>Misc Files\src\js\component</Filter>
    </Text>
    <Text Include="../../thirdparty/owemdjee/zotero-web-library/src/js/component/search.jsx">
      <Filter>Misc Files\src\js\component</Filter>
    </Text>
    <Text Include="../../thirdparty/owemdjee/zotero-web-library/src/js/component/stub.jsx">
      <Filter>Misc Files\src\js\component</Filter>
    </Text>
    <Text Include="../../thirdparty/owemdjee/zotero-web-library/src/js/component/style-selector.jsx">
      <Filter>Misc Files\src\js\component</Filter>
    </Text>
    <Text Include="../../thirdparty/owemdjee/zotero-web-library/src/js/component/tag-selector.jsx">
      <Filter>Misc Files\src\js\component</Filter>
    </Text>
    <Text Include="../../thirdparty/owemdjee/zotero-web-library/src/js/component/tag-selector/tag-color-manager.jsx">
      <Filter>Misc Files\src\js\component\tag-selector</Filter>
    </Text>
    <Text Include="../../thirdparty/owemdjee/zotero-web-library/src/js/component/tag-selector/tag-list.jsx">
      <Filter>Misc Files\src\js\component\tag-selector</Filter>
    </Text>
    <Text Include="../../thirdparty/owemdjee/zotero-web-library/src/js/component/tag-selector/tag-selector-items.jsx">
      <Filter>Misc Files\src\js\component\tag-selector</Filter>
    </Text>
    <Text Include="../../thirdparty/owemdjee/zotero-web-library/src/js/component/title-updater.jsx">
      <Filter>Misc Files\src\js\component</Filter>
    </Text>
    <Text Include="../../thirdparty/owemdjee/zotero-web-library/src/js/component/touch-drilldown.jsx">
      <Filter>Misc Files\src\js\component</Filter>
    </Text>
    <Text Include="../../thirdparty/owemdjee/zotero-web-library/src/js/component/touch-footer.jsx">
      <Filter>Misc Files\src\js\component</Filter>
    </Text>
    <Text Include="../../thirdparty/owemdjee/zotero-web-library/src/js/component/touch-header-wrap.jsx">
      <Filter>Misc Files\src\js\component</Filter>
    </Text>
    <Text Include="../../thirdparty/owemdjee/zotero-web-library/src/js/component/touch-header.jsx">
      <Filter>Misc Files\src\js\component</Filter>
    </Text>
    <Text Include="../../thirdparty/owemdjee/zotero-web-library/src/js/component/touch-header/collection-actions.jsx">
      <Filter>Misc Files\src\js\component\touch-header</Filter>
    </Text>
    <Text Include="../../thirdparty/owemdjee/zotero-web-library/src/js/component/touch-header/searchbar.jsx">
      <Filter>Misc Files\src\js\component\touch-header</Filter>
    </Text>
    <Text Include="../../thirdparty/owemdjee/zotero-web-library/src/js/component/touch-header/touch-navigation.jsx">
      <Filter>Misc Files\src\js\component\touch-header</Filter>
    </Text>
    <Text Include="../../thirdparty/owemdjee/zotero-web-library/src/js/component/touch-side-footer.jsx">
      <Filter>Misc Files\src\js\component</Filter>
    </Text>
    <Text Include="../../thirdparty/owemdjee/zotero-web-library/src/js/component/touch-tag-selector.jsx">
      <Filter>Misc Files\src\js\component</Filter>
    </Text>
    <Text Include="../../thirdparty/owemdjee/zotero-web-library/src/js/component/ui/button.jsx">
      <Filter>Misc Files\src\js\component\ui</Filter>
    </Text>
    <Text Include="../../thirdparty/owemdjee/zotero-web-library/src/js/component/ui/color-picker.jsx">
      <Filter>Misc Files\src\js\component\ui</Filter>
    </Text>
    <Text Include="../../thirdparty/owemdjee/zotero-web-library/src/js/component/ui/icon.jsx">
      <Filter>Misc Files\src\js\component\ui</Filter>
    </Text>
    <Text Include="../../thirdparty/owemdjee/zotero-web-library/src/js/component/ui/menu-entry-mobile.jsx">
      <Filter>Misc Files\src\js\component\ui</Filter>
    </Text>
    <Text Include="../../thirdparty/owemdjee/zotero-web-library/src/js/component/ui/menu-entry.jsx">
      <Filter>Misc Files\src\js\component\ui</Filter>
    </Text>
    <Text Include="../../thirdparty/owemdjee/zotero-web-library/src/js/component/ui/mobile-nav.jsx">
      <Filter>Misc Files\src\js\component\ui</Filter>
    </Text>
    <Text Include="../../thirdparty/owemdjee/zotero-web-library/src/js/component/ui/modal.jsx">
      <Filter>Misc Files\src\js\component\ui</Filter>
    </Text>
    <Text Include="../../thirdparty/owemdjee/zotero-web-library/src/js/component/ui/navbar.jsx">
      <Filter>Misc Files\src\js\component\ui</Filter>
    </Text>
    <Text Include="../../thirdparty/owemdjee/zotero-web-library/src/js/component/ui/panel.jsx">
      <Filter>Misc Files\src\js\component\ui</Filter>
    </Text>
    <Text Include="../../thirdparty/owemdjee/zotero-web-library/src/js/component/ui/select.jsx">
      <Filter>Misc Files\src\js\component\ui</Filter>
    </Text>
    <Text Include="../../thirdparty/owemdjee/zotero-web-library/src/js/component/ui/spinner.jsx">
      <Filter>Misc Files\src\js\component\ui</Filter>
    </Text>
    <Text Include="../../thirdparty/owemdjee/zotero-web-library/src/js/component/ui/tabs.jsx">
      <Filter>Misc Files\src\js\component\ui</Filter>
    </Text>
    <Text Include="../../thirdparty/owemdjee/zotero-web-library/src/js/component/ui/toolbars.jsx">
      <Filter>Misc Files\src\js\component\ui</Filter>
    </Text>
    <Text Include="../../thirdparty/owemdjee/zotero-web-library/src/js/component/user-type-detector.jsx">
      <Filter>Misc Files\src\js\component</Filter>
    </Text>
    <Text Include="../../thirdparty/owemdjee/zotero-web-library/src/js/component/viewport-detector.jsx">
      <Filter>Misc Files\src\js\component</Filter>
    </Text>
    <Text Include="../../thirdparty/owemdjee/zotero-web-library/src/js/component/zotero-connector-notifier.jsx">
      <Filter>Misc Files\src\js\component</Filter>
    </Text>
    <Text Include="../../thirdparty/owemdjee/zotero-web-library/src/js/component/zotero-streaming-client.js">
      <Filter>Misc Files\src\js\component</Filter>
    </Text>
    <Text Include="../../thirdparty/owemdjee/zotero-web-library/src/js/constants/actions.js">
      <Filter>Misc Files\src\js\constants</Filter>
    </Text>
    <Text Include="../../thirdparty/owemdjee/zotero-web-library/src/js/constants/color-names.js">
      <Filter>Misc Files\src\js\constants</Filter>
    </Text>
    <Text Include="../../thirdparty/owemdjee/zotero-web-library/src/js/constants/column-properties.js">
      <Filter>Misc Files\src\js\constants</Filter>
    </Text>
    <Text Include="../../thirdparty/owemdjee/zotero-web-library/src/js/constants/defaults.js">
      <Filter>Misc Files\src\js\constants</Filter>
    </Text>
    <Text Include="../../thirdparty/owemdjee/zotero-web-library/src/js/constants/dnd.js">
      <Filter>Misc Files\src\js\constants</Filter>
    </Text>
    <Text Include="../../thirdparty/owemdjee/zotero-web-library/src/js/constants/export-formats.js">
      <Filter>Misc Files\src\js\constants</Filter>
    </Text>
    <Text Include="../../thirdparty/owemdjee/zotero-web-library/src/js/constants/identifier-result-types.js">
      <Filter>Misc Files\src\js\constants</Filter>
    </Text>
    <Text Include="../../thirdparty/owemdjee/zotero-web-library/src/js/constants/item.js">
      <Filter>Misc Files\src\js\constants</Filter>
    </Text>
    <Text Include="../../thirdparty/owemdjee/zotero-web-library/src/js/constants/modals.js">
      <Filter>Misc Files\src\js\constants</Filter>
    </Text>
    <Text Include="../../thirdparty/owemdjee/zotero-web-library/src/js/constants/primary-item-types.js">
      <Filter>Misc Files\src\js\constants</Filter>
    </Text>
    <Text Include="../../thirdparty/owemdjee/zotero-web-library/src/js/embedded.jsx">
      <Filter>Misc Files\src\js</Filter>
    </Text>
    <Text Include="../../thirdparty/owemdjee/zotero-web-library/src/js/hooks/index.js">
      <Filter>Misc Files\src\js\hooks</Filter>
    </Text>
    <Text Include="../../thirdparty/owemdjee/zotero-web-library/src/js/hooks/state.js">
      <Filter>Misc Files\src\js\hooks</Filter>
    </Text>
    <Text Include="../../thirdparty/owemdjee/zotero-web-library/src/js/hooks/use-edit-mode.js">
      <Filter>Misc Files\src\js\hooks</Filter>
    </Text>
    <Text Include="../../thirdparty/owemdjee/zotero-web-library/src/js/hooks/use-fetching-state.js">
      <Filter>Misc Files\src\js\hooks</Filter>
    </Text>
    <Text Include="../../thirdparty/owemdjee/zotero-web-library/src/js/hooks/use-focus-manager.js">
      <Filter>Misc Files\src\js\hooks</Filter>
    </Text>
    <Text Include="../../thirdparty/owemdjee/zotero-web-library/src/js/hooks/use-force-update.js">
      <Filter>Misc Files\src\js\hooks</Filter>
    </Text>
    <Text Include="../../thirdparty/owemdjee/zotero-web-library/src/js/hooks/use-item-action-handlers.js">
      <Filter>Misc Files\src\js\hooks</Filter>
    </Text>
    <Text Include="../../thirdparty/owemdjee/zotero-web-library/src/js/hooks/use-items-count.js">
      <Filter>Misc Files\src\js\hooks</Filter>
    </Text>
    <Text Include="../../thirdparty/owemdjee/zotero-web-library/src/js/hooks/use-meta-state.js">
      <Filter>Misc Files\src\js\hooks</Filter>
    </Text>
    <Text Include="../../thirdparty/owemdjee/zotero-web-library/src/js/hooks/use-navigation-state.js">
      <Filter>Misc Files\src\js\hooks</Filter>
    </Text>
    <Text Include="../../thirdparty/owemdjee/zotero-web-library/src/js/init.jsx">
      <Filter>Misc Files\src\js</Filter>
    </Text>
    <Text Include="../../thirdparty/owemdjee/zotero-web-library/src/js/main.js">
      <Filter>Misc Files\src\js</Filter>
    </Text>
    <Text Include="../../thirdparty/owemdjee/zotero-web-library/src/js/reducers/config.js">
      <Filter>Misc Files\src\js\reducers</Filter>
    </Text>
    <Text Include="../../thirdparty/owemdjee/zotero-web-library/src/js/reducers/current.js">
      <Filter>Misc Files\src\js\reducers</Filter>
    </Text>
    <Text Include="../../thirdparty/owemdjee/zotero-web-library/src/js/reducers/device.js">
      <Filter>Misc Files\src\js\reducers</Filter>
    </Text>
    <Text Include="../../thirdparty/owemdjee/zotero-web-library/src/js/reducers/errors.js">
      <Filter>Misc Files\src\js\reducers</Filter>
    </Text>
    <Text Include="../../thirdparty/owemdjee/zotero-web-library/src/js/reducers/fetching.js">
      <Filter>Misc Files\src\js\reducers</Filter>
    </Text>
    <Text Include="../../thirdparty/owemdjee/zotero-web-library/src/js/reducers/groups.js">
      <Filter>Misc Files\src\js\reducers</Filter>
    </Text>
    <Text Include="../../thirdparty/owemdjee/zotero-web-library/src/js/reducers/identifier.js">
      <Filter>Misc Files\src\js\reducers</Filter>
    </Text>
    <Text Include="../../thirdparty/owemdjee/zotero-web-library/src/js/reducers/index.js">
      <Filter>Misc Files\src\js\reducers</Filter>
    </Text>
    <Text Include="../../thirdparty/owemdjee/zotero-web-library/src/js/reducers/items-publications.js">
      <Filter>Misc Files\src\js\reducers</Filter>
    </Text>
    <Text Include="../../thirdparty/owemdjee/zotero-web-library/src/js/reducers/libraries/attachments-export-pdf.js">
      <Filter>Misc Files\src\js\reducers\libraries</Filter>
    </Text>
    <Text Include="../../thirdparty/owemdjee/zotero-web-library/src/js/reducers/libraries/attachments-url.js">
      <Filter>Misc Files\src\js\reducers\libraries</Filter>
    </Text>
    <Text Include="../../thirdparty/owemdjee/zotero-web-library/src/js/reducers/libraries/collections.js">
      <Filter>Misc Files\src\js\reducers\libraries</Filter>
    </Text>
    <Text Include="../../thirdparty/owemdjee/zotero-web-library/src/js/reducers/libraries/deleting.js">
      <Filter>Misc Files\src\js\reducers\libraries</Filter>
    </Text>
    <Text Include="../../thirdparty/owemdjee/zotero-web-library/src/js/reducers/libraries/index.js">
      <Filter>Misc Files\src\js\reducers\libraries</Filter>
    </Text>
    <Text Include="../../thirdparty/owemdjee/zotero-web-library/src/js/reducers/libraries/items-by-collection.js">
      <Filter>Misc Files\src\js\reducers\libraries</Filter>
    </Text>
    <Text Include="../../thirdparty/owemdjee/zotero-web-library/src/js/reducers/libraries/items-by-parent.js">
      <Filter>Misc Files\src\js\reducers\libraries</Filter>
    </Text>
    <Text Include="../../thirdparty/owemdjee/zotero-web-library/src/js/reducers/libraries/items-related.js">
      <Filter>Misc Files\src\js\reducers\libraries</Filter>
    </Text>
    <Text Include="../../thirdparty/owemdjee/zotero-web-library/src/js/reducers/libraries/items-top.js">
      <Filter>Misc Files\src\js\reducers\libraries</Filter>
    </Text>
    <Text Include="../../thirdparty/owemdjee/zotero-web-library/src/js/reducers/libraries/items-trash.js">
      <Filter>Misc Files\src\js\reducers\libraries</Filter>
    </Text>
    <Text Include="../../thirdparty/owemdjee/zotero-web-library/src/js/reducers/libraries/items.js">
      <Filter>Misc Files\src\js\reducers\libraries</Filter>
    </Text>
    <Text Include="../../thirdparty/owemdjee/zotero-web-library/src/js/reducers/libraries/settings.js">
      <Filter>Misc Files\src\js\reducers\libraries</Filter>
    </Text>
    <Text Include="../../thirdparty/owemdjee/zotero-web-library/src/js/reducers/libraries/sync.js">
      <Filter>Misc Files\src\js\reducers\libraries</Filter>
    </Text>
    <Text Include="../../thirdparty/owemdjee/zotero-web-library/src/js/reducers/libraries/tag-colors.js">
      <Filter>Misc Files\src\js\reducers\libraries</Filter>
    </Text>
    <Text Include="../../thirdparty/owemdjee/zotero-web-library/src/js/reducers/libraries/tags-by-collection.js">
      <Filter>Misc Files\src\js\reducers\libraries</Filter>
    </Text>
    <Text Include="../../thirdparty/owemdjee/zotero-web-library/src/js/reducers/libraries/tags-in-library.js">
      <Filter>Misc Files\src\js\reducers\libraries</Filter>
    </Text>
    <Text Include="../../thirdparty/owemdjee/zotero-web-library/src/js/reducers/libraries/tags-in-publications-items.js">
      <Filter>Misc Files\src\js\reducers\libraries</Filter>
    </Text>
    <Text Include="../../thirdparty/owemdjee/zotero-web-library/src/js/reducers/libraries/tags-in-trash-items.js">
      <Filter>Misc Files\src\js\reducers\libraries</Filter>
    </Text>
    <Text Include="../../thirdparty/owemdjee/zotero-web-library/src/js/reducers/libraries/tags-top.js">
      <Filter>Misc Files\src\js\reducers\libraries</Filter>
    </Text>
    <Text Include="../../thirdparty/owemdjee/zotero-web-library/src/js/reducers/libraries/updating.js">
      <Filter>Misc Files\src\js\reducers\libraries</Filter>
    </Text>
    <Text Include="../../thirdparty/owemdjee/zotero-web-library/src/js/reducers/meta.js">
      <Filter>Misc Files\src\js\reducers</Filter>
    </Text>
    <Text Include="../../thirdparty/owemdjee/zotero-web-library/src/js/reducers/modal.js">
      <Filter>Misc Files\src\js\reducers</Filter>
    </Text>
    <Text Include="../../thirdparty/owemdjee/zotero-web-library/src/js/reducers/ongoing.js">
      <Filter>Misc Files\src\js\reducers</Filter>
    </Text>
    <Text Include="../../thirdparty/owemdjee/zotero-web-library/src/js/reducers/preferences.js">
      <Filter>Misc Files\src\js\reducers</Filter>
    </Text>
    <Text Include="../../thirdparty/owemdjee/zotero-web-library/src/js/reducers/query.js">
      <Filter>Misc Files\src\js\reducers</Filter>
    </Text>
    <Text Include="../../thirdparty/owemdjee/zotero-web-library/src/js/reducers/sources.js">
      <Filter>Misc Files\src\js\reducers</Filter>
    </Text>
    <Text Include="../../thirdparty/owemdjee/zotero-web-library/src/js/reducers/styles.js">
      <Filter>Misc Files\src\js\reducers</Filter>
    </Text>
    <Text Include="../../thirdparty/owemdjee/zotero-web-library/src/js/reducers/traffic.js">
      <Filter>Misc Files\src\js\reducers</Filter>
    </Text>
    <Text Include="../../thirdparty/owemdjee/zotero-web-library/src/js/routes.js">
      <Filter>Misc Files\src\js</Filter>
    </Text>
    <Text Include="../../thirdparty/owemdjee/zotero-web-library/src/js/style-search.worker.js">
      <Filter>Misc Files\src\js</Filter>
    </Text>
    <Text Include="../../thirdparty/owemdjee/zotero-web-library/src/js/types.js">
      <Filter>Misc Files\src\js</Filter>
    </Text>
    <Text Include="../../thirdparty/owemdjee/zotero-web-library/src/js/utils.js">
      <Filter>Misc Files\src\js</Filter>
    </Text>
    <Text Include="../../thirdparty/owemdjee/zotero-web-library/src/js/wdyr.js">
      <Filter>Misc Files\src\js</Filter>
    </Text>
    <Text Include="../../thirdparty/owemdjee/zotero-web-library/src/scss/abstracts/_functions.scss">
      <Filter>Misc Files\src\scss\abstracts</Filter>
    </Text>
    <Text Include="../../thirdparty/owemdjee/zotero-web-library/src/scss/abstracts/_mixins.scss">
      <Filter>Misc Files\src\scss\abstracts</Filter>
    </Text>
    <Text Include="../../thirdparty/owemdjee/zotero-web-library/src/scss/abstracts/_placeholders.scss">
      <Filter>Misc Files\src\scss\abstracts</Filter>
    </Text>
    <Text Include="../../thirdparty/owemdjee/zotero-web-library/src/scss/abstracts/_utilities.scss">
      <Filter>Misc Files\src\scss\abstracts</Filter>
    </Text>
    <Text Include="../../thirdparty/owemdjee/zotero-web-library/src/scss/abstracts/_variables.scss">
      <Filter>Misc Files\src\scss\abstracts</Filter>
    </Text>
    <Text Include="../../thirdparty/owemdjee/zotero-web-library/src/scss/abstracts/functions/_asset-url.scss">
      <Filter>Misc Files\src\scss\abstracts\functions</Filter>
    </Text>
    <Text Include="../../thirdparty/owemdjee/zotero-web-library/src/scss/abstracts/functions/_breakpoints.scss">
      <Filter>Misc Files\src\scss\abstracts\functions</Filter>
    </Text>
    <Text Include="../../thirdparty/owemdjee/zotero-web-library/src/scss/abstracts/functions/_color.scss">
      <Filter>Misc Files\src\scss\abstracts\functions</Filter>
    </Text>
    <Text Include="../../thirdparty/owemdjee/zotero-web-library/src/scss/abstracts/functions/_lists.scss">
      <Filter>Misc Files\src\scss\abstracts\functions</Filter>
    </Text>
    <Text Include="../../thirdparty/owemdjee/zotero-web-library/src/scss/abstracts/functions/_strings.scss">
      <Filter>Misc Files\src\scss\abstracts\functions</Filter>
    </Text>
    <Text Include="../../thirdparty/owemdjee/zotero-web-library/src/scss/abstracts/mixins/_breakpoints.scss">
      <Filter>Misc Files\src\scss\abstracts\mixins</Filter>
    </Text>
    <Text Include="../../thirdparty/owemdjee/zotero-web-library/src/scss/abstracts/mixins/_button.scss">
      <Filter>Misc Files\src\scss\abstracts\mixins</Filter>
    </Text>
    <Text Include="../../thirdparty/owemdjee/zotero-web-library/src/scss/abstracts/mixins/_dnd-target.scss">
      <Filter>Misc Files\src\scss\abstracts\mixins</Filter>
    </Text>
    <Text Include="../../thirdparty/owemdjee/zotero-web-library/src/scss/abstracts/mixins/_hairline.scss">
      <Filter>Misc Files\src\scss\abstracts\mixins</Filter>
    </Text>
    <Text Include="../../thirdparty/owemdjee/zotero-web-library/src/scss/abstracts/mixins/_same.scss">
      <Filter>Misc Files\src\scss\abstracts\mixins</Filter>
    </Text>
    <Text Include="../../thirdparty/owemdjee/zotero-web-library/src/scss/abstracts/mixins/_selectors.scss">
      <Filter>Misc Files\src\scss\abstracts\mixins</Filter>
    </Text>
    <Text Include="../../thirdparty/owemdjee/zotero-web-library/src/scss/abstracts/mixins/_utilities.scss">
      <Filter>Misc Files\src\scss\abstracts\mixins</Filter>
    </Text>
    <Text Include="../../thirdparty/owemdjee/zotero-web-library/src/scss/abstracts/utilities/_flex.scss">
      <Filter>Misc Files\src\scss\abstracts\utilities</Filter>
    </Text>
    <Text Include="../../thirdparty/owemdjee/zotero-web-library/src/scss/abstracts/utilities/_text.scss">
      <Filter>Misc Files\src\scss\abstracts\utilities</Filter>
    </Text>
    <Text Include="../../thirdparty/owemdjee/zotero-web-library/src/scss/abstracts/utilities/_visibility.scss">
      <Filter>Misc Files\src\scss\abstracts\utilities</Filter>
    </Text>
    <Text Include="../../thirdparty/owemdjee/zotero-web-library/src/scss/base/_base.scss">
      <Filter>Misc Files\src\scss\base</Filter>
    </Text>
    <Text Include="../../thirdparty/owemdjee/zotero-web-library/src/scss/base/_fonts.scss">
      <Filter>Misc Files\src\scss\base</Filter>
    </Text>
    <Text Include="../../thirdparty/owemdjee/zotero-web-library/src/scss/base/_normalize.scss">
      <Filter>Misc Files\src\scss\base</Filter>
    </Text>
    <Text Include="../../thirdparty/owemdjee/zotero-web-library/src/scss/base/_type.scss">
      <Filter>Misc Files\src\scss\base</Filter>
    </Text>
    <Text Include="../../thirdparty/owemdjee/zotero-web-library/src/scss/components/_auto-resizer.scss">
      <Filter>Misc Files\src\scss\components</Filter>
    </Text>
    <Text Include="../../thirdparty/owemdjee/zotero-web-library/src/scss/components/_bibliography.scss">
      <Filter>Misc Files\src\scss\components</Filter>
    </Text>
    <Text Include="../../thirdparty/owemdjee/zotero-web-library/src/scss/components/_button.scss">
      <Filter>Misc Files\src\scss\components</Filter>
    </Text>
    <Text Include="../../thirdparty/owemdjee/zotero-web-library/src/scss/components/_collection-tree.scss">
      <Filter>Misc Files\src\scss\components</Filter>
    </Text>
    <Text Include="../../thirdparty/owemdjee/zotero-web-library/src/scss/components/_color-picker.scss">
      <Filter>Misc Files\src\scss\components</Filter>
    </Text>
    <Text Include="../../thirdparty/owemdjee/zotero-web-library/src/scss/components/_crash-handler.scss">
      <Filter>Misc Files\src\scss\components</Filter>
    </Text>
    <Text Include="../../thirdparty/owemdjee/zotero-web-library/src/scss/components/_drag-layer.scss">
      <Filter>Misc Files\src\scss\components</Filter>
    </Text>
    <Text Include="../../thirdparty/owemdjee/zotero-web-library/src/scss/components/_dropdown.scss">
      <Filter>Misc Files\src\scss\components</Filter>
    </Text>
    <Text Include="../../thirdparty/owemdjee/zotero-web-library/src/scss/components/_dropzone.scss">
      <Filter>Misc Files\src\scss\components</Filter>
    </Text>
    <Text Include="../../thirdparty/owemdjee/zotero-web-library/src/scss/components/_editable.scss">
      <Filter>Misc Files\src\scss\components</Filter>
    </Text>
    <Text Include="../../thirdparty/owemdjee/zotero-web-library/src/scss/components/_icon.scss">
      <Filter>Misc Files\src\scss\components</Filter>
    </Text>
    <Text Include="../../thirdparty/owemdjee/zotero-web-library/src/scss/components/_library.scss">
      <Filter>Misc Files\src\scss\components</Filter>
    </Text>
    <Text Include="../../thirdparty/owemdjee/zotero-web-library/src/scss/components/_messages.scss">
      <Filter>Misc Files\src\scss\components</Filter>
    </Text>
    <Text Include="../../thirdparty/owemdjee/zotero-web-library/src/scss/components/_nav-sidebar.scss">
      <Filter>Misc Files\src\scss\components</Filter>
    </Text>
    <Text Include="../../thirdparty/owemdjee/zotero-web-library/src/scss/components/_navbar.scss">
      <Filter>Misc Files\src\scss\components</Filter>
    </Text>
    <Text Include="../../thirdparty/owemdjee/zotero-web-library/src/scss/components/_new-item-selector.scss">
      <Filter>Misc Files\src\scss\components</Filter>
    </Text>
    <Text Include="../../thirdparty/owemdjee/zotero-web-library/src/scss/components/_ongoing.scss">
      <Filter>Misc Files\src\scss\components</Filter>
    </Text>
    <Text Include="../../thirdparty/owemdjee/zotero-web-library/src/scss/components/_panel.scss">
      <Filter>Misc Files\src\scss\components</Filter>
    </Text>
    <Text Include="../../thirdparty/owemdjee/zotero-web-library/src/scss/components/_popover.scss">
      <Filter>Misc Files\src\scss\components</Filter>
    </Text>
    <Text Include="../../thirdparty/owemdjee/zotero-web-library/src/scss/components/_reader.scss">
      <Filter>Misc Files\src\scss\components</Filter>
    </Text>
    <Text Include="../../thirdparty/owemdjee/zotero-web-library/src/scss/components/_rich-editor.scss">
      <Filter>Misc Files\src\scss\components</Filter>
    </Text>
    <Text Include="../../thirdparty/owemdjee/zotero-web-library/src/scss/components/_search.scss">
      <Filter>Misc Files\src\scss\components</Filter>
    </Text>
    <Text Include="../../thirdparty/owemdjee/zotero-web-library/src/scss/components/_searchbar.scss">
      <Filter>Misc Files\src\scss\components</Filter>
    </Text>
    <Text Include="../../thirdparty/owemdjee/zotero-web-library/src/scss/components/_select.scss">
      <Filter>Misc Files\src\scss\components</Filter>
    </Text>
    <Text Include="../../thirdparty/owemdjee/zotero-web-library/src/scss/components/_tabs.scss">
      <Filter>Misc Files\src\scss\components</Filter>
    </Text>
    <Text Include="../../thirdparty/owemdjee/zotero-web-library/src/scss/components/_toolbar.scss">
      <Filter>Misc Files\src\scss\components</Filter>
    </Text>
    <Text Include="../../thirdparty/owemdjee/zotero-web-library/src/scss/components/_touch-footer.scss">
      <Filter>Misc Files\src\scss\components</Filter>
    </Text>
    <Text Include="../../thirdparty/owemdjee/zotero-web-library/src/scss/components/_touch-header.scss">
      <Filter>Misc Files\src\scss\components</Filter>
    </Text>
    <Text Include="../../thirdparty/owemdjee/zotero-web-library/src/scss/components/_touch-nav.scss">
      <Filter>Misc Files\src\scss\components</Filter>
    </Text>
    <Text Include="../../thirdparty/owemdjee/zotero-web-library/src/scss/components/attachment/_list.scss">
      <Filter>Misc Files\src\scss\components\attachment</Filter>
    </Text>
    <Text Include="../../thirdparty/owemdjee/zotero-web-library/src/scss/components/attachment/_pane.scss">
      <Filter>Misc Files\src\scss\components\attachment</Filter>
    </Text>
    <Text Include="../../thirdparty/owemdjee/zotero-web-library/src/scss/components/item/_details.scss">
      <Filter>Misc Files\src\scss\components\item</Filter>
    </Text>
    <Text Include="../../thirdparty/owemdjee/zotero-web-library/src/scss/components/item/_drilldown.scss">
      <Filter>Misc Files\src\scss\components\item</Filter>
    </Text>
    <Text Include="../../thirdparty/owemdjee/zotero-web-library/src/scss/components/item/_list.scss">
      <Filter>Misc Files\src\scss\components\item</Filter>
    </Text>
    <Text Include="../../thirdparty/owemdjee/zotero-web-library/src/scss/components/item/_table.scss">
      <Filter>Misc Files\src\scss\components\item</Filter>
    </Text>
    <Text Include="../../thirdparty/owemdjee/zotero-web-library/src/scss/components/metadata/_abstract.scss">
      <Filter>Misc Files\src\scss\components\metadata</Filter>
    </Text>
    <Text Include="../../thirdparty/owemdjee/zotero-web-library/src/scss/components/metadata/_creators.scss">
      <Filter>Misc Files\src\scss\components\metadata</Filter>
    </Text>
    <Text Include="../../thirdparty/owemdjee/zotero-web-library/src/scss/components/metadata/_list.scss">
      <Filter>Misc Files\src\scss\components\metadata</Filter>
    </Text>
    <Text Include="../../thirdparty/owemdjee/zotero-web-library/src/scss/components/metadata/_pane.scss">
      <Filter>Misc Files\src\scss\components\metadata</Filter>
    </Text>
    <Text Include="../../thirdparty/owemdjee/zotero-web-library/src/scss/components/metadata/_title.scss">
      <Filter>Misc Files\src\scss\components\metadata</Filter>
    </Text>
    <Text Include="../../thirdparty/owemdjee/zotero-web-library/src/scss/components/modal/_bibliography.scss">
      <Filter>Misc Files\src\scss\components\modal</Filter>
    </Text>
    <Text Include="../../thirdparty/owemdjee/zotero-web-library/src/scss/components/modal/_collection-select.scss">
      <Filter>Misc Files\src\scss\components\modal</Filter>
    </Text>
    <Text Include="../../thirdparty/owemdjee/zotero-web-library/src/scss/components/modal/_identifier-picker.scss">
      <Filter>Misc Files\src\scss\components\modal</Filter>
    </Text>
    <Text Include="../../thirdparty/owemdjee/zotero-web-library/src/scss/components/modal/_manage-tags.scss">
      <Filter>Misc Files\src\scss\components\modal</Filter>
    </Text>
    <Text Include="../../thirdparty/owemdjee/zotero-web-library/src/scss/components/modal/_note.scss">
      <Filter>Misc Files\src\scss\components\modal</Filter>
    </Text>
    <Text Include="../../thirdparty/owemdjee/zotero-web-library/src/scss/components/modal/_react-modal.scss">
      <Filter>Misc Files\src\scss\components\modal</Filter>
    </Text>
    <Text Include="../../thirdparty/owemdjee/zotero-web-library/src/scss/components/modal/_style-installer.scss">
      <Filter>Misc Files\src\scss\components\modal</Filter>
    </Text>
    <Text Include="../../thirdparty/owemdjee/zotero-web-library/src/scss/components/note/_list.scss">
      <Filter>Misc Files\src\scss\components\note</Filter>
    </Text>
    <Text Include="../../thirdparty/owemdjee/zotero-web-library/src/scss/components/note/_pane.scss">
      <Filter>Misc Files\src\scss\components\note</Filter>
    </Text>
    <Text Include="../../thirdparty/owemdjee/zotero-web-library/src/scss/components/related/_list.scss">
      <Filter>Misc Files\src\scss\components\related</Filter>
    </Text>
    <Text Include="../../thirdparty/owemdjee/zotero-web-library/src/scss/components/tag/_list.scss">
      <Filter>Misc Files\src\scss\components\tag</Filter>
    </Text>
    <Text Include="../../thirdparty/owemdjee/zotero-web-library/src/scss/components/tag/_pane.scss">
      <Filter>Misc Files\src\scss\components\tag</Filter>
    </Text>
    <Text Include="../../thirdparty/owemdjee/zotero-web-library/src/scss/components/tag/_selector.scss">
      <Filter>Misc Files\src\scss\components\tag</Filter>
    </Text>
    <Text Include="../../thirdparty/owemdjee/zotero-web-library/src/scss/components/tag/_tag-color-manager.scss">
      <Filter>Misc Files\src\scss\components\tag</Filter>
    </Text>
    <Text Include="../../thirdparty/owemdjee/zotero-web-library/src/scss/components/tag/_touch-selector.scss">
      <Filter>Misc Files\src\scss\components\tag</Filter>
    </Text>
    <Text Include="../../thirdparty/owemdjee/zotero-web-library/src/scss/embedded/_base.scss">
      <Filter>Misc Files\src\scss\embedded</Filter>
    </Text>
    <Text Include="../../thirdparty/owemdjee/zotero-web-library/src/scss/embedded/_footer.scss">
      <Filter>Misc Files\src\scss\embedded</Filter>
    </Text>
    <Text Include="../../thirdparty/owemdjee/zotero-web-library/src/scss/embedded/_header.scss">
      <Filter>Misc Files\src\scss\embedded</Filter>
    </Text>
    <Text Include="../../thirdparty/owemdjee/zotero-web-library/src/scss/embedded/_libraries-tree.scss">
      <Filter>Misc Files\src\scss\embedded</Filter>
    </Text>
    <Text Include="../../thirdparty/owemdjee/zotero-web-library/src/scss/embedded/_library.scss">
      <Filter>Misc Files\src\scss\embedded</Filter>
    </Text>
    <Text Include="../../thirdparty/owemdjee/zotero-web-library/src/scss/embedded/_normalize.scss">
      <Filter>Misc Files\src\scss\embedded</Filter>
    </Text>
    <Text Include="../../thirdparty/owemdjee/zotero-web-library/src/scss/embedded/_overrides.scss">
      <Filter>Misc Files\src\scss\embedded</Filter>
    </Text>
    <Text Include="../../thirdparty/owemdjee/zotero-web-library/src/scss/embedded/_type.scss">
      <Filter>Misc Files\src\scss\embedded</Filter>
    </Text>
    <Text Include="../../thirdparty/owemdjee/zotero-web-library/src/scss/partials/_badge.scss">
      <Filter>Misc Files\src\scss\partials</Filter>
    </Text>
    <Text Include="../../thirdparty/owemdjee/zotero-web-library/src/scss/partials/_common.scss">
      <Filter>Misc Files\src\scss\partials</Filter>
    </Text>
    <Text Include="../../thirdparty/owemdjee/zotero-web-library/src/scss/partials/_details-list.scss">
      <Filter>Misc Files\src\scss\partials</Filter>
    </Text>
    <Text Include="../../thirdparty/owemdjee/zotero-web-library/src/scss/partials/_focus.scss">
      <Filter>Misc Files\src\scss\partials</Filter>
    </Text>
    <Text Include="../../thirdparty/owemdjee/zotero-web-library/src/scss/partials/_forms.scss">
      <Filter>Misc Files\src\scss\partials</Filter>
    </Text>
    <Text Include="../../thirdparty/owemdjee/zotero-web-library/src/scss/partials/_grid.scss">
      <Filter>Misc Files\src\scss\partials</Filter>
    </Text>
    <Text Include="../../thirdparty/owemdjee/zotero-web-library/src/scss/partials/_inline-feedback.scss">
      <Filter>Misc Files\src\scss\partials</Filter>
    </Text>
    <Text Include="../../thirdparty/owemdjee/zotero-web-library/src/scss/partials/_loading-cover.scss">
      <Filter>Misc Files\src\scss\partials</Filter>
    </Text>
    <Text Include="../../thirdparty/owemdjee/zotero-web-library/src/scss/partials/_navs.scss">
      <Filter>Misc Files\src\scss\partials</Filter>
    </Text>
    <Text Include="../../thirdparty/owemdjee/zotero-web-library/src/scss/partials/_scroll-container.scss">
      <Filter>Misc Files\src\scss\partials</Filter>
    </Text>
    <Text Include="../../thirdparty/owemdjee/zotero-web-library/src/scss/partials/_scrollbar.scss">
      <Filter>Misc Files\src\scss\partials</Filter>
    </Text>
    <Text Include="../../thirdparty/owemdjee/zotero-web-library/src/scss/partials/_sidebar.scss">
      <Filter>Misc Files\src\scss\partials</Filter>
    </Text>
    <Text Include="../../thirdparty/owemdjee/zotero-web-library/src/scss/partials/_transitions.scss">
      <Filter>Misc Files\src\scss\partials</Filter>
    </Text>
    <Text Include="../../thirdparty/owemdjee/zotero-web-library/src/scss/themes/_light.scss">
      <Filter>Misc Files\src\scss\themes</Filter>
    </Text>
    <Text Include="../../thirdparty/owemdjee/zotero-web-library/src/scss/tinymce-content.scss">
      <Filter>Misc Files\src\scss</Filter>
    </Text>
    <Text Include="../../thirdparty/owemdjee/zotero-web-library/src/scss/zotero-web-library-embedded.scss">
      <Filter>Misc Files\src\scss</Filter>
    </Text>
    <Text Include="../../thirdparty/owemdjee/zotero-web-library/src/scss/zotero-web-library.scss">
      <Filter>Misc Files\src\scss</Filter>
    </Text>
    <Text Include="../../thirdparty/owemdjee/zotero-web-library/test/common/state.spec.js">
      <Filter>Misc Files\test\common</Filter>
    </Text>
    <Text Include="../../thirdparty/owemdjee/zotero-web-library/test/fixtures/collections.json">
      <Filter>Misc Files\test\fixtures</Filter>
    </Text>
    <Text Include="../../thirdparty/owemdjee/zotero-web-library/test/fixtures/fields-document.json">
      <Filter>Misc Files\test\fixtures</Filter>
    </Text>
    <Text Include="../../thirdparty/owemdjee/zotero-web-library/test/fixtures/item-types-creator-types.json">
      <Filter>Misc Files\test\fixtures</Filter>
    </Text>
    <Text Include="../../thirdparty/owemdjee/zotero-web-library/test/fixtures/item-types-fields.json">
      <Filter>Misc Files\test\fixtures</Filter>
    </Text>
    <Text Include="../../thirdparty/owemdjee/zotero-web-library/test/fixtures/items-top.json">
      <Filter>Misc Files\test\fixtures</Filter>
    </Text>
    <Text Include="../../thirdparty/owemdjee/zotero-web-library/test/fixtures/items.json">
      <Filter>Misc Files\test\fixtures</Filter>
    </Text>
    <Text Include="../../thirdparty/owemdjee/zotero-web-library/test/fixtures/settings.json">
      <Filter>Misc Files\test\fixtures</Filter>
    </Text>
    <Text Include="../../thirdparty/owemdjee/zotero-web-library/test/fixtures/state.json">
      <Filter>Misc Files\test\fixtures</Filter>
    </Text>
    <Text Include="../../thirdparty/owemdjee/zotero-web-library/test/fixtures/tags-response.json">
      <Filter>Misc Files\test\fixtures</Filter>
    </Text>
    <Text Include="../../thirdparty/owemdjee/zotero-web-library/test/fixtures/tags.json">
      <Filter>Misc Files\test\fixtures</Filter>
    </Text>
    <Text Include="../../thirdparty/owemdjee/zotero-web-library/test/helper/cede.js">
      <Filter>Misc Files\test\helper</Filter>
    </Text>
    <Text Include="../../thirdparty/owemdjee/zotero-web-library/test/helper/fake-store.js">
      <Filter>Misc Files\test\helper</Filter>
    </Text>
    <Text Include="../../thirdparty/owemdjee/zotero-web-library/test/redux/action-creators.spec.js">
      <Filter>Misc Files\test\redux</Filter>
    </Text>
    <Text Include="../../thirdparty/owemdjee/zotero-web-library/test/redux/reducers.spec.js">
      <Filter>Misc Files\test\redux</Filter>
    </Text>
    <Text Include="../../thirdparty/owemdjee/zotero-web-library/test/support/env.cjs">
      <Filter>Misc Files\test\support</Filter>
    </Text>
    <Text Include="../../thirdparty/owemdjee/zotero-web-library/test/support/enzyme.cjs">
      <Filter>Misc Files\test\support</Filter>
    </Text>
    <Text Include="../../thirdparty/owemdjee/zotero-web-library/test/support/local-storage.cjs">
      <Filter>Misc Files\test\support</Filter>
    </Text>
  </ItemGroup>
</Project>
